
Microsoft Visual Studio Solution File, Format Version 12.00
# Visual Studio Version 16
VisualStudioVersion = 16.0.30413.136
MinimumVisualStudioVersion = 10.0.40219.1
Project("{8BC9CEB8-8B4A-11D0-8D11-00A0C91BC942}") = "test.system.win", "tests\test.system.win.vcxproj", "{C7EAFC1C-9CFD-4C25-8AE9-C1373DD5DF35}"
EndProject
Project("{2150E333-8FDC-42A3-9474-1A3956D46DE8}") = "w_net", "w_net", "{4092C134-C22A-4916-86C3-2FF315902485}"
EndProject
Project("{2150E333-8FDC-42A3-9474-1A3956D46DE8}") = "wolf.system", "wolf.system", "{E578A05D-8BC9-4F04-A626-078C76310464}"
EndProject
Project("{8BC9CEB8-8B4A-11D0-8D11-00A0C91BC942}") = "test.quic.client.win", "tests\w_net\quic\test.quic.client.win.vcxproj", "{A0FD08A3-5AC3-4905-B6BA-CBD0337551AC}"
EndProject
Project("{8BC9CEB8-8B4A-11D0-8D11-00A0C91BC942}") = "test.quic.server.win", "tests\w_net\quic\test.quic.server.win.vcxproj", "{D519D1D6-E188-48C7-A0ED-1E2F156D0091}"
EndProject
Project("{2150E333-8FDC-42A3-9474-1A3956D46DE8}") = "quic", "quic", "{5AA49F02-1150-45B5-83BB-4ADCA26A53C1}"
EndProject
Project("{2150E333-8FDC-42A3-9474-1A3956D46DE8}") = "tcp-udp", "tcp-udp", "{BFE6DF2F-4A64-49EB-B34A-A8EFAB9CBB4A}"
EndProject
Project("{8BC9CEB8-8B4A-11D0-8D11-00A0C91BC942}") = "test.tcp-udp.server.win", "tests\w_net\tcp-udp\test.tcp-udp.server.win.vcxproj", "{CD7A05DA-4262-4ED8-9A9D-F7DC085162C3}"
EndProject
Project("{8BC9CEB8-8B4A-11D0-8D11-00A0C91BC942}") = "test.tcp-udp.client.win", "tests\w_net\tcp-udp\test.tcp-udp.client.win.vcxproj", "{F76F798F-390E-4259-8FDD-6A76B496D643}"
EndProject
Project("{8BC9CEB8-8B4A-11D0-8D11-00A0C91BC942}") = "test_activemq_producer", "test_activemq_producer\test_activemq_producer.vcxproj", "{0A02D742-272A-4963-B3D3-D6D9E2AC9122}"
EndProject
Project("{8BC9CEB8-8B4A-11D0-8D11-00A0C91BC942}") = "test_activemq_consumer", "test_activemq_consumer\test_activemq_consumer.vcxproj", "{BD5A0151-65AE-4E97-A043-1C7EDC4F74A7}"
EndProject
Global
	GlobalSection(SolutionConfigurationPlatforms) = preSolution
		Debug|ARM = Debug|ARM
		Debug|ARM64 = Debug|ARM64
		Debug|x64 = Debug|x64
		Debug|x86 = Debug|x86
		Release|ARM = Release|ARM
		Release|ARM64 = Release|ARM64
		Release|x64 = Release|x64
		Release|x86 = Release|x86
	EndGlobalSection
	GlobalSection(ProjectConfigurationPlatforms) = postSolution
		{C7EAFC1C-9CFD-4C25-8AE9-C1373DD5DF35}.Debug|ARM.ActiveCfg = Debug|Win32
		{C7EAFC1C-9CFD-4C25-8AE9-C1373DD5DF35}.Debug|ARM64.ActiveCfg = Debug|Win32
		{C7EAFC1C-9CFD-4C25-8AE9-C1373DD5DF35}.Debug|x64.ActiveCfg = Debug|x64
		{C7EAFC1C-9CFD-4C25-8AE9-C1373DD5DF35}.Debug|x64.Build.0 = Debug|x64
		{C7EAFC1C-9CFD-4C25-8AE9-C1373DD5DF35}.Debug|x86.ActiveCfg = Debug|Win32
		{C7EAFC1C-9CFD-4C25-8AE9-C1373DD5DF35}.Debug|x86.Build.0 = Debug|Win32
		{C7EAFC1C-9CFD-4C25-8AE9-C1373DD5DF35}.Release|ARM.ActiveCfg = Release|Win32
		{C7EAFC1C-9CFD-4C25-8AE9-C1373DD5DF35}.Release|ARM64.ActiveCfg = Release|Win32
		{C7EAFC1C-9CFD-4C25-8AE9-C1373DD5DF35}.Release|x64.ActiveCfg = Release|x64
		{C7EAFC1C-9CFD-4C25-8AE9-C1373DD5DF35}.Release|x64.Build.0 = Release|x64
		{C7EAFC1C-9CFD-4C25-8AE9-C1373DD5DF35}.Release|x86.ActiveCfg = Release|Win32
		{C7EAFC1C-9CFD-4C25-8AE9-C1373DD5DF35}.Release|x86.Build.0 = Release|Win32
		{A0FD08A3-5AC3-4905-B6BA-CBD0337551AC}.Debug|ARM.ActiveCfg = Debug|Win32
		{A0FD08A3-5AC3-4905-B6BA-CBD0337551AC}.Debug|ARM64.ActiveCfg = Debug|Win32
		{A0FD08A3-5AC3-4905-B6BA-CBD0337551AC}.Debug|x64.ActiveCfg = Debug|x64
		{A0FD08A3-5AC3-4905-B6BA-CBD0337551AC}.Debug|x64.Build.0 = Debug|x64
		{A0FD08A3-5AC3-4905-B6BA-CBD0337551AC}.Debug|x86.ActiveCfg = Debug|Win32
		{A0FD08A3-5AC3-4905-B6BA-CBD0337551AC}.Debug|x86.Build.0 = Debug|Win32
		{A0FD08A3-5AC3-4905-B6BA-CBD0337551AC}.Release|ARM.ActiveCfg = Release|Win32
		{A0FD08A3-5AC3-4905-B6BA-CBD0337551AC}.Release|ARM64.ActiveCfg = Release|Win32
		{A0FD08A3-5AC3-4905-B6BA-CBD0337551AC}.Release|x64.ActiveCfg = Release|x64
		{A0FD08A3-5AC3-4905-B6BA-CBD0337551AC}.Release|x64.Build.0 = Release|x64
		{A0FD08A3-5AC3-4905-B6BA-CBD0337551AC}.Release|x86.ActiveCfg = Release|Win32
		{A0FD08A3-5AC3-4905-B6BA-CBD0337551AC}.Release|x86.Build.0 = Release|Win32
		{D519D1D6-E188-48C7-A0ED-1E2F156D0091}.Debug|ARM.ActiveCfg = Debug|Win32
		{D519D1D6-E188-48C7-A0ED-1E2F156D0091}.Debug|ARM64.ActiveCfg = Debug|Win32
		{D519D1D6-E188-48C7-A0ED-1E2F156D0091}.Debug|x64.ActiveCfg = Debug|x64
		{D519D1D6-E188-48C7-A0ED-1E2F156D0091}.Debug|x64.Build.0 = Debug|x64
		{D519D1D6-E188-48C7-A0ED-1E2F156D0091}.Debug|x86.ActiveCfg = Debug|Win32
		{D519D1D6-E188-48C7-A0ED-1E2F156D0091}.Debug|x86.Build.0 = Debug|Win32
		{D519D1D6-E188-48C7-A0ED-1E2F156D0091}.Release|ARM.ActiveCfg = Release|Win32
		{D519D1D6-E188-48C7-A0ED-1E2F156D0091}.Release|ARM64.ActiveCfg = Release|Win32
		{D519D1D6-E188-48C7-A0ED-1E2F156D0091}.Release|x64.ActiveCfg = Release|x64
		{D519D1D6-E188-48C7-A0ED-1E2F156D0091}.Release|x64.Build.0 = Release|x64
		{D519D1D6-E188-48C7-A0ED-1E2F156D0091}.Release|x86.ActiveCfg = Release|Win32
		{D519D1D6-E188-48C7-A0ED-1E2F156D0091}.Release|x86.Build.0 = Release|Win32
		{CD7A05DA-4262-4ED8-9A9D-F7DC085162C3}.Debug|ARM.ActiveCfg = Debug|Win32
		{CD7A05DA-4262-4ED8-9A9D-F7DC085162C3}.Debug|ARM64.ActiveCfg = Debug|Win32
		{CD7A05DA-4262-4ED8-9A9D-F7DC085162C3}.Debug|x64.ActiveCfg = Debug|x64
		{CD7A05DA-4262-4ED8-9A9D-F7DC085162C3}.Debug|x64.Build.0 = Debug|x64
		{CD7A05DA-4262-4ED8-9A9D-F7DC085162C3}.Debug|x86.ActiveCfg = Debug|Win32
		{CD7A05DA-4262-4ED8-9A9D-F7DC085162C3}.Debug|x86.Build.0 = Debug|Win32
		{CD7A05DA-4262-4ED8-9A9D-F7DC085162C3}.Release|ARM.ActiveCfg = Release|Win32
		{CD7A05DA-4262-4ED8-9A9D-F7DC085162C3}.Release|ARM64.ActiveCfg = Release|Win32
		{CD7A05DA-4262-4ED8-9A9D-F7DC085162C3}.Release|x64.ActiveCfg = Release|x64
		{CD7A05DA-4262-4ED8-9A9D-F7DC085162C3}.Release|x64.Build.0 = Release|x64
		{CD7A05DA-4262-4ED8-9A9D-F7DC085162C3}.Release|x86.ActiveCfg = Release|Win32
		{CD7A05DA-4262-4ED8-9A9D-F7DC085162C3}.Release|x86.Build.0 = Release|Win32
		{F76F798F-390E-4259-8FDD-6A76B496D643}.Debug|ARM.ActiveCfg = Debug|Win32
		{F76F798F-390E-4259-8FDD-6A76B496D643}.Debug|ARM64.ActiveCfg = Debug|Win32
		{F76F798F-390E-4259-8FDD-6A76B496D643}.Debug|x64.ActiveCfg = Debug|x64
		{F76F798F-390E-4259-8FDD-6A76B496D643}.Debug|x64.Build.0 = Debug|x64
		{F76F798F-390E-4259-8FDD-6A76B496D643}.Debug|x86.ActiveCfg = Debug|Win32
		{F76F798F-390E-4259-8FDD-6A76B496D643}.Debug|x86.Build.0 = Debug|Win32
		{F76F798F-390E-4259-8FDD-6A76B496D643}.Release|ARM.ActiveCfg = Release|Win32
		{F76F798F-390E-4259-8FDD-6A76B496D643}.Release|ARM64.ActiveCfg = Release|Win32
		{F76F798F-390E-4259-8FDD-6A76B496D643}.Release|x64.ActiveCfg = Release|x64
		{F76F798F-390E-4259-8FDD-6A76B496D643}.Release|x64.Build.0 = Release|x64
		{F76F798F-390E-4259-8FDD-6A76B496D643}.Release|x86.ActiveCfg = Release|Win32
		{F76F798F-390E-4259-8FDD-6A76B496D643}.Release|x86.Build.0 = Release|Win32
		{0A02D742-272A-4963-B3D3-D6D9E2AC9122}.Debug|ARM.ActiveCfg = Debug|Win32
		{0A02D742-272A-4963-B3D3-D6D9E2AC9122}.Debug|ARM64.ActiveCfg = Debug|Win32
		{0A02D742-272A-4963-B3D3-D6D9E2AC9122}.Debug|x64.ActiveCfg = Debug|x64
		{0A02D742-272A-4963-B3D3-D6D9E2AC9122}.Debug|x64.Build.0 = Debug|x64
		{0A02D742-272A-4963-B3D3-D6D9E2AC9122}.Debug|x86.ActiveCfg = Debug|Win32
		{0A02D742-272A-4963-B3D3-D6D9E2AC9122}.Debug|x86.Build.0 = Debug|Win32
		{0A02D742-272A-4963-B3D3-D6D9E2AC9122}.Release|ARM.ActiveCfg = Release|Win32
		{0A02D742-272A-4963-B3D3-D6D9E2AC9122}.Release|ARM64.ActiveCfg = Release|Win32
		{0A02D742-272A-4963-B3D3-D6D9E2AC9122}.Release|x64.ActiveCfg = Release|x64
		{0A02D742-272A-4963-B3D3-D6D9E2AC9122}.Release|x64.Build.0 = Release|x64
		{0A02D742-272A-4963-B3D3-D6D9E2AC9122}.Release|x86.ActiveCfg = Release|Win32
		{0A02D742-272A-4963-B3D3-D6D9E2AC9122}.Release|x86.Build.0 = Release|Win32
		{BD5A0151-65AE-4E97-A043-1C7EDC4F74A7}.Debug|ARM.ActiveCfg = Debug|Win32
		{BD5A0151-65AE-4E97-A043-1C7EDC4F74A7}.Debug|ARM64.ActiveCfg = Debug|Win32
		{BD5A0151-65AE-4E97-A043-1C7EDC4F74A7}.Debug|x64.ActiveCfg = Debug|x64
		{BD5A0151-65AE-4E97-A043-1C7EDC4F74A7}.Debug|x64.Build.0 = Debug|x64
		{BD5A0151-65AE-4E97-A043-1C7EDC4F74A7}.Debug|x86.ActiveCfg = Debug|Win32
		{BD5A0151-65AE-4E97-A043-1C7EDC4F74A7}.Debug|x86.Build.0 = Debug|Win32
		{BD5A0151-65AE-4E97-A043-1C7EDC4F74A7}.Release|ARM.ActiveCfg = Release|Win32
		{BD5A0151-65AE-4E97-A043-1C7EDC4F74A7}.Release|ARM64.ActiveCfg = Release|Win32
		{BD5A0151-65AE-4E97-A043-1C7EDC4F74A7}.Release|x64.ActiveCfg = Release|x64
		{BD5A0151-65AE-4E97-A043-1C7EDC4F74A7}.Release|x64.Build.0 = Release|x64
		{BD5A0151-65AE-4E97-A043-1C7EDC4F74A7}.Release|x86.ActiveCfg = Release|Win32
		{BD5A0151-65AE-4E97-A043-1C7EDC4F74A7}.Release|x86.Build.0 = Release|Win32
	EndGlobalSection
	GlobalSection(SolutionProperties) = preSolution
		HideSolutionNode = FALSE
	EndGlobalSection
	GlobalSection(NestedProjects) = preSolution
		{C7EAFC1C-9CFD-4C25-8AE9-C1373DD5DF35} = {E578A05D-8BC9-4F04-A626-078C76310464}
		{4092C134-C22A-4916-86C3-2FF315902485} = {E578A05D-8BC9-4F04-A626-078C76310464}
		{A0FD08A3-5AC3-4905-B6BA-CBD0337551AC} = {5AA49F02-1150-45B5-83BB-4ADCA26A53C1}
		{D519D1D6-E188-48C7-A0ED-1E2F156D0091} = {5AA49F02-1150-45B5-83BB-4ADCA26A53C1}
		{5AA49F02-1150-45B5-83BB-4ADCA26A53C1} = {4092C134-C22A-4916-86C3-2FF315902485}
		{BFE6DF2F-4A64-49EB-B34A-A8EFAB9CBB4A} = {4092C134-C22A-4916-86C3-2FF315902485}
		{CD7A05DA-4262-4ED8-9A9D-F7DC085162C3} = {BFE6DF2F-4A64-49EB-B34A-A8EFAB9CBB4A}
		{F76F798F-390E-4259-8FDD-6A76B496D643} = {BFE6DF2F-4A64-49EB-B34A-A8EFAB9CBB4A}
		{0A02D742-272A-4963-B3D3-D6D9E2AC9122} = {E578A05D-8BC9-4F04-A626-078C76310464}
		{BD5A0151-65AE-4E97-A043-1C7EDC4F74A7} = {E578A05D-8BC9-4F04-A626-078C76310464}
	EndGlobalSection
	GlobalSection(ExtensibilityGlobals) = postSolution
		SolutionGuid = {D2D663FD-0C14-45E3-AD03-AD80210A9B26}
	EndGlobalSection
EndGlobal
