<?xml version="1.0" encoding="UTF-8"?>
<Scheme
   LastUpgradeVersion = "0920"
   version = "1.3">
   <BuildAction
      parallelizeBuildables = "YES"
      buildImplicitDependencies = "YES">
      <BuildActionEntries>
         <BuildActionEntry
            buildForTesting = "YES"
            buildForRunning = "YES"
            buildForProfiling = "YES"
            buildForArchiving = "YES"
            buildForAnalyzing = "YES">
            <BuildableReference
               BuildableIdentifier = "primary"
               BlueprintIdentifier = "2C2803461E61C73600048A80"
               BuildableName = "01_clear.app"
               BlueprintName = "01_clear"
               ReferencedContainer = "container:01_clear.xcodeproj">
            </BuildableReference>
         </BuildActionEntry>
         <BuildActionEntry
            buildForTesting = "YES"
            buildForRunning = "YES"
            buildForProfiling = "YES"
            buildForArchiving = "YES"
            buildForAnalyzing = "YES">
            <BuildableReference
               BuildableIdentifier = "primary"
               BlueprintIdentifier = "2C2803461E61C73600048A80"
               BuildableName = "02_shader.app"
               BlueprintName = "02_shader"
               ReferencedContainer = "container:../../../02_shader/builds/xcode/02_shader.xcodeproj">
            </BuildableReference>
         </BuildActionEntry>
         <BuildActionEntry
            buildForTesting = "YES"
            buildForRunning = "YES"
            buildForProfiling = "YES"
            buildForArchiving = "YES"
            buildForAnalyzing = "YES">
            <BuildableReference
               BuildableIdentifier = "primary"
               BlueprintIdentifier = "2C8C83701E61CA6800A33C70"
               BuildableName = "01_async"
               BlueprintName = "01_async"
               ReferencedContainer = "container:../../../../01_system/01_async/builds/xcode/01_async.xcodeproj">
            </BuildableReference>
         </BuildActionEntry>
         <BuildActionEntry
            buildForTesting = "YES"
            buildForRunning = "YES"
            buildForProfiling = "YES"
            buildForArchiving = "YES"
            buildForAnalyzing = "YES">
            <BuildableReference
               BuildableIdentifier = "primary"
               BlueprintIdentifier = "2C8C83701E61CA6800A33C70"
               BuildableName = "02_thread"
               BlueprintName = "02_thread"
               ReferencedContainer = "container:../../../../01_system/02_thread/builds/xcode/02_thread.xcodeproj">
            </BuildableReference>
         </BuildActionEntry>
         <BuildActionEntry
            buildForTesting = "YES"
            buildForRunning = "YES"
            buildForProfiling = "YES"
            buildForArchiving = "YES"
            buildForAnalyzing = "YES">
            <BuildableReference
               BuildableIdentifier = "primary"
               BlueprintIdentifier = "2C8C83701E61CA6800A33C70"
               BuildableName = "03_signal"
               BlueprintName = "03_signal"
               ReferencedContainer = "container:../../../../01_system/03_signal/builds/xcode/03_signal.xcodeproj">
            </BuildableReference>
         </BuildActionEntry>
         <BuildActionEntry
            buildForTesting = "YES"
            buildForRunning = "YES"
            buildForProfiling = "YES"
            buildForArchiving = "YES"
            buildForAnalyzing = "YES">
            <BuildableReference
               BuildableIdentifier = "primary"
               BlueprintIdentifier = "2C8C83701E61CA6800A33C70"
               BuildableName = "04_timer"
               BlueprintName = "04_timer"
               ReferencedContainer = "container:../../../../01_system/04_timer/builds/xcode/04_timer.xcodeproj">
            </BuildableReference>
         </BuildActionEntry>
         <BuildActionEntry
            buildForTesting = "YES"
            buildForRunning = "YES"
            buildForProfiling = "YES"
            buildForArchiving = "YES"
            buildForAnalyzing = "YES">
            <BuildableReference
               BuildableIdentifier = "primary"
               BlueprintIdentifier = "2C2803461E61C73600048A80"
               BuildableName = "05_window.app"
               BlueprintName = "05_window"
               ReferencedContainer = "container:../../../../01_system/05_window/builds/xcode/05_window.xcodeproj">
            </BuildableReference>
         </BuildActionEntry>
         <BuildActionEntry
            buildForTesting = "YES"
            buildForRunning = "YES"
            buildForProfiling = "YES"
            buildForArchiving = "YES"
            buildForAnalyzing = "YES">
            <BuildableReference
               BuildableIdentifier = "primary"
               BlueprintIdentifier = "2C8C83701E61CA6800A33C70"
               BuildableName = "06_lua"
               BlueprintName = "06_lua"
               ReferencedContainer = "container:../../../../01_system/06_lua/builds/xcode/06_lua.xcodeproj">
            </BuildableReference>
         </BuildActionEntry>
         <BuildActionEntry
            buildForTesting = "YES"
            buildForRunning = "YES"
            buildForProfiling = "YES"
            buildForArchiving = "YES"
            buildForAnalyzing = "YES">
            <BuildableReference
               BuildableIdentifier = "primary"
               BlueprintIdentifier = "2C8C83701E61CA6800A33C70"
               BuildableName = "07_xml"
               BlueprintName = "07_xml"
               ReferencedContainer = "container:../../../../01_system/07_xml/builds/xcode/07_xml.xcodeproj">
            </BuildableReference>
         </BuildActionEntry>
         <BuildActionEntry
            buildForTesting = "YES"
            buildForRunning = "YES"
            buildForProfiling = "YES"
            buildForArchiving = "YES"
            buildForAnalyzing = "YES">
            <BuildableReference
               BuildableIdentifier = "primary"
               BlueprintIdentifier = "2C8C83701E61CA6800A33C70"
               BuildableName = "08_json"
               BlueprintName = "08_json"
               ReferencedContainer = "container:../../../../01_system/08_json/builds/xcode/08_json.xcodeproj">
            </BuildableReference>
         </BuildActionEntry>
         <BuildActionEntry
            buildForTesting = "YES"
            buildForRunning = "YES"
            buildForProfiling = "YES"
            buildForArchiving = "YES"
            buildForAnalyzing = "YES">
            <BuildableReference
               BuildableIdentifier = "primary"
               BlueprintIdentifier = "2C2803461E61C73600048A80"
               BuildableName = "03_vertex_buffer.app"
               BlueprintName = "03_vertex_buffer"
               ReferencedContainer = "container:../../../03_vertex_buffer/builds/xcode/03_vertex_buffer.xcodeproj">
            </BuildableReference>
         </BuildActionEntry>
         <BuildActionEntry
            buildForTesting = "YES"
            buildForRunning = "YES"
            buildForProfiling = "YES"
            buildForArchiving = "YES"
            buildForAnalyzing = "YES">
            <BuildableReference
               BuildableIdentifier = "primary"
               BlueprintIdentifier = "2C2803461E61C73600048A80"
               BuildableName = "04_index_buffer.app"
               BlueprintName = "04_index_buffer"
               ReferencedContainer = "container:../../../04_index_buffer/builds/xcode/04_index_buffer.xcodeproj">
            </BuildableReference>
         </BuildActionEntry>
         <BuildActionEntry
            buildForTesting = "YES"
            buildForRunning = "YES"
            buildForProfiling = "YES"
            buildForArchiving = "YES"
            buildForAnalyzing = "YES">
            <BuildableReference
               BuildableIdentifier = "primary"
               BlueprintIdentifier = "2C2803461E61C73600048A80"
               BuildableName = "05_texture.app"
               BlueprintName = "05_texture"
               ReferencedContainer = "container:../../../05_texture/builds/xcode/05_texture.xcodeproj">
            </BuildableReference>
         </BuildActionEntry>
         <BuildActionEntry
            buildForTesting = "YES"
            buildForRunning = "YES"
            buildForProfiling = "YES"
            buildForArchiving = "YES"
            buildForAnalyzing = "YES">
            <BuildableReference
               BuildableIdentifier = "primary"
               BlueprintIdentifier = "2C2803461E61C73600048A80"
               BuildableName = "06_staging_buffer.app"
               BlueprintName = "06_staging_buffer"
               ReferencedContainer = "container:../../../06_staging_buffer/builds/xcode/06_staging_buffer.xcodeproj">
            </BuildableReference>
         </BuildActionEntry>
         <BuildActionEntry
            buildForTesting = "YES"
            buildForRunning = "YES"
            buildForProfiling = "YES"
            buildForArchiving = "YES"
            buildForAnalyzing = "YES">
            <BuildableReference
               BuildableIdentifier = "primary"
               BlueprintIdentifier = "2C2803461E61C73600048A80"
               BuildableName = "07_uniforms_constant_buffers.app"
               BlueprintName = "07_uniforms_constant_buffers"
               ReferencedContainer = "container:../../../07_uniforms_constant_buffers/builds/xcode/07_uniforms_constant_buffers.xcodeproj">
            </BuildableReference>
         </BuildActionEntry>
         <BuildActionEntry
            buildForTesting = "YES"
            buildForRunning = "YES"
            buildForProfiling = "YES"
            buildForArchiving = "YES"
            buildForAnalyzing = "YES">
            <BuildableReference
               BuildableIdentifier = "primary"
               BlueprintIdentifier = "2C2803461E61C73600048A80"
               BuildableName = "08_texture_arrays.app"
               BlueprintName = "08_texture_arrays"
               ReferencedContainer = "container:../../../08_texture_arrays/builds/xcode/08_texture_arrays.xcodeproj">
            </BuildableReference>
         </BuildActionEntry>
         <BuildActionEntry
            buildForTesting = "YES"
            buildForRunning = "YES"
            buildForProfiling = "YES"
            buildForArchiving = "YES"
            buildForAnalyzing = "YES">
            <BuildableReference
               BuildableIdentifier = "primary"
               BlueprintIdentifier = "2C8C83701E61CA6800A33C70"
               BuildableName = "09_memory"
               BlueprintName = "09_memory"
               ReferencedContainer = "container:../../../../01_system/09_memory/builds/xcode/09_memory.xcodeproj">
            </BuildableReference>
         </BuildActionEntry>
         <BuildActionEntry
            buildForTesting = "YES"
            buildForRunning = "YES"
            buildForProfiling = "YES"
            buildForArchiving = "YES"
            buildForAnalyzing = "YES">
            <BuildableReference
               BuildableIdentifier = "primary"
               BlueprintIdentifier = "2C2803461E61C73600048A80"
               BuildableName = "09_multi_textures_sampling.app"
               BlueprintName = "09_multi_textures_sampling"
               ReferencedContainer = "container:../../../09_multi_textures_sampling/builds/xcode/09_multi_textures_sampling.xcodeproj">
            </BuildableReference>
         </BuildActionEntry>
         <BuildActionEntry
            buildForTesting = "YES"
            buildForRunning = "YES"
            buildForProfiling = "YES"
            buildForArchiving = "YES"
            buildForAnalyzing = "YES">
            <BuildableReference
               BuildableIdentifier = "primary"
               BlueprintIdentifier = "2C2803461E61C73600048A80"
               BuildableName = "10_gui.app"
               BlueprintName = "10_gui"
               ReferencedContainer = "container:../../../10_gui/builds/xcode/10_gui.xcodeproj">
            </BuildableReference>
         </BuildActionEntry>
         <BuildActionEntry
            buildForTesting = "YES"
            buildForRunning = "YES"
            buildForProfiling = "YES"
            buildForArchiving = "YES"
            buildForAnalyzing = "YES">
            <BuildableReference
               BuildableIdentifier = "primary"
               BlueprintIdentifier = "2C8C83701E61CA6800A33C70"
               BuildableName = "10_networking_one_way_pusher"
               BlueprintName = "10_networking_one_way_pusher"
               ReferencedContainer = "container:../../../../01_system/10_networking_one_way_pusher/builds/xcode/10_networking_one_way_pusher.xcodeproj">
            </BuildableReference>
         </BuildActionEntry>
         <BuildActionEntry
            buildForTesting = "YES"
            buildForRunning = "YES"
            buildForProfiling = "YES"
            buildForArchiving = "YES"
            buildForAnalyzing = "YES">
            <BuildableReference
               BuildableIdentifier = "primary"
               BlueprintIdentifier = "2C8C83701E61CA6800A33C70"
               BuildableName = "11_networking_one_way_puller"
               BlueprintName = "11_networking_one_way_puller"
               ReferencedContainer = "container:../../../../01_system/11_networking_one_way_puller/builds/xcode/11_networking_one_way_puller.xcodeproj">
            </BuildableReference>
         </BuildActionEntry>
         <BuildActionEntry
            buildForTesting = "YES"
            buildForRunning = "YES"
            buildForProfiling = "YES"
            buildForArchiving = "YES"
            buildForAnalyzing = "YES">
            <BuildableReference
               BuildableIdentifier = "primary"
               BlueprintIdentifier = "2C2803461E61C73600048A80"
               BuildableName = "11_pipelines.app"
               BlueprintName = "11_pipelines"
               ReferencedContainer = "container:../../../11_pipelines/builds/xcode/11_pipelines.xcodeproj">
            </BuildableReference>
         </BuildActionEntry>
         <BuildActionEntry
            buildForTesting = "YES"
            buildForRunning = "YES"
            buildForProfiling = "YES"
            buildForArchiving = "YES"
            buildForAnalyzing = "YES">
            <BuildableReference
               BuildableIdentifier = "primary"
               BlueprintIdentifier = "2C8C83701E61CA6800A33C70"
               BuildableName = "12_networking_two_way_server"
               BlueprintName = "12_networking_two_way_server"
               ReferencedContainer = "container:../../../../01_system/12_networking_two_way_server/builds/xcode/12_networking_two_way_server.xcodeproj">
            </BuildableReference>
         </BuildActionEntry>
         <BuildActionEntry
            buildForTesting = "YES"
            buildForRunning = "YES"
            buildForProfiling = "YES"
            buildForArchiving = "YES"
            buildForAnalyzing = "YES">
            <BuildableReference
               BuildableIdentifier = "primary"
               BlueprintIdentifier = "2C2803461E61C73600048A80"
               BuildableName = "12_push_constants.app"
               BlueprintName = "12_push_constants"
               ReferencedContainer = "container:../../../12_push_constants/builds/xcode/12_push_constants.xcodeproj">
            </BuildableReference>
         </BuildActionEntry>
         <BuildActionEntry
            buildForTesting = "YES"
            buildForRunning = "YES"
            buildForProfiling = "YES"
            buildForArchiving = "YES"
            buildForAnalyzing = "YES">
            <BuildableReference
               BuildableIdentifier = "primary"
               BlueprintIdentifier = "2C8C83701E61CA6800A33C70"
               BuildableName = "13_networking_two_way_client"
               BlueprintName = "13_networking_two_way_client"
               ReferencedContainer = "container:../../../../01_system/13_networking_two_way_client/builds/xcode/13_networking_two_way_client.xcodeproj">
            </BuildableReference>
         </BuildActionEntry>
         <BuildActionEntry
            buildForTesting = "YES"
            buildForRunning = "YES"
            buildForProfiling = "YES"
            buildForArchiving = "YES"
            buildForAnalyzing = "YES">
            <BuildableReference
               BuildableIdentifier = "primary"
               BlueprintIdentifier = "2C2803461E61C73600048A80"
               BuildableName = "13_render_to_target.app"
               BlueprintName = "13_render_to_target"
               ReferencedContainer = "container:../../../13_render_to_target/builds/xcode/13_render_to_target.xcodeproj">
            </BuildableReference>
         </BuildActionEntry>
         <BuildActionEntry
            buildForTesting = "YES"
            buildForRunning = "YES"
            buildForProfiling = "YES"
            buildForArchiving = "YES"
            buildForAnalyzing = "YES">
            <BuildableReference
               BuildableIdentifier = "primary"
               BlueprintIdentifier = "2C2803461E61C73600048A80"
               BuildableName = "14_mipmaps.app"
               BlueprintName = "14_mipmaps"
               ReferencedContainer = "container:../../../14_mipmaps/builds/xcode/14_mipmaps.xcodeproj">
            </BuildableReference>
         </BuildActionEntry>
         <BuildActionEntry
            buildForTesting = "YES"
            buildForRunning = "YES"
            buildForProfiling = "YES"
            buildForArchiving = "YES"
            buildForAnalyzing = "YES">
            <BuildableReference
               BuildableIdentifier = "primary"
               BlueprintIdentifier = "2C8C83701E61CA6800A33C70"
               BuildableName = "14_networking_broadcast_publisher"
               BlueprintName = "14_networking_broadcast_publisher"
               ReferencedContainer = "container:../../../../01_system/14_networking_broadcast_publisher/builds/xcode/14_networking_broadcast_publisher.xcodeproj">
            </BuildableReference>
         </BuildActionEntry>
         <BuildActionEntry
            buildForTesting = "YES"
            buildForRunning = "YES"
            buildForProfiling = "YES"
            buildForArchiving = "YES"
            buildForAnalyzing = "YES">
            <BuildableReference
               BuildableIdentifier = "primary"
               BlueprintIdentifier = "2C8C83701E61CA6800A33C70"
               BuildableName = "15_networking_broadcast_subscriptore"
               BlueprintName = "15_networking_broadcast_subscriptore"
               ReferencedContainer = "container:../../../../01_system/15_networking_broadcast_subscriptore/builds/xcode/15_networking_broadcast_subscriptore.xcodeproj">
            </BuildableReference>
         </BuildActionEntry>
         <BuildActionEntry
            buildForTesting = "YES"
            buildForRunning = "YES"
            buildForProfiling = "YES"
            buildForArchiving = "YES"
            buildForAnalyzing = "YES">
            <BuildableReference
               BuildableIdentifier = "primary"
               BlueprintIdentifier = "2C2803461E61C73600048A80"
               BuildableName = "15_shapes.app"
               BlueprintName = "15_shapes"
               ReferencedContainer = "container:../../../15_shapes/builds/xcode/15_shapes.xcodeproj">
            </BuildableReference>
         </BuildActionEntry>
         <BuildActionEntry
            buildForTesting = "YES"
            buildForRunning = "YES"
            buildForProfiling = "YES"
            buildForArchiving = "YES"
            buildForAnalyzing = "YES">
            <BuildableReference
               BuildableIdentifier = "primary"
               BlueprintIdentifier = "2C8C83701E61CA6800A33C70"
               BuildableName = "16_networking_survey_server"
               BlueprintName = "16_networking_survey_server"
               ReferencedContainer = "container:../../../../01_system/16_networking_survey_server/builds/xcode/16_networking_survey_server.xcodeproj">
            </BuildableReference>
         </BuildActionEntry>
         <BuildActionEntry
            buildForTesting = "YES"
            buildForRunning = "YES"
            buildForProfiling = "YES"
            buildForArchiving = "YES"
            buildForAnalyzing = "YES">
            <BuildableReference
               BuildableIdentifier = "primary"
               BlueprintIdentifier = "2C8C83701E61CA6800A33C70"
               BuildableName = "17_networking_survey_client"
               BlueprintName = "17_networking_survey_client"
               ReferencedContainer = "container:../../../../01_system/17_networking_survey_client/builds/xcode/17_networking_survey_client.xcodeproj">
            </BuildableReference>
         </BuildActionEntry>
         <BuildActionEntry
            buildForTesting = "YES"
            buildForRunning = "YES"
            buildForProfiling = "YES"
            buildForArchiving = "YES"
            buildForAnalyzing = "YES">
            <BuildableReference
               BuildableIdentifier = "primary"
               BlueprintIdentifier = "2C8C83701E61CA6800A33C70"
               BuildableName = "18_networking_bus_node0"
               BlueprintName = "18_networking_bus_node0"
               ReferencedContainer = "container:../../../../01_system/18_networking_bus_node0/builds/xcode/18_networking_bus_node0.xcodeproj">
            </BuildableReference>
         </BuildActionEntry>
         <BuildActionEntry
            buildForTesting = "YES"
            buildForRunning = "YES"
            buildForProfiling = "YES"
            buildForArchiving = "YES"
            buildForAnalyzing = "YES">
            <BuildableReference
               BuildableIdentifier = "primary"
               BlueprintIdentifier = "2C8C83701E61CA6800A33C70"
               BuildableName = "19_networking_bus_node1"
               BlueprintName = "19_networking_bus_node1"
               ReferencedContainer = "container:../../../../01_system/19_networking_bus_node1/builds/xcode/19_networking_bus_node1.xcodeproj">
            </BuildableReference>
         </BuildActionEntry>
      </BuildActionEntries>
   </BuildAction>
   <TestAction
      buildConfiguration = "Debug"
      selectedDebuggerIdentifier = "Xcode.DebuggerFoundation.Debugger.LLDB"
      selectedLauncherIdentifier = "Xcode.DebuggerFoundation.Launcher.LLDB"
      shouldUseLaunchSchemeArgsEnv = "YES">
      <Testables>
      </Testables>
      <MacroExpansion>
         <BuildableReference
            BuildableIdentifier = "primary"
            BlueprintIdentifier = "2C2803461E61C73600048A80"
            BuildableName = "01_clear.app"
            BlueprintName = "01_clear"
            ReferencedContainer = "container:01_clear.xcodeproj">
         </BuildableReference>
      </MacroExpansion>
      <AdditionalOptions>
      </AdditionalOptions>
   </TestAction>
   <LaunchAction
      buildConfiguration = "Debug"
      selectedDebuggerIdentifier = "Xcode.DebuggerFoundation.Debugger.LLDB"
      selectedLauncherIdentifier = "Xcode.DebuggerFoundation.Launcher.LLDB"
      launchStyle = "0"
      useCustomWorkingDirectory = "NO"
      ignoresPersistentStateOnLaunch = "NO"
      debugDocumentVersioning = "YES"
      debugServiceExtension = "internal"
      allowLocationSimulation = "YES">
      <BuildableProductRunnable
         runnableDebuggingMode = "0">
         <BuildableReference
            BuildableIdentifier = "primary"
            BlueprintIdentifier = "2C2803461E61C73600048A80"
            BuildableName = "01_clear.app"
            BlueprintName = "01_clear"
            ReferencedContainer = "container:01_clear.xcodeproj">
         </BuildableReference>
      </BuildableProductRunnable>
      <EnvironmentVariables>
         <EnvironmentVariable
            key = "VK_ICD_FILENAMES"
            value = "$(SRCROOT)/../../../../../engine/dependencies/vulkan/macOS/macOS/etc/vulkan/icd.d/MoltenVK_icd.json"
            isEnabled = "YES">
         </EnvironmentVariable>
      </EnvironmentVariables>
      <AdditionalOptions>
      </AdditionalOptions>
   </LaunchAction>
   <ProfileAction
      buildConfiguration = "Release"
      shouldUseLaunchSchemeArgsEnv = "YES"
      savedToolIdentifier = ""
      useCustomWorkingDirectory = "NO"
      debugDocumentVersioning = "YES">
      <BuildableProductRunnable
         runnableDebuggingMode = "0">
         <BuildableReference
            BuildableIdentifier = "primary"
            BlueprintIdentifier = "2C2803461E61C73600048A80"
            BuildableName = "01_clear.app"
            BlueprintName = "01_clear"
            ReferencedContainer = "container:01_clear.xcodeproj">
         </BuildableReference>
      </BuildableProductRunnable>
   </ProfileAction>
   <AnalyzeAction
      buildConfiguration = "Debug">
   </AnalyzeAction>
   <ArchiveAction
      buildConfiguration = "Release"
      revealArchiveInOrganizer = "YES">
   </ArchiveAction>
</Scheme>
