<?xml version="1.0" encoding="utf-8"?>
<Project ToolsVersion="4.0" xmlns="http://schemas.microsoft.com/developer/msbuild/2003">
  <ItemGroup>
    <ClCompile Include="..\..\..\src\wolf.media_core\dllmain.cpp" />
    <ClCompile Include="..\..\..\src\wolf.media_core\w_media_core_pch.cpp" />
    <ClCompile Include="..\..\..\src\wolf.media_core\w_media_core.cpp" />
  </ItemGroup>
  <ItemGroup>
    <ClInclude Include="..\..\..\src\wolf.media_core\w_target_ver.h" />
    <ClInclude Include="..\..\..\src\wolf.media_core\w_media_core_pch.h" />
    <ClInclude Include="..\..\..\src\wolf.media_core\w_media_core_export.h" />
    <ClInclude Include="..\..\..\src\wolf.media_core\w_media_core.h" />
  </ItemGroup>
</Project>