// !$*UTF8*$!
{
	archiveVersion = 1;
	classes = {
	};
	objectVersion = 46;
	objects = {

/* Begin PBXBuildFile section */
		2C1E3F65210870BA0072D5D3 /* w_render_target.h in Headers */ = {isa = PBXBuildFile; fileRef = 2C1E3F45210870B80072D5D3 /* w_render_target.h */; };
		2C1E3F66210870BA0072D5D3 /* w_command_buffers.h in Headers */ = {isa = PBXBuildFile; fileRef = 2C1E3F46210870B80072D5D3 /* w_command_buffers.h */; };
		2C1E3F67210870BA0072D5D3 /* w_imgui.cpp in Sources */ = {isa = PBXBuildFile; fileRef = 2C1E3F47210870B80072D5D3 /* w_imgui.cpp */; };
		2C1E3F68210870BA0072D5D3 /* w_pipeline.cpp in Sources */ = {isa = PBXBuildFile; fileRef = 2C1E3F48210870B80072D5D3 /* w_pipeline.cpp */; };
		2C1E3F69210870BA0072D5D3 /* w_uniform.h in Headers */ = {isa = PBXBuildFile; fileRef = 2C1E3F49210870B80072D5D3 /* w_uniform.h */; };
		2C1E3F6A210870BA0072D5D3 /* w_buffer.h in Headers */ = {isa = PBXBuildFile; fileRef = 2C1E3F4A210870B80072D5D3 /* w_buffer.h */; };
		2C1E3F6B210870BA0072D5D3 /* w_texture.cpp in Sources */ = {isa = PBXBuildFile; fileRef = 2C1E3F4B210870B80072D5D3 /* w_texture.cpp */; };
		2C1E3F6C210870BA0072D5D3 /* w_buffer.cpp in Sources */ = {isa = PBXBuildFile; fileRef = 2C1E3F4C210870B80072D5D3 /* w_buffer.cpp */; };
		2C1E3F6D210870BA0072D5D3 /* w_shader.cpp in Sources */ = {isa = PBXBuildFile; fileRef = 2C1E3F4D210870B80072D5D3 /* w_shader.cpp */; };
		2C1E3F6E210870BA0072D5D3 /* w_render_target.cpp in Sources */ = {isa = PBXBuildFile; fileRef = 2C1E3F4E210870B90072D5D3 /* w_render_target.cpp */; };
		2C1E3F6F210870BA0072D5D3 /* w_shader.h in Headers */ = {isa = PBXBuildFile; fileRef = 2C1E3F4F210870B90072D5D3 /* w_shader.h */; };
		2C1E3F70210870BA0072D5D3 /* w_texture.h in Headers */ = {isa = PBXBuildFile; fileRef = 2C1E3F50210870B90072D5D3 /* w_texture.h */; };
		2C1E3F71210870BA0072D5D3 /* vk_mem_alloc.h in Headers */ = {isa = PBXBuildFile; fileRef = 2C1E3F51210870B90072D5D3 /* vk_mem_alloc.h */; };
		2C1E3F72210870BA0072D5D3 /* w_pipeline.h in Headers */ = {isa = PBXBuildFile; fileRef = 2C1E3F52210870B90072D5D3 /* w_pipeline.h */; };
		2C1E3F73210870BA0072D5D3 /* w_memory_allocator.h in Headers */ = {isa = PBXBuildFile; fileRef = 2C1E3F53210870B90072D5D3 /* w_memory_allocator.h */; };
		2C1E3F74210870BA0072D5D3 /* w_shapes.h in Headers */ = {isa = PBXBuildFile; fileRef = 2C1E3F54210870B90072D5D3 /* w_shapes.h */; };
		2C1E3F75210870BA0072D5D3 /* w_imgui.h in Headers */ = {isa = PBXBuildFile; fileRef = 2C1E3F55210870B90072D5D3 /* w_imgui.h */; };
		2C1E3F76210870BA0072D5D3 /* w_mesh.cpp in Sources */ = {isa = PBXBuildFile; fileRef = 2C1E3F56210870B90072D5D3 /* w_mesh.cpp */; };
		2C1E3F77210870BA0072D5D3 /* w_mesh.h in Headers */ = {isa = PBXBuildFile; fileRef = 2C1E3F57210870B90072D5D3 /* w_mesh.h */; };
		2C1E3F78210870BA0072D5D3 /* w_semaphore.h in Headers */ = {isa = PBXBuildFile; fileRef = 2C1E3F58210870B90072D5D3 /* w_semaphore.h */; };
		2C1E3F79210870BA0072D5D3 /* w_shapes.cpp in Sources */ = {isa = PBXBuildFile; fileRef = 2C1E3F59210870B90072D5D3 /* w_shapes.cpp */; };
		2C1E3F7A210870BA0072D5D3 /* w_command_buffers.cpp in Sources */ = {isa = PBXBuildFile; fileRef = 2C1E3F5A210870B90072D5D3 /* w_command_buffers.cpp */; };
		2C1E3F7B210870BA0072D5D3 /* w_occlusion_query.cpp in Sources */ = {isa = PBXBuildFile; fileRef = 2C1E3F5B210870B90072D5D3 /* w_occlusion_query.cpp */; };
		2C1E3F7C210870BA0072D5D3 /* w_occlusion_query.h in Headers */ = {isa = PBXBuildFile; fileRef = 2C1E3F5C210870B90072D5D3 /* w_occlusion_query.h */; };
		2C1E3F7D210870BA0072D5D3 /* w_render_pass.h in Headers */ = {isa = PBXBuildFile; fileRef = 2C1E3F5D210870B90072D5D3 /* w_render_pass.h */; };
		2C1E3F7E210870BA0072D5D3 /* w_fences.h in Headers */ = {isa = PBXBuildFile; fileRef = 2C1E3F5E210870B90072D5D3 /* w_fences.h */; };
		2C1E3F7F210870BA0072D5D3 /* w_queue.h in Headers */ = {isa = PBXBuildFile; fileRef = 2C1E3F5F210870B90072D5D3 /* w_queue.h */; };
		2C1E3F80210870BA0072D5D3 /* w_semaphore.cpp in Sources */ = {isa = PBXBuildFile; fileRef = 2C1E3F60210870B90072D5D3 /* w_semaphore.cpp */; };
		2C1E3F81210870BA0072D5D3 /* w_memory_allocator.cpp in Sources */ = {isa = PBXBuildFile; fileRef = 2C1E3F61210870BA0072D5D3 /* w_memory_allocator.cpp */; };
		2C1E3F82210870BA0072D5D3 /* w_queue.cpp in Sources */ = {isa = PBXBuildFile; fileRef = 2C1E3F62210870BA0072D5D3 /* w_queue.cpp */; };
		2C1E3F83210870BA0072D5D3 /* w_fences.cpp in Sources */ = {isa = PBXBuildFile; fileRef = 2C1E3F63210870BA0072D5D3 /* w_fences.cpp */; };
		2C1E3F84210870BA0072D5D3 /* w_render_pass.cpp in Sources */ = {isa = PBXBuildFile; fileRef = 2C1E3F64210870BA0072D5D3 /* w_render_pass.cpp */; };
		2C29CD1E1EB3344000BEFF54 /* w_game.cpp in Sources */ = {isa = PBXBuildFile; fileRef = 2C29CD1C1EB3344000BEFF54 /* w_game.cpp */; };
		2C29CD1F1EB3344000BEFF54 /* w_game.h in Headers */ = {isa = PBXBuildFile; fileRef = 2C29CD1D1EB3344000BEFF54 /* w_game.h */; };
		2C38D94E1E79646D00EE8595 /* w_graphics_device_manager.cpp in Sources */ = {isa = PBXBuildFile; fileRef = 2C38D9481E79646D00EE8595 /* w_graphics_device_manager.cpp */; };
		2C38D94F1E79646D00EE8595 /* w_graphics_device_manager.h in Headers */ = {isa = PBXBuildFile; fileRef = 2C38D9491E79646D00EE8595 /* w_graphics_device_manager.h */; };
		2C38D9501E79646D00EE8595 /* w_obj_c_wrapper.mm in Sources */ = {isa = PBXBuildFile; fileRef = 2C38D94A1E79646D00EE8595 /* w_obj_c_wrapper.mm */; };
		2C38D9511E79646D00EE8595 /* w_render_export.h in Headers */ = {isa = PBXBuildFile; fileRef = 2C38D94B1E79646D00EE8595 /* w_render_export.h */; };
		2C38D9521E79646D00EE8595 /* w_render_pch.cpp in Sources */ = {isa = PBXBuildFile; fileRef = 2C38D94C1E79646D00EE8595 /* w_render_pch.cpp */; };
		2C38D9531E79646D00EE8595 /* w_render_pch.h in Headers */ = {isa = PBXBuildFile; fileRef = 2C38D94D1E79646D00EE8595 /* w_render_pch.h */; };
		2C598C651FA2387B0055D215 /* w_graphics_headers.h in Headers */ = {isa = PBXBuildFile; fileRef = 2C598C641FA2387A0055D215 /* w_graphics_headers.h */; };
		2C68597720D92A490096C33B /* w_first_person_camera.cpp in Sources */ = {isa = PBXBuildFile; fileRef = 2C68597520D92A490096C33B /* w_first_person_camera.cpp */; };
		2C68597820D92A490096C33B /* w_first_person_camera.h in Headers */ = {isa = PBXBuildFile; fileRef = 2C68597620D92A490096C33B /* w_first_person_camera.h */; };
		2C68597A20D92AEC0096C33B /* libwolf.content_pipeline.osx.dylib in Frameworks */ = {isa = PBXBuildFile; fileRef = 2C29CD261EB3834B00BEFF54 /* libwolf.content_pipeline.osx.dylib */; };
		2C68597D20D92CE30096C33B /* w_masked_occlusion_culling.cpp in Sources */ = {isa = PBXBuildFile; fileRef = 2C68597B20D92CE30096C33B /* w_masked_occlusion_culling.cpp */; };
		2C68597E20D92CE30096C33B /* w_masked_occlusion_culling.h in Headers */ = {isa = PBXBuildFile; fileRef = 2C68597C20D92CE30096C33B /* w_masked_occlusion_culling.h */; };
		2C68598A20D92D1B0096C33B /* MaskedOcclusionCulling.cpp in Sources */ = {isa = PBXBuildFile; fileRef = 2C68598020D92D1B0096C33B /* MaskedOcclusionCulling.cpp */; };
		2C68598B20D92D1B0096C33B /* CullingThreadpool.h in Headers */ = {isa = PBXBuildFile; fileRef = 2C68598120D92D1B0096C33B /* CullingThreadpool.h */; };
		2C68598D20D92D1B0096C33B /* MaskedOcclusionCulling.h in Headers */ = {isa = PBXBuildFile; fileRef = 2C68598420D92D1B0096C33B /* MaskedOcclusionCulling.h */; };
		2C68598E20D92D1B0096C33B /* CullingThreadpool.cpp in Sources */ = {isa = PBXBuildFile; fileRef = 2C68598520D92D1B0096C33B /* CullingThreadpool.cpp */; };
		2C68598F20D92D1B0096C33B /* FrameRecorder.h in Headers */ = {isa = PBXBuildFile; fileRef = 2C68598620D92D1B0096C33B /* FrameRecorder.h */; };
		2C68599020D92D1B0096C33B /* FrameRecorder.cpp in Sources */ = {isa = PBXBuildFile; fileRef = 2C68598720D92D1B0096C33B /* FrameRecorder.cpp */; };
		2C68599120D92D1B0096C33B /* MaskedOcclusionCullingAVX2.cpp in Sources */ = {isa = PBXBuildFile; fileRef = 2C68598920D92D1B0096C33B /* MaskedOcclusionCullingAVX2.cpp */; settings = {COMPILER_FLAGS = "-mavx2 -mfma"; }; };
		2C68599320D92F400096C33B /* MaskedOcclusionCullingAVX512.cpp in Sources */ = {isa = PBXBuildFile; fileRef = 2C68599220D92F400096C33B /* MaskedOcclusionCullingAVX512.cpp */; settings = {COMPILER_FLAGS = "-mavx2 -mfma"; }; };
		2C7079991EACE6F2003784A2 /* libwolf.system.osx.dylib in Frameworks */ = {isa = PBXBuildFile; fileRef = 2C4CD32E1E8A8DBB0090EE0A /* libwolf.system.osx.dylib */; };
		2C766E6C20B343C4000C66F4 /* libassimp.4.1.0.dylib in Frameworks */ = {isa = PBXBuildFile; fileRef = 2C766E6B20B343C4000C66F4 /* libassimp.4.1.0.dylib */; };
		2C860FA41E5F1E80000E71B5 /* libc++.tbd in Frameworks */ = {isa = PBXBuildFile; fileRef = 2C860FA31E5F1E80000E71B5 /* libc++.tbd */; };
		2C860FA61E5F1E86000E71B5 /* Metal.framework in Frameworks */ = {isa = PBXBuildFile; fileRef = 2C860FA51E5F1E86000E71B5 /* Metal.framework */; };
		2C860FA81E5F1E8C000E71B5 /* QuartzCore.framework in Frameworks */ = {isa = PBXBuildFile; fileRef = 2C860FA71E5F1E8C000E71B5 /* QuartzCore.framework */; };
		2CA945EB1ED9F7CC007B70B8 /* imgui_draw.cpp in Sources */ = {isa = PBXBuildFile; fileRef = 2CA945E61ED9F7CC007B70B8 /* imgui_draw.cpp */; };
		2CA945EE1ED9F7CC007B70B8 /* imgui.cpp in Sources */ = {isa = PBXBuildFile; fileRef = 2CA945E91ED9F7CC007B70B8 /* imgui.cpp */; };
		2CA945EF1ED9F7CC007B70B8 /* imgui.h in Headers */ = {isa = PBXBuildFile; fileRef = 2CA945EA1ED9F7CC007B70B8 /* imgui.h */; };
		2CA945F11EDA8B4F007B70B8 /* imgui_demo.cpp in Sources */ = {isa = PBXBuildFile; fileRef = 2CA945F01EDA8B4F007B70B8 /* imgui_demo.cpp */; };
		2CCE632E1FD5E73000EC0BB5 /* IOSurface.framework in Frameworks */ = {isa = PBXBuildFile; fileRef = 2CCE632C1FD5E6EF00EC0BB5 /* IOSurface.framework */; };
		2CF54B09205A2A1C000B80E3 /* vulkan.framework in Frameworks */ = {isa = PBXBuildFile; fileRef = 2CF54B08205A2A1C000B80E3 /* vulkan.framework */; };
/* End PBXBuildFile section */

/* Begin PBXFileReference section */
		2C1E3F45210870B80072D5D3 /* w_render_target.h */ = {isa = PBXFileReference; fileEncoding = 4; lastKnownFileType = sourcecode.c.h; name = w_render_target.h; path = ../../../src/wolf.render/vulkan/w_render_target.h; sourceTree = "<group>"; };
		2C1E3F46210870B80072D5D3 /* w_command_buffers.h */ = {isa = PBXFileReference; fileEncoding = 4; lastKnownFileType = sourcecode.c.h; name = w_command_buffers.h; path = ../../../src/wolf.render/vulkan/w_command_buffers.h; sourceTree = "<group>"; };
		2C1E3F47210870B80072D5D3 /* w_imgui.cpp */ = {isa = PBXFileReference; fileEncoding = 4; lastKnownFileType = sourcecode.cpp.cpp; name = w_imgui.cpp; path = ../../../src/wolf.render/vulkan/w_imgui.cpp; sourceTree = "<group>"; };
		2C1E3F48210870B80072D5D3 /* w_pipeline.cpp */ = {isa = PBXFileReference; fileEncoding = 4; lastKnownFileType = sourcecode.cpp.cpp; name = w_pipeline.cpp; path = ../../../src/wolf.render/vulkan/w_pipeline.cpp; sourceTree = "<group>"; };
		2C1E3F49210870B80072D5D3 /* w_uniform.h */ = {isa = PBXFileReference; fileEncoding = 4; lastKnownFileType = sourcecode.c.h; name = w_uniform.h; path = ../../../src/wolf.render/vulkan/w_uniform.h; sourceTree = "<group>"; };
		2C1E3F4A210870B80072D5D3 /* w_buffer.h */ = {isa = PBXFileReference; fileEncoding = 4; lastKnownFileType = sourcecode.c.h; name = w_buffer.h; path = ../../../src/wolf.render/vulkan/w_buffer.h; sourceTree = "<group>"; };
		2C1E3F4B210870B80072D5D3 /* w_texture.cpp */ = {isa = PBXFileReference; fileEncoding = 4; lastKnownFileType = sourcecode.cpp.cpp; name = w_texture.cpp; path = ../../../src/wolf.render/vulkan/w_texture.cpp; sourceTree = "<group>"; };
		2C1E3F4C210870B80072D5D3 /* w_buffer.cpp */ = {isa = PBXFileReference; fileEncoding = 4; lastKnownFileType = sourcecode.cpp.cpp; name = w_buffer.cpp; path = ../../../src/wolf.render/vulkan/w_buffer.cpp; sourceTree = "<group>"; };
		2C1E3F4D210870B80072D5D3 /* w_shader.cpp */ = {isa = PBXFileReference; fileEncoding = 4; lastKnownFileType = sourcecode.cpp.cpp; name = w_shader.cpp; path = ../../../src/wolf.render/vulkan/w_shader.cpp; sourceTree = "<group>"; };
		2C1E3F4E210870B90072D5D3 /* w_render_target.cpp */ = {isa = PBXFileReference; fileEncoding = 4; lastKnownFileType = sourcecode.cpp.cpp; name = w_render_target.cpp; path = ../../../src/wolf.render/vulkan/w_render_target.cpp; sourceTree = "<group>"; };
		2C1E3F4F210870B90072D5D3 /* w_shader.h */ = {isa = PBXFileReference; fileEncoding = 4; lastKnownFileType = sourcecode.c.h; name = w_shader.h; path = ../../../src/wolf.render/vulkan/w_shader.h; sourceTree = "<group>"; };
		2C1E3F50210870B90072D5D3 /* w_texture.h */ = {isa = PBXFileReference; fileEncoding = 4; lastKnownFileType = sourcecode.c.h; name = w_texture.h; path = ../../../src/wolf.render/vulkan/w_texture.h; sourceTree = "<group>"; };
		2C1E3F51210870B90072D5D3 /* vk_mem_alloc.h */ = {isa = PBXFileReference; fileEncoding = 4; lastKnownFileType = sourcecode.c.h; name = vk_mem_alloc.h; path = ../../../src/wolf.render/vulkan/vk_mem_alloc.h; sourceTree = "<group>"; };
		2C1E3F52210870B90072D5D3 /* w_pipeline.h */ = {isa = PBXFileReference; fileEncoding = 4; lastKnownFileType = sourcecode.c.h; name = w_pipeline.h; path = ../../../src/wolf.render/vulkan/w_pipeline.h; sourceTree = "<group>"; };
		2C1E3F53210870B90072D5D3 /* w_memory_allocator.h */ = {isa = PBXFileReference; fileEncoding = 4; lastKnownFileType = sourcecode.c.h; name = w_memory_allocator.h; path = ../../../src/wolf.render/vulkan/w_memory_allocator.h; sourceTree = "<group>"; };
		2C1E3F54210870B90072D5D3 /* w_shapes.h */ = {isa = PBXFileReference; fileEncoding = 4; lastKnownFileType = sourcecode.c.h; name = w_shapes.h; path = ../../../src/wolf.render/vulkan/w_shapes.h; sourceTree = "<group>"; };
		2C1E3F55210870B90072D5D3 /* w_imgui.h */ = {isa = PBXFileReference; fileEncoding = 4; lastKnownFileType = sourcecode.c.h; name = w_imgui.h; path = ../../../src/wolf.render/vulkan/w_imgui.h; sourceTree = "<group>"; };
		2C1E3F56210870B90072D5D3 /* w_mesh.cpp */ = {isa = PBXFileReference; fileEncoding = 4; lastKnownFileType = sourcecode.cpp.cpp; name = w_mesh.cpp; path = ../../../src/wolf.render/vulkan/w_mesh.cpp; sourceTree = "<group>"; };
		2C1E3F57210870B90072D5D3 /* w_mesh.h */ = {isa = PBXFileReference; fileEncoding = 4; lastKnownFileType = sourcecode.c.h; name = w_mesh.h; path = ../../../src/wolf.render/vulkan/w_mesh.h; sourceTree = "<group>"; };
		2C1E3F58210870B90072D5D3 /* w_semaphore.h */ = {isa = PBXFileReference; fileEncoding = 4; lastKnownFileType = sourcecode.c.h; name = w_semaphore.h; path = ../../../src/wolf.render/vulkan/w_semaphore.h; sourceTree = "<group>"; };
		2C1E3F59210870B90072D5D3 /* w_shapes.cpp */ = {isa = PBXFileReference; fileEncoding = 4; lastKnownFileType = sourcecode.cpp.cpp; name = w_shapes.cpp; path = ../../../src/wolf.render/vulkan/w_shapes.cpp; sourceTree = "<group>"; };
		2C1E3F5A210870B90072D5D3 /* w_command_buffers.cpp */ = {isa = PBXFileReference; fileEncoding = 4; lastKnownFileType = sourcecode.cpp.cpp; name = w_command_buffers.cpp; path = ../../../src/wolf.render/vulkan/w_command_buffers.cpp; sourceTree = "<group>"; };
		2C1E3F5B210870B90072D5D3 /* w_occlusion_query.cpp */ = {isa = PBXFileReference; fileEncoding = 4; lastKnownFileType = sourcecode.cpp.cpp; name = w_occlusion_query.cpp; path = ../../../src/wolf.render/vulkan/w_occlusion_query.cpp; sourceTree = "<group>"; };
		2C1E3F5C210870B90072D5D3 /* w_occlusion_query.h */ = {isa = PBXFileReference; fileEncoding = 4; lastKnownFileType = sourcecode.c.h; name = w_occlusion_query.h; path = ../../../src/wolf.render/vulkan/w_occlusion_query.h; sourceTree = "<group>"; };
		2C1E3F5D210870B90072D5D3 /* w_render_pass.h */ = {isa = PBXFileReference; fileEncoding = 4; lastKnownFileType = sourcecode.c.h; name = w_render_pass.h; path = ../../../src/wolf.render/vulkan/w_render_pass.h; sourceTree = "<group>"; };
		2C1E3F5E210870B90072D5D3 /* w_fences.h */ = {isa = PBXFileReference; fileEncoding = 4; lastKnownFileType = sourcecode.c.h; name = w_fences.h; path = ../../../src/wolf.render/vulkan/w_fences.h; sourceTree = "<group>"; };
		2C1E3F5F210870B90072D5D3 /* w_queue.h */ = {isa = PBXFileReference; fileEncoding = 4; lastKnownFileType = sourcecode.c.h; name = w_queue.h; path = ../../../src/wolf.render/vulkan/w_queue.h; sourceTree = "<group>"; };
		2C1E3F60210870B90072D5D3 /* w_semaphore.cpp */ = {isa = PBXFileReference; fileEncoding = 4; lastKnownFileType = sourcecode.cpp.cpp; name = w_semaphore.cpp; path = ../../../src/wolf.render/vulkan/w_semaphore.cpp; sourceTree = "<group>"; };
		2C1E3F61210870BA0072D5D3 /* w_memory_allocator.cpp */ = {isa = PBXFileReference; fileEncoding = 4; lastKnownFileType = sourcecode.cpp.cpp; name = w_memory_allocator.cpp; path = ../../../src/wolf.render/vulkan/w_memory_allocator.cpp; sourceTree = "<group>"; };
		2C1E3F62210870BA0072D5D3 /* w_queue.cpp */ = {isa = PBXFileReference; fileEncoding = 4; lastKnownFileType = sourcecode.cpp.cpp; name = w_queue.cpp; path = ../../../src/wolf.render/vulkan/w_queue.cpp; sourceTree = "<group>"; };
		2C1E3F63210870BA0072D5D3 /* w_fences.cpp */ = {isa = PBXFileReference; fileEncoding = 4; lastKnownFileType = sourcecode.cpp.cpp; name = w_fences.cpp; path = ../../../src/wolf.render/vulkan/w_fences.cpp; sourceTree = "<group>"; };
		2C1E3F64210870BA0072D5D3 /* w_render_pass.cpp */ = {isa = PBXFileReference; fileEncoding = 4; lastKnownFileType = sourcecode.cpp.cpp; name = w_render_pass.cpp; path = ../../../src/wolf.render/vulkan/w_render_pass.cpp; sourceTree = "<group>"; };
		2C29CD1C1EB3344000BEFF54 /* w_game.cpp */ = {isa = PBXFileReference; fileEncoding = 4; lastKnownFileType = sourcecode.cpp.cpp; name = w_game.cpp; path = ../../../src/wolf.render/w_framework/w_game.cpp; sourceTree = "<group>"; };
		2C29CD1D1EB3344000BEFF54 /* w_game.h */ = {isa = PBXFileReference; fileEncoding = 4; lastKnownFileType = sourcecode.c.h; name = w_game.h; path = ../../../src/wolf.render/w_framework/w_game.h; sourceTree = "<group>"; };
		2C29CD261EB3834B00BEFF54 /* libwolf.content_pipeline.osx.dylib */ = {isa = PBXFileReference; lastKnownFileType = "compiled.mach-o.dylib"; name = libwolf.content_pipeline.osx.dylib; path = ../../../../bin/osx/Build/Products/Debug/libwolf.content_pipeline.osx.dylib; sourceTree = "<group>"; };
		2C38D9481E79646D00EE8595 /* w_graphics_device_manager.cpp */ = {isa = PBXFileReference; fileEncoding = 4; lastKnownFileType = sourcecode.cpp.cpp; name = w_graphics_device_manager.cpp; path = ../../../src/wolf.render/w_graphics_device_manager.cpp; sourceTree = "<group>"; };
		2C38D9491E79646D00EE8595 /* w_graphics_device_manager.h */ = {isa = PBXFileReference; fileEncoding = 4; lastKnownFileType = sourcecode.c.h; name = w_graphics_device_manager.h; path = ../../../src/wolf.render/w_graphics_device_manager.h; sourceTree = "<group>"; };
		2C38D94A1E79646D00EE8595 /* w_obj_c_wrapper.mm */ = {isa = PBXFileReference; fileEncoding = 4; lastKnownFileType = sourcecode.cpp.objcpp; name = w_obj_c_wrapper.mm; path = ../../../src/wolf.render/w_obj_c_wrapper.mm; sourceTree = "<group>"; };
		2C38D94B1E79646D00EE8595 /* w_render_export.h */ = {isa = PBXFileReference; fileEncoding = 4; lastKnownFileType = sourcecode.c.h; name = w_render_export.h; path = ../../../src/wolf.render/w_render_export.h; sourceTree = "<group>"; };
		2C38D94C1E79646D00EE8595 /* w_render_pch.cpp */ = {isa = PBXFileReference; fileEncoding = 4; lastKnownFileType = sourcecode.cpp.cpp; name = w_render_pch.cpp; path = ../../../src/wolf.render/w_render_pch.cpp; sourceTree = "<group>"; };
		2C38D94D1E79646D00EE8595 /* w_render_pch.h */ = {isa = PBXFileReference; fileEncoding = 4; lastKnownFileType = sourcecode.c.h; name = w_render_pch.h; path = ../../../src/wolf.render/w_render_pch.h; sourceTree = "<group>"; };
		2C4CD32E1E8A8DBB0090EE0A /* libwolf.system.osx.dylib */ = {isa = PBXFileReference; lastKnownFileType = "compiled.mach-o.dylib"; name = libwolf.system.osx.dylib; path = ../../../../bin/osx/Build/Products/Debug/libwolf.system.osx.dylib; sourceTree = "<group>"; };
		2C598C641FA2387A0055D215 /* w_graphics_headers.h */ = {isa = PBXFileReference; fileEncoding = 4; lastKnownFileType = sourcecode.c.h; name = w_graphics_headers.h; path = ../../../src/wolf.render/w_graphics_headers.h; sourceTree = "<group>"; };
		2C68597520D92A490096C33B /* w_first_person_camera.cpp */ = {isa = PBXFileReference; fileEncoding = 4; lastKnownFileType = sourcecode.cpp.cpp; name = w_first_person_camera.cpp; path = ../../../src/wolf.render/w_framework/w_first_person_camera.cpp; sourceTree = "<group>"; };
		2C68597620D92A490096C33B /* w_first_person_camera.h */ = {isa = PBXFileReference; fileEncoding = 4; lastKnownFileType = sourcecode.c.h; name = w_first_person_camera.h; path = ../../../src/wolf.render/w_framework/w_first_person_camera.h; sourceTree = "<group>"; };
		2C68597B20D92CE30096C33B /* w_masked_occlusion_culling.cpp */ = {isa = PBXFileReference; fileEncoding = 4; lastKnownFileType = sourcecode.cpp.cpp; name = w_masked_occlusion_culling.cpp; path = ../../../src/wolf.render/w_framework/w_masked_occlusion_culling.cpp; sourceTree = "<group>"; };
		2C68597C20D92CE30096C33B /* w_masked_occlusion_culling.h */ = {isa = PBXFileReference; fileEncoding = 4; lastKnownFileType = sourcecode.c.h; name = w_masked_occlusion_culling.h; path = ../../../src/wolf.render/w_framework/w_masked_occlusion_culling.h; sourceTree = "<group>"; };
		2C68598020D92D1B0096C33B /* MaskedOcclusionCulling.cpp */ = {isa = PBXFileReference; fileEncoding = 4; lastKnownFileType = sourcecode.cpp.cpp; name = MaskedOcclusionCulling.cpp; path = ../../../src/wolf.render/w_framework/masked_occlusion_culling/MaskedOcclusionCulling.cpp; sourceTree = "<group>"; };
		2C68598120D92D1B0096C33B /* CullingThreadpool.h */ = {isa = PBXFileReference; fileEncoding = 4; lastKnownFileType = sourcecode.c.h; name = CullingThreadpool.h; path = ../../../src/wolf.render/w_framework/masked_occlusion_culling/CullingThreadpool.h; sourceTree = "<group>"; };
		2C68598320D92D1B0096C33B /* CompilerSpecific.inl */ = {isa = PBXFileReference; fileEncoding = 4; lastKnownFileType = text; name = CompilerSpecific.inl; path = ../../../src/wolf.render/w_framework/masked_occlusion_culling/CompilerSpecific.inl; sourceTree = "<group>"; };
		2C68598420D92D1B0096C33B /* MaskedOcclusionCulling.h */ = {isa = PBXFileReference; fileEncoding = 4; lastKnownFileType = sourcecode.c.h; name = MaskedOcclusionCulling.h; path = ../../../src/wolf.render/w_framework/masked_occlusion_culling/MaskedOcclusionCulling.h; sourceTree = "<group>"; };
		2C68598520D92D1B0096C33B /* CullingThreadpool.cpp */ = {isa = PBXFileReference; fileEncoding = 4; lastKnownFileType = sourcecode.cpp.cpp; name = CullingThreadpool.cpp; path = ../../../src/wolf.render/w_framework/masked_occlusion_culling/CullingThreadpool.cpp; sourceTree = "<group>"; };
		2C68598620D92D1B0096C33B /* FrameRecorder.h */ = {isa = PBXFileReference; fileEncoding = 4; lastKnownFileType = sourcecode.c.h; name = FrameRecorder.h; path = ../../../src/wolf.render/w_framework/masked_occlusion_culling/FrameRecorder.h; sourceTree = "<group>"; };
		2C68598720D92D1B0096C33B /* FrameRecorder.cpp */ = {isa = PBXFileReference; fileEncoding = 4; lastKnownFileType = sourcecode.cpp.cpp; name = FrameRecorder.cpp; path = ../../../src/wolf.render/w_framework/masked_occlusion_culling/FrameRecorder.cpp; sourceTree = "<group>"; };
		2C68598820D92D1B0096C33B /* MaskedOcclusionCullingCommon.inl */ = {isa = PBXFileReference; fileEncoding = 4; lastKnownFileType = text; name = MaskedOcclusionCullingCommon.inl; path = ../../../src/wolf.render/w_framework/masked_occlusion_culling/MaskedOcclusionCullingCommon.inl; sourceTree = "<group>"; };
		2C68598920D92D1B0096C33B /* MaskedOcclusionCullingAVX2.cpp */ = {isa = PBXFileReference; fileEncoding = 4; lastKnownFileType = sourcecode.cpp.cpp; name = MaskedOcclusionCullingAVX2.cpp; path = ../../../src/wolf.render/w_framework/masked_occlusion_culling/MaskedOcclusionCullingAVX2.cpp; sourceTree = "<group>"; };
		2C68599220D92F400096C33B /* MaskedOcclusionCullingAVX512.cpp */ = {isa = PBXFileReference; fileEncoding = 4; lastKnownFileType = sourcecode.cpp.cpp; name = MaskedOcclusionCullingAVX512.cpp; path = ../../../src/wolf.render/w_framework/masked_occlusion_culling/MaskedOcclusionCullingAVX512.cpp; sourceTree = "<group>"; };
		2C69E9A91E5EC2CB00F15C44 /* libwolf.render.vulkan.osx.dylib */ = {isa = PBXFileReference; explicitFileType = "compiled.mach-o.dylib"; includeInIndex = 0; path = libwolf.render.vulkan.osx.dylib; sourceTree = BUILT_PRODUCTS_DIR; };
		2C766E6B20B343C4000C66F4 /* libassimp.4.1.0.dylib */ = {isa = PBXFileReference; lastKnownFileType = "compiled.mach-o.dylib"; name = libassimp.4.1.0.dylib; path = ../../../dependencies/assimp/lib/osx/debug/libassimp.4.1.0.dylib; sourceTree = "<group>"; };
		2C860FA31E5F1E80000E71B5 /* libc++.tbd */ = {isa = PBXFileReference; lastKnownFileType = "sourcecode.text-based-dylib-definition"; name = "libc++.tbd"; path = "usr/lib/libc++.tbd"; sourceTree = SDKROOT; };
		2C860FA51E5F1E86000E71B5 /* Metal.framework */ = {isa = PBXFileReference; lastKnownFileType = wrapper.framework; name = Metal.framework; path = System/Library/Frameworks/Metal.framework; sourceTree = SDKROOT; };
		2C860FA71E5F1E8C000E71B5 /* QuartzCore.framework */ = {isa = PBXFileReference; lastKnownFileType = wrapper.framework; name = QuartzCore.framework; path = System/Library/Frameworks/QuartzCore.framework; sourceTree = SDKROOT; };
		2CA945E61ED9F7CC007B70B8 /* imgui_draw.cpp */ = {isa = PBXFileReference; fileEncoding = 4; lastKnownFileType = sourcecode.cpp.cpp; name = imgui_draw.cpp; path = ../../../src/wolf.render/imgui/imgui_draw.cpp; sourceTree = "<group>"; };
		2CA945E91ED9F7CC007B70B8 /* imgui.cpp */ = {isa = PBXFileReference; fileEncoding = 4; lastKnownFileType = sourcecode.cpp.cpp; name = imgui.cpp; path = ../../../src/wolf.render/imgui/imgui.cpp; sourceTree = "<group>"; };
		2CA945EA1ED9F7CC007B70B8 /* imgui.h */ = {isa = PBXFileReference; fileEncoding = 4; lastKnownFileType = sourcecode.c.h; name = imgui.h; path = ../../../src/wolf.render/imgui/imgui.h; sourceTree = "<group>"; };
		2CA945F01EDA8B4F007B70B8 /* imgui_demo.cpp */ = {isa = PBXFileReference; fileEncoding = 4; lastKnownFileType = sourcecode.cpp.cpp; name = imgui_demo.cpp; path = ../../../src/wolf.render/imgui/imgui_demo.cpp; sourceTree = "<group>"; };
		2CCE632C1FD5E6EF00EC0BB5 /* IOSurface.framework */ = {isa = PBXFileReference; lastKnownFileType = wrapper.framework; name = IOSurface.framework; path = System/Library/Frameworks/IOSurface.framework; sourceTree = SDKROOT; };
		2CF54B08205A2A1C000B80E3 /* vulkan.framework */ = {isa = PBXFileReference; lastKnownFileType = wrapper.framework; name = vulkan.framework; path = ../../../dependencies/vulkan/macOS/macOS/Frameworks/vulkan.framework; sourceTree = "<group>"; };
/* End PBXFileReference section */

/* Begin PBXFrameworksBuildPhase section */
		2C69E9A61E5EC2CB00F15C44 /* Frameworks */ = {
			isa = PBXFrameworksBuildPhase;
			buildActionMask = 2147483647;
			files = (
				2C766E6C20B343C4000C66F4 /* libassimp.4.1.0.dylib in Frameworks */,
				2CF54B09205A2A1C000B80E3 /* vulkan.framework in Frameworks */,
				2C7079991EACE6F2003784A2 /* libwolf.system.osx.dylib in Frameworks */,
				2C68597A20D92AEC0096C33B /* libwolf.content_pipeline.osx.dylib in Frameworks */,
				2CCE632E1FD5E73000EC0BB5 /* IOSurface.framework in Frameworks */,
				2C860FA81E5F1E8C000E71B5 /* QuartzCore.framework in Frameworks */,
				2C860FA61E5F1E86000E71B5 /* Metal.framework in Frameworks */,
				2C860FA41E5F1E80000E71B5 /* libc++.tbd in Frameworks */,
			);
			runOnlyForDeploymentPostprocessing = 0;
		};
/* End PBXFrameworksBuildPhase section */

/* Begin PBXGroup section */
		2C1B3FF31E97DC5300512959 /* vulkan */ = {
			isa = PBXGroup;
			children = (
				2C1E3F51210870B90072D5D3 /* vk_mem_alloc.h */,
				2C1E3F4C210870B80072D5D3 /* w_buffer.cpp */,
				2C1E3F4A210870B80072D5D3 /* w_buffer.h */,
				2C1E3F5A210870B90072D5D3 /* w_command_buffers.cpp */,
				2C1E3F46210870B80072D5D3 /* w_command_buffers.h */,
				2C1E3F63210870BA0072D5D3 /* w_fences.cpp */,
				2C1E3F5E210870B90072D5D3 /* w_fences.h */,
				2C1E3F47210870B80072D5D3 /* w_imgui.cpp */,
				2C1E3F55210870B90072D5D3 /* w_imgui.h */,
				2C1E3F61210870BA0072D5D3 /* w_memory_allocator.cpp */,
				2C1E3F53210870B90072D5D3 /* w_memory_allocator.h */,
				2C1E3F56210870B90072D5D3 /* w_mesh.cpp */,
				2C1E3F57210870B90072D5D3 /* w_mesh.h */,
				2C1E3F5B210870B90072D5D3 /* w_occlusion_query.cpp */,
				2C1E3F5C210870B90072D5D3 /* w_occlusion_query.h */,
				2C1E3F48210870B80072D5D3 /* w_pipeline.cpp */,
				2C1E3F52210870B90072D5D3 /* w_pipeline.h */,
				2C1E3F62210870BA0072D5D3 /* w_queue.cpp */,
				2C1E3F5F210870B90072D5D3 /* w_queue.h */,
				2C1E3F64210870BA0072D5D3 /* w_render_pass.cpp */,
				2C1E3F5D210870B90072D5D3 /* w_render_pass.h */,
				2C1E3F4E210870B90072D5D3 /* w_render_target.cpp */,
				2C1E3F45210870B80072D5D3 /* w_render_target.h */,
				2C1E3F60210870B90072D5D3 /* w_semaphore.cpp */,
				2C1E3F58210870B90072D5D3 /* w_semaphore.h */,
				2C1E3F4D210870B80072D5D3 /* w_shader.cpp */,
				2C1E3F4F210870B90072D5D3 /* w_shader.h */,
				2C1E3F59210870B90072D5D3 /* w_shapes.cpp */,
				2C1E3F54210870B90072D5D3 /* w_shapes.h */,
				2C1E3F4B210870B80072D5D3 /* w_texture.cpp */,
				2C1E3F50210870B90072D5D3 /* w_texture.h */,
				2C1E3F49210870B80072D5D3 /* w_uniform.h */,
			);
			name = vulkan;
			sourceTree = "<group>";
		};
		2C29CD131EB3339E00BEFF54 /* w_framework */ = {
			isa = PBXGroup;
			children = (
				2C68597F20D92CED0096C33B /* masked_occlusion_culling */,
				2C68597520D92A490096C33B /* w_first_person_camera.cpp */,
				2C68597620D92A490096C33B /* w_first_person_camera.h */,
				2C29CD1C1EB3344000BEFF54 /* w_game.cpp */,
				2C29CD1D1EB3344000BEFF54 /* w_game.h */,
				2C68597B20D92CE30096C33B /* w_masked_occlusion_culling.cpp */,
				2C68597C20D92CE30096C33B /* w_masked_occlusion_culling.h */,
			);
			name = w_framework;
			sourceTree = "<group>";
		};
		2C68597F20D92CED0096C33B /* masked_occlusion_culling */ = {
			isa = PBXGroup;
			children = (
				2C68598320D92D1B0096C33B /* CompilerSpecific.inl */,
				2C68598520D92D1B0096C33B /* CullingThreadpool.cpp */,
				2C68598120D92D1B0096C33B /* CullingThreadpool.h */,
				2C68598720D92D1B0096C33B /* FrameRecorder.cpp */,
				2C68598620D92D1B0096C33B /* FrameRecorder.h */,
				2C68598020D92D1B0096C33B /* MaskedOcclusionCulling.cpp */,
				2C68598420D92D1B0096C33B /* MaskedOcclusionCulling.h */,
				2C68598920D92D1B0096C33B /* MaskedOcclusionCullingAVX2.cpp */,
				2C68599220D92F400096C33B /* MaskedOcclusionCullingAVX512.cpp */,
				2C68598820D92D1B0096C33B /* MaskedOcclusionCullingCommon.inl */,
			);
			name = masked_occlusion_culling;
			sourceTree = "<group>";
		};
		2C69E9A01E5EC2CB00F15C44 = {
			isa = PBXGroup;
			children = (
				2CA945DB1ED9F5B9007B70B8 /* imgui */,
				2C29CD131EB3339E00BEFF54 /* w_framework */,
				2C1B3FF31E97DC5300512959 /* vulkan */,
				2C598C641FA2387A0055D215 /* w_graphics_headers.h */,
				2C38D9481E79646D00EE8595 /* w_graphics_device_manager.cpp */,
				2C38D9491E79646D00EE8595 /* w_graphics_device_manager.h */,
				2C38D94A1E79646D00EE8595 /* w_obj_c_wrapper.mm */,
				2C38D94B1E79646D00EE8595 /* w_render_export.h */,
				2C38D94C1E79646D00EE8595 /* w_render_pch.cpp */,
				2C38D94D1E79646D00EE8595 /* w_render_pch.h */,
				2C69E9AA1E5EC2CB00F15C44 /* Products */,
				2C860FA01E5F1E5B000E71B5 /* Frameworks */,
			);
			sourceTree = "<group>";
		};
		2C69E9AA1E5EC2CB00F15C44 /* Products */ = {
			isa = PBXGroup;
			children = (
				2C69E9A91E5EC2CB00F15C44 /* libwolf.render.vulkan.osx.dylib */,
			);
			name = Products;
			sourceTree = "<group>";
		};
		2C860FA01E5F1E5B000E71B5 /* Frameworks */ = {
			isa = PBXGroup;
			children = (
				2C766E6B20B343C4000C66F4 /* libassimp.4.1.0.dylib */,
				2CF54B08205A2A1C000B80E3 /* vulkan.framework */,
				2CCE632C1FD5E6EF00EC0BB5 /* IOSurface.framework */,
				2C29CD261EB3834B00BEFF54 /* libwolf.content_pipeline.osx.dylib */,
				2C4CD32E1E8A8DBB0090EE0A /* libwolf.system.osx.dylib */,
				2C860FA71E5F1E8C000E71B5 /* QuartzCore.framework */,
				2C860FA51E5F1E86000E71B5 /* Metal.framework */,
				2C860FA31E5F1E80000E71B5 /* libc++.tbd */,
			);
			name = Frameworks;
			sourceTree = "<group>";
		};
		2CA945DB1ED9F5B9007B70B8 /* imgui */ = {
			isa = PBXGroup;
			children = (
				2CA945F01EDA8B4F007B70B8 /* imgui_demo.cpp */,
				2CA945E61ED9F7CC007B70B8 /* imgui_draw.cpp */,
				2CA945E91ED9F7CC007B70B8 /* imgui.cpp */,
				2CA945EA1ED9F7CC007B70B8 /* imgui.h */,
			);
			name = imgui;
			sourceTree = "<group>";
		};
/* End PBXGroup section */

/* Begin PBXHeadersBuildPhase section */
		2C69E9A71E5EC2CB00F15C44 /* Headers */ = {
			isa = PBXHeadersBuildPhase;
			buildActionMask = 2147483647;
			files = (
				2C1E3F74210870BA0072D5D3 /* w_shapes.h in Headers */,
				2C598C651FA2387B0055D215 /* w_graphics_headers.h in Headers */,
				2C38D9531E79646D00EE8595 /* w_render_pch.h in Headers */,
				2C1E3F7D210870BA0072D5D3 /* w_render_pass.h in Headers */,
				2C1E3F6A210870BA0072D5D3 /* w_buffer.h in Headers */,
				2C1E3F7E210870BA0072D5D3 /* w_fences.h in Headers */,
				2C68598D20D92D1B0096C33B /* MaskedOcclusionCulling.h in Headers */,
				2C1E3F70210870BA0072D5D3 /* w_texture.h in Headers */,
				2C1E3F73210870BA0072D5D3 /* w_memory_allocator.h in Headers */,
				2C1E3F77210870BA0072D5D3 /* w_mesh.h in Headers */,
				2C1E3F7F210870BA0072D5D3 /* w_queue.h in Headers */,
				2C1E3F72210870BA0072D5D3 /* w_pipeline.h in Headers */,
				2C1E3F69210870BA0072D5D3 /* w_uniform.h in Headers */,
				2C1E3F65210870BA0072D5D3 /* w_render_target.h in Headers */,
				2C1E3F75210870BA0072D5D3 /* w_imgui.h in Headers */,
				2CA945EF1ED9F7CC007B70B8 /* imgui.h in Headers */,
				2C38D94F1E79646D00EE8595 /* w_graphics_device_manager.h in Headers */,
				2C68597820D92A490096C33B /* w_first_person_camera.h in Headers */,
				2C68597E20D92CE30096C33B /* w_masked_occlusion_culling.h in Headers */,
				2C68598F20D92D1B0096C33B /* FrameRecorder.h in Headers */,
				2C38D9511E79646D00EE8595 /* w_render_export.h in Headers */,
				2C1E3F7C210870BA0072D5D3 /* w_occlusion_query.h in Headers */,
				2C68598B20D92D1B0096C33B /* CullingThreadpool.h in Headers */,
				2C1E3F6F210870BA0072D5D3 /* w_shader.h in Headers */,
				2C1E3F71210870BA0072D5D3 /* vk_mem_alloc.h in Headers */,
				2C1E3F78210870BA0072D5D3 /* w_semaphore.h in Headers */,
				2C29CD1F1EB3344000BEFF54 /* w_game.h in Headers */,
				2C1E3F66210870BA0072D5D3 /* w_command_buffers.h in Headers */,
			);
			runOnlyForDeploymentPostprocessing = 0;
		};
/* End PBXHeadersBuildPhase section */

/* Begin PBXNativeTarget section */
		2C69E9A81E5EC2CB00F15C44 /* wolf.render.vulkan.osx */ = {
			isa = PBXNativeTarget;
			buildConfigurationList = 2C69E9B41E5EC2CB00F15C44 /* Build configuration list for PBXNativeTarget "wolf.render.vulkan.osx" */;
			buildPhases = (
				2C69E9A51E5EC2CB00F15C44 /* Sources */,
				2C69E9A61E5EC2CB00F15C44 /* Frameworks */,
				2C69E9A71E5EC2CB00F15C44 /* Headers */,
			);
			buildRules = (
			);
			dependencies = (
			);
			name = wolf.render.vulkan.osx;
			productName = wolf.render.vulkan;
			productReference = 2C69E9A91E5EC2CB00F15C44 /* libwolf.render.vulkan.osx.dylib */;
			productType = "com.apple.product-type.library.dynamic";
		};
/* End PBXNativeTarget section */

/* Begin PBXProject section */
		2C69E9A11E5EC2CB00F15C44 /* Project object */ = {
			isa = PBXProject;
			attributes = {
				LastUpgradeCheck = 0900;
				ORGANIZATIONNAME = WolfSource.io;
				TargetAttributes = {
					2C69E9A81E5EC2CB00F15C44 = {
						CreatedOnToolsVersion = 8.2.1;
						DevelopmentTeam = J2WEUYPJ98;
						ProvisioningStyle = Automatic;
					};
				};
			};
			buildConfigurationList = 2C69E9A41E5EC2CB00F15C44 /* Build configuration list for PBXProject "wolf.render.vulkan.osx" */;
			compatibilityVersion = "Xcode 3.2";
			developmentRegion = English;
			hasScannedForEncodings = 0;
			knownRegions = (
				en,
			);
			mainGroup = 2C69E9A01E5EC2CB00F15C44;
			productRefGroup = 2C69E9AA1E5EC2CB00F15C44 /* Products */;
			projectDirPath = "";
			projectRoot = "";
			targets = (
				2C69E9A81E5EC2CB00F15C44 /* wolf.render.vulkan.osx */,
			);
		};
/* End PBXProject section */

/* Begin PBXSourcesBuildPhase section */
		2C69E9A51E5EC2CB00F15C44 /* Sources */ = {
			isa = PBXSourcesBuildPhase;
			buildActionMask = 2147483647;
			files = (
				2CA945EB1ED9F7CC007B70B8 /* imgui_draw.cpp in Sources */,
				2C29CD1E1EB3344000BEFF54 /* w_game.cpp in Sources */,
				2C1E3F6B210870BA0072D5D3 /* w_texture.cpp in Sources */,
				2C1E3F76210870BA0072D5D3 /* w_mesh.cpp in Sources */,
				2C68599120D92D1B0096C33B /* MaskedOcclusionCullingAVX2.cpp in Sources */,
				2C68599020D92D1B0096C33B /* FrameRecorder.cpp in Sources */,
				2C38D9521E79646D00EE8595 /* w_render_pch.cpp in Sources */,
				2C1E3F7A210870BA0072D5D3 /* w_command_buffers.cpp in Sources */,
				2C1E3F84210870BA0072D5D3 /* w_render_pass.cpp in Sources */,
				2C38D94E1E79646D00EE8595 /* w_graphics_device_manager.cpp in Sources */,
				2C1E3F6D210870BA0072D5D3 /* w_shader.cpp in Sources */,
				2C68597D20D92CE30096C33B /* w_masked_occlusion_culling.cpp in Sources */,
				2C68598E20D92D1B0096C33B /* CullingThreadpool.cpp in Sources */,
				2C1E3F6C210870BA0072D5D3 /* w_buffer.cpp in Sources */,
				2C38D9501E79646D00EE8595 /* w_obj_c_wrapper.mm in Sources */,
				2C1E3F6E210870BA0072D5D3 /* w_render_target.cpp in Sources */,
				2C68599320D92F400096C33B /* MaskedOcclusionCullingAVX512.cpp in Sources */,
				2C1E3F7B210870BA0072D5D3 /* w_occlusion_query.cpp in Sources */,
				2C68597720D92A490096C33B /* w_first_person_camera.cpp in Sources */,
				2C1E3F68210870BA0072D5D3 /* w_pipeline.cpp in Sources */,
				2CA945F11EDA8B4F007B70B8 /* imgui_demo.cpp in Sources */,
				2C1E3F80210870BA0072D5D3 /* w_semaphore.cpp in Sources */,
				2CA945EE1ED9F7CC007B70B8 /* imgui.cpp in Sources */,
				2C1E3F81210870BA0072D5D3 /* w_memory_allocator.cpp in Sources */,
				2C1E3F83210870BA0072D5D3 /* w_fences.cpp in Sources */,
				2C1E3F67210870BA0072D5D3 /* w_imgui.cpp in Sources */,
				2C68598A20D92D1B0096C33B /* MaskedOcclusionCulling.cpp in Sources */,
				2C1E3F79210870BA0072D5D3 /* w_shapes.cpp in Sources */,
				2C1E3F82210870BA0072D5D3 /* w_queue.cpp in Sources */,
			);
			runOnlyForDeploymentPostprocessing = 0;
		};
/* End PBXSourcesBuildPhase section */

/* Begin XCBuildConfiguration section */
		2C69E9B21E5EC2CB00F15C44 /* Debug */ = {
			isa = XCBuildConfiguration;
			buildSettings = {
				ALWAYS_SEARCH_USER_PATHS = NO;
				CLANG_ANALYZER_NONNULL = YES;
				CLANG_CXX_LANGUAGE_STANDARD = "c++14";
				CLANG_CXX_LIBRARY = "libc++";
				CLANG_ENABLE_MODULES = YES;
				CLANG_ENABLE_OBJC_ARC = YES;
				CLANG_WARN_BLOCK_CAPTURE_AUTORELEASING = YES;
				CLANG_WARN_BOOL_CONVERSION = YES;
				CLANG_WARN_COMMA = YES;
				CLANG_WARN_CONSTANT_CONVERSION = YES;
				CLANG_WARN_DIRECT_OBJC_ISA_USAGE = YES_ERROR;
				CLANG_WARN_DOCUMENTATION_COMMENTS = YES;
				CLANG_WARN_EMPTY_BODY = YES;
				CLANG_WARN_ENUM_CONVERSION = YES;
				CLANG_WARN_INFINITE_RECURSION = YES;
				CLANG_WARN_INT_CONVERSION = YES;
				CLANG_WARN_NON_LITERAL_NULL_CONVERSION = YES;
				CLANG_WARN_OBJC_LITERAL_CONVERSION = YES;
				CLANG_WARN_OBJC_ROOT_CLASS = YES_ERROR;
				CLANG_WARN_RANGE_LOOP_ANALYSIS = YES;
				CLANG_WARN_STRICT_PROTOTYPES = YES;
				CLANG_WARN_SUSPICIOUS_MOVE = YES;
				CLANG_WARN_UNREACHABLE_CODE = YES;
				CLANG_WARN__DUPLICATE_METHOD_MATCH = YES;
				CLANG_X86_VECTOR_INSTRUCTIONS = default;
				CODE_SIGN_IDENTITY = "-";
				COPY_PHASE_STRIP = NO;
				DEBUG_INFORMATION_FORMAT = dwarf;
				ENABLE_STRICT_OBJC_MSGSEND = YES;
				ENABLE_TESTABILITY = YES;
				FRAMEWORK_SEARCH_PATHS = "";
				GCC_C_LANGUAGE_STANDARD = gnu99;
				GCC_DYNAMIC_NO_PIC = NO;
				GCC_NO_COMMON_BLOCKS = YES;
				GCC_OPTIMIZATION_LEVEL = 0;
				GCC_PRECOMPILE_PREFIX_HEADER = YES;
				GCC_PREPROCESSOR_DEFINITIONS = "";
				GCC_WARN_64_TO_32_BIT_CONVERSION = YES;
				GCC_WARN_ABOUT_RETURN_TYPE = YES_ERROR;
				GCC_WARN_UNDECLARED_SELECTOR = YES;
				GCC_WARN_UNINITIALIZED_AUTOS = YES_AGGRESSIVE;
				GCC_WARN_UNUSED_FUNCTION = YES;
				GCC_WARN_UNUSED_VARIABLE = YES;
				HEADER_SEARCH_PATHS = "";
				"HEADER_SEARCH_PATHS[arch=*]" = "";
				MACOSX_DEPLOYMENT_TARGET = 10.13;
				MTL_ENABLE_DEBUG_INFO = YES;
				ONLY_ACTIVE_ARCH = YES;
				SDKROOT = macosx;
				"VALID_ARCHS[sdk=*]" = "";
			};
			name = Debug;
		};
		2C69E9B31E5EC2CB00F15C44 /* Release */ = {
			isa = XCBuildConfiguration;
			buildSettings = {
				ALWAYS_SEARCH_USER_PATHS = NO;
				CLANG_ANALYZER_NONNULL = YES;
				CLANG_CXX_LANGUAGE_STANDARD = "c++14";
				CLANG_CXX_LIBRARY = "libc++";
				CLANG_ENABLE_MODULES = YES;
				CLANG_ENABLE_OBJC_ARC = YES;
				CLANG_WARN_BLOCK_CAPTURE_AUTORELEASING = YES;
				CLANG_WARN_BOOL_CONVERSION = YES;
				CLANG_WARN_COMMA = YES;
				CLANG_WARN_CONSTANT_CONVERSION = YES;
				CLANG_WARN_DIRECT_OBJC_ISA_USAGE = YES_ERROR;
				CLANG_WARN_DOCUMENTATION_COMMENTS = YES;
				CLANG_WARN_EMPTY_BODY = YES;
				CLANG_WARN_ENUM_CONVERSION = YES;
				CLANG_WARN_INFINITE_RECURSION = YES;
				CLANG_WARN_INT_CONVERSION = YES;
				CLANG_WARN_NON_LITERAL_NULL_CONVERSION = YES;
				CLANG_WARN_OBJC_LITERAL_CONVERSION = YES;
				CLANG_WARN_OBJC_ROOT_CLASS = YES_ERROR;
				CLANG_WARN_RANGE_LOOP_ANALYSIS = YES;
				CLANG_WARN_STRICT_PROTOTYPES = YES;
				CLANG_WARN_SUSPICIOUS_MOVE = YES;
				CLANG_WARN_UNREACHABLE_CODE = YES;
				CLANG_WARN__DUPLICATE_METHOD_MATCH = YES;
				CLANG_X86_VECTOR_INSTRUCTIONS = default;
				CODE_SIGN_IDENTITY = "-";
				COPY_PHASE_STRIP = NO;
				DEBUG_INFORMATION_FORMAT = "dwarf-with-dsym";
				ENABLE_NS_ASSERTIONS = NO;
				ENABLE_STRICT_OBJC_MSGSEND = YES;
				FRAMEWORK_SEARCH_PATHS = "";
				GCC_C_LANGUAGE_STANDARD = gnu99;
				GCC_NO_COMMON_BLOCKS = YES;
				GCC_PRECOMPILE_PREFIX_HEADER = YES;
				GCC_PREPROCESSOR_DEFINITIONS = "";
				GCC_WARN_64_TO_32_BIT_CONVERSION = YES;
				GCC_WARN_ABOUT_RETURN_TYPE = YES_ERROR;
				GCC_WARN_UNDECLARED_SELECTOR = YES;
				GCC_WARN_UNINITIALIZED_AUTOS = YES_AGGRESSIVE;
				GCC_WARN_UNUSED_FUNCTION = YES;
				GCC_WARN_UNUSED_VARIABLE = YES;
				HEADER_SEARCH_PATHS = "";
				MACOSX_DEPLOYMENT_TARGET = 10.13;
				MTL_ENABLE_DEBUG_INFO = NO;
				ONLY_ACTIVE_ARCH = NO;
				SDKROOT = macosx;
				"VALID_ARCHS[sdk=*]" = "";
			};
			name = Release;
		};
		2C69E9B51E5EC2CB00F15C44 /* Debug */ = {
			isa = XCBuildConfiguration;
			buildSettings = {
				CLANG_CXX_LANGUAGE_STANDARD = "c++14";
				DEVELOPMENT_TEAM = J2WEUYPJ98;
				DYLIB_COMPATIBILITY_VERSION = 1;
				DYLIB_CURRENT_VERSION = 1;
				EXECUTABLE_PREFIX = lib;
				FRAMEWORK_SEARCH_PATHS = "";
				"FRAMEWORK_SEARCH_PATHS[arch=*]" = (
					"$(SRCROOT)/../../../dependencies/vulkan/macOS/macOS/Frameworks",
					"$(SRCROOT)/../../../dependencies/assimp/lib/osx/debug/",
				);
				GCC_ENABLE_CPP_EXCEPTIONS = YES;
				GCC_ENABLE_CPP_RTTI = YES;
				GCC_PRECOMPILE_PREFIX_HEADER = YES;
				GCC_PREFIX_HEADER = "$(SRCROOT)/../../../src/wolf.render/w_render_pch.h";
				GCC_PREPROCESSOR_DEFINITIONS = "";
				"GCC_PREPROCESSOR_DEFINITIONS[arch=*]" = (
					DEBUG,
					__VULKAN__,
					MSGPACK_USE_CPP03,
					MSGPACK_DISABLE_LEGACY_NIL,
				);
				GCC_SYMBOLS_PRIVATE_EXTERN = YES;
				HEADER_SEARCH_PATHS = "";
				"HEADER_SEARCH_PATHS[arch=*]" = (
					"$(SRCROOT)/../../../dependencies/vulkan/macOS/macOS/include",
					"$(SRCROOT)/../../../dependencies/luaJIT/include",
					"$(SRCROOT)/../../../dependencies/nanomsg/include",
					"$(SRCROOT)/../../../src/wolf.system",
					"$(SRCROOT)/../../../src/wolf.render",
					"$(SRCROOT)/../../../src/wolf.content_pipeline",
				);
				LIBRARY_SEARCH_PATHS = "";
				"LIBRARY_SEARCH_PATHS[arch=*]" = "$(SRCROOT)/../../../dependencies/assimp/lib/osx/debug/";
				PRODUCT_NAME = "$(TARGET_NAME)";
				VALID_ARCHS = "";
				"VALID_ARCHS[sdk=*]" = x86_64;
			};
			name = Debug;
		};
		2C69E9B61E5EC2CB00F15C44 /* Release */ = {
			isa = XCBuildConfiguration;
			buildSettings = {
				CLANG_CXX_LANGUAGE_STANDARD = "c++14";
				DEVELOPMENT_TEAM = J2WEUYPJ98;
				DYLIB_COMPATIBILITY_VERSION = 1;
				DYLIB_CURRENT_VERSION = 1;
				EXECUTABLE_PREFIX = lib;
				FRAMEWORK_SEARCH_PATHS = "";
				GCC_ENABLE_CPP_EXCEPTIONS = YES;
				GCC_ENABLE_CPP_RTTI = YES;
				GCC_PRECOMPILE_PREFIX_HEADER = YES;
				GCC_PREFIX_HEADER = "$(SRCROOT)/../../../src/wolf.render/w_render_pch.h";
				GCC_SYMBOLS_PRIVATE_EXTERN = YES;
				LIBRARY_SEARCH_PATHS = "";
				PRODUCT_NAME = "$(TARGET_NAME)";
				VALID_ARCHS = "";
				"VALID_ARCHS[sdk=*]" = x86_64;
			};
			name = Release;
		};
/* End XCBuildConfiguration section */

/* Begin XCConfigurationList section */
		2C69E9A41E5EC2CB00F15C44 /* Build configuration list for PBXProject "wolf.render.vulkan.osx" */ = {
			isa = XCConfigurationList;
			buildConfigurations = (
				2C69E9B21E5EC2CB00F15C44 /* Debug */,
				2C69E9B31E5EC2CB00F15C44 /* Release */,
			);
			defaultConfigurationIsVisible = 0;
			defaultConfigurationName = Release;
		};
		2C69E9B41E5EC2CB00F15C44 /* Build configuration list for PBXNativeTarget "wolf.render.vulkan.osx" */ = {
			isa = XCConfigurationList;
			buildConfigurations = (
				2C69E9B51E5EC2CB00F15C44 /* Debug */,
				2C69E9B61E5EC2CB00F15C44 /* Release */,
			);
			defaultConfigurationIsVisible = 0;
			defaultConfigurationName = Release;
		};
/* End XCConfigurationList section */
	};
	rootObject = 2C69E9A11E5EC2CB00F15C44 /* Project object */;
}
