<?xml version="1.0" encoding="utf-8"?>
<Project ToolsVersion="4.0" xmlns="http://schemas.microsoft.com/developer/msbuild/2003">
  <ItemGroup>
    <ClCompile Include="..\..\..\..\common\main.cpp" />
    <ClCompile Include="..\..\..\..\common\pch.cpp" />
    <ClCompile Include="..\..\src\scene.cpp" />
  </ItemGroup>
  <ItemGroup>
    <ClInclude Include="..\..\..\..\common\pch.h" />
    <ClInclude Include="..\..\src\scene.h" />
  </ItemGroup>
  <ItemGroup>
    <Filter Include="content">
      <UniqueIdentifier>{b97fc056-0abc-4abc-9cb1-9252be2a4c74}</UniqueIdentifier>
    </Filter>
    <Filter Include="content\shaders">
      <UniqueIdentifier>{ef9cf00d-014f-479d-b122-0415d9c81c77}</UniqueIdentifier>
    </Filter>
  </ItemGroup>
  <ItemGroup>
    <None Include="..\..\..\05_texture\src\content\shaders\shader.frag">
      <Filter>content\shaders</Filter>
    </None>
    <None Include="..\..\..\05_texture\src\content\shaders\shader.vert">
      <Filter>content\shaders</Filter>
    </None>
    <None Include="..\..\src\content\shaders\tri_pass_through.tesc">
      <Filter>content\shaders</Filter>
    </None>
    <None Include="..\..\src\content\shaders\tri_pass_through.tese">
      <Filter>content\shaders</Filter>
    </None>
  </ItemGroup>
</Project>