
Microsoft Visual Studio Solution File, Format Version 12.00
# Visual Studio 14
VisualStudioVersion = 14.0.25420.1
MinimumVisualStudioVersion = 10.0.40219.1
Project("{2150E333-8FDC-42A3-9474-1A3956D46DE8}") = "01-system", "01-system", "{7741F09D-E859-412C-A94D-5F25017E6F20}"
EndProject
Project("{8BC9CEB8-8B4A-11D0-8D11-00A0C91BC942}") = "01_async.Win32", "01_system\01_async\builds\mvsc\01_async.Win32.vcxproj", "{A4EA59E0-C163-40B3-9A37-BA65DA04B5AB}"
EndProject
Project("{8BC9CEB8-8B4A-11D0-8D11-00A0C91BC942}") = "02_thread.Win32", "01_system\02_thread\builds\mvsc\02_thread.Win32.vcxproj", "{65DD8C37-23F9-4CEB-BDF0-79110555E0BA}"
EndProject
Project("{8BC9CEB8-8B4A-11D0-8D11-00A0C91BC942}") = "03_signal.Win32", "01_system\03_signal\builds\mvsc\03_signal.Win32.vcxproj", "{3C7350E1-10C1-402E-A4BB-B779499DB630}"
EndProject
Project("{8BC9CEB8-8B4A-11D0-8D11-00A0C91BC942}") = "04_timer.Win32", "01_system\04_timer\builds\mvsc\04_timer.Win32.vcxproj", "{2D850863-8D32-4A29-B234-CB2EF053F0A7}"
EndProject
Project("{8BC9CEB8-8B4A-11D0-8D11-00A0C91BC942}") = "05_window.Win32", "01_system\05_window\builds\mvsc\05_window.Win32.vcxproj", "{A64639B4-A979-4B32-8F42-BB7430439B77}"
EndProject
Project("{8BC9CEB8-8B4A-11D0-8D11-00A0C91BC942}") = "06_lua.Win32", "01_system\06_lua\builds\mvsc\06_lua.Win32.vcxproj", "{00CF2709-66E7-4421-9CB2-53763EAF3669}"
EndProject
Project("{2150E333-8FDC-42A3-9474-1A3956D46DE8}") = "02-basics", "02-basics", "{3A3C5124-CCC3-42AD-A2B5-CBBD8BDD7CBB}"
EndProject
Project("{2150E333-8FDC-42A3-9474-1A3956D46DE8}") = "03-advances", "03-advances", "{FEC82C93-8086-48FD-9D5C-A3D8DE346008}"
EndProject
Project("{2150E333-8FDC-42A3-9474-1A3956D46DE8}") = "04-intermediates", "04-intermediates", "{8875BCAA-A9A6-4A81-8F6F-AA9EC902AADF}"
EndProject
Project("{8BC9CEB8-8B4A-11D0-8D11-00A0C91BC942}") = "07_xml.Win32", "01_system\07_xml\builds\mvsc\07_xml.Win32.vcxproj", "{EA987FE4-68E7-4150-9F24-669D59CC1DE2}"
EndProject
Project("{8BC9CEB8-8B4A-11D0-8D11-00A0C91BC942}") = "08_json.Win32", "01_system\08_json\builds\mvsc\08_json.Win32.vcxproj", "{3A22FBB1-C982-4C2A-BDF1-3943535EBAC1}"
EndProject
Project("{8BC9CEB8-8B4A-11D0-8D11-00A0C91BC942}") = "01_clear.Win32", "02_basics\01_clear\builds\mvsc\01_clear.Win32.vcxproj", "{2680EBB2-EAA5-4A48-8C01-537448B6898D}"
EndProject
Project("{8BC9CEB8-8B4A-11D0-8D11-00A0C91BC942}") = "02_shader.Win32", "02_basics\02_shader\builds\mvsc\02_shader.Win32.vcxproj", "{E3FB2394-F769-4D51-A282-CD4118AAB568}"
EndProject
Project("{8BC9CEB8-8B4A-11D0-8D11-00A0C91BC942}") = "03_vertex_buffer.Win32", "02_basics\03_vertex_buffer\builds\mvsc\03_vertex_buffer.Win32.vcxproj", "{91744D0E-F654-415B-9956-AF0494A0ED96}"
EndProject
Global
	GlobalSection(SolutionConfigurationPlatforms) = preSolution
		Debug|x64 = Debug|x64
		Debug|x86 = Debug|x86
		Release|x64 = Release|x64
		Release|x86 = Release|x86
	EndGlobalSection
	GlobalSection(ProjectConfigurationPlatforms) = postSolution
		{A4EA59E0-C163-40B3-9A37-BA65DA04B5AB}.Debug|x64.ActiveCfg = Debug|x64
		{A4EA59E0-C163-40B3-9A37-BA65DA04B5AB}.Debug|x64.Build.0 = Debug|x64
		{A4EA59E0-C163-40B3-9A37-BA65DA04B5AB}.Debug|x86.ActiveCfg = Debug|Win32
		{A4EA59E0-C163-40B3-9A37-BA65DA04B5AB}.Debug|x86.Build.0 = Debug|Win32
		{A4EA59E0-C163-40B3-9A37-BA65DA04B5AB}.Release|x64.ActiveCfg = Release|x64
		{A4EA59E0-C163-40B3-9A37-BA65DA04B5AB}.Release|x64.Build.0 = Release|x64
		{A4EA59E0-C163-40B3-9A37-BA65DA04B5AB}.Release|x86.ActiveCfg = Release|Win32
		{A4EA59E0-C163-40B3-9A37-BA65DA04B5AB}.Release|x86.Build.0 = Release|Win32
		{65DD8C37-23F9-4CEB-BDF0-79110555E0BA}.Debug|x64.ActiveCfg = Debug|x64
		{65DD8C37-23F9-4CEB-BDF0-79110555E0BA}.Debug|x64.Build.0 = Debug|x64
		{65DD8C37-23F9-4CEB-BDF0-79110555E0BA}.Debug|x86.ActiveCfg = Debug|Win32
		{65DD8C37-23F9-4CEB-BDF0-79110555E0BA}.Debug|x86.Build.0 = Debug|Win32
		{65DD8C37-23F9-4CEB-BDF0-79110555E0BA}.Release|x64.ActiveCfg = Release|x64
		{65DD8C37-23F9-4CEB-BDF0-79110555E0BA}.Release|x64.Build.0 = Release|x64
		{65DD8C37-23F9-4CEB-BDF0-79110555E0BA}.Release|x86.ActiveCfg = Release|Win32
		{65DD8C37-23F9-4CEB-BDF0-79110555E0BA}.Release|x86.Build.0 = Release|Win32
		{3C7350E1-10C1-402E-A4BB-B779499DB630}.Debug|x64.ActiveCfg = Debug|x64
		{3C7350E1-10C1-402E-A4BB-B779499DB630}.Debug|x64.Build.0 = Debug|x64
		{3C7350E1-10C1-402E-A4BB-B779499DB630}.Debug|x86.ActiveCfg = Debug|Win32
		{3C7350E1-10C1-402E-A4BB-B779499DB630}.Debug|x86.Build.0 = Debug|Win32
		{3C7350E1-10C1-402E-A4BB-B779499DB630}.Release|x64.ActiveCfg = Release|x64
		{3C7350E1-10C1-402E-A4BB-B779499DB630}.Release|x64.Build.0 = Release|x64
		{3C7350E1-10C1-402E-A4BB-B779499DB630}.Release|x86.ActiveCfg = Release|Win32
		{3C7350E1-10C1-402E-A4BB-B779499DB630}.Release|x86.Build.0 = Release|Win32
		{2D850863-8D32-4A29-B234-CB2EF053F0A7}.Debug|x64.ActiveCfg = Debug|x64
		{2D850863-8D32-4A29-B234-CB2EF053F0A7}.Debug|x64.Build.0 = Debug|x64
		{2D850863-8D32-4A29-B234-CB2EF053F0A7}.Debug|x86.ActiveCfg = Debug|Win32
		{2D850863-8D32-4A29-B234-CB2EF053F0A7}.Debug|x86.Build.0 = Debug|Win32
		{2D850863-8D32-4A29-B234-CB2EF053F0A7}.Release|x64.ActiveCfg = Release|x64
		{2D850863-8D32-4A29-B234-CB2EF053F0A7}.Release|x64.Build.0 = Release|x64
		{2D850863-8D32-4A29-B234-CB2EF053F0A7}.Release|x86.ActiveCfg = Release|Win32
		{2D850863-8D32-4A29-B234-CB2EF053F0A7}.Release|x86.Build.0 = Release|Win32
		{A64639B4-A979-4B32-8F42-BB7430439B77}.Debug|x64.ActiveCfg = Debug|x64
		{A64639B4-A979-4B32-8F42-BB7430439B77}.Debug|x64.Build.0 = Debug|x64
		{A64639B4-A979-4B32-8F42-BB7430439B77}.Debug|x86.ActiveCfg = Debug|Win32
		{A64639B4-A979-4B32-8F42-BB7430439B77}.Debug|x86.Build.0 = Debug|Win32
		{A64639B4-A979-4B32-8F42-BB7430439B77}.Release|x64.ActiveCfg = Release|x64
		{A64639B4-A979-4B32-8F42-BB7430439B77}.Release|x64.Build.0 = Release|x64
		{A64639B4-A979-4B32-8F42-BB7430439B77}.Release|x86.ActiveCfg = Release|Win32
		{A64639B4-A979-4B32-8F42-BB7430439B77}.Release|x86.Build.0 = Release|Win32
		{00CF2709-66E7-4421-9CB2-53763EAF3669}.Debug|x64.ActiveCfg = Debug|x64
		{00CF2709-66E7-4421-9CB2-53763EAF3669}.Debug|x64.Build.0 = Debug|x64
		{00CF2709-66E7-4421-9CB2-53763EAF3669}.Debug|x86.ActiveCfg = Debug|Win32
		{00CF2709-66E7-4421-9CB2-53763EAF3669}.Debug|x86.Build.0 = Debug|Win32
		{00CF2709-66E7-4421-9CB2-53763EAF3669}.Release|x64.ActiveCfg = Release|x64
		{00CF2709-66E7-4421-9CB2-53763EAF3669}.Release|x64.Build.0 = Release|x64
		{00CF2709-66E7-4421-9CB2-53763EAF3669}.Release|x86.ActiveCfg = Release|Win32
		{00CF2709-66E7-4421-9CB2-53763EAF3669}.Release|x86.Build.0 = Release|Win32
		{EA987FE4-68E7-4150-9F24-669D59CC1DE2}.Debug|x64.ActiveCfg = Debug|x64
		{EA987FE4-68E7-4150-9F24-669D59CC1DE2}.Debug|x64.Build.0 = Debug|x64
		{EA987FE4-68E7-4150-9F24-669D59CC1DE2}.Debug|x86.ActiveCfg = Debug|Win32
		{EA987FE4-68E7-4150-9F24-669D59CC1DE2}.Debug|x86.Build.0 = Debug|Win32
		{EA987FE4-68E7-4150-9F24-669D59CC1DE2}.Release|x64.ActiveCfg = Release|x64
		{EA987FE4-68E7-4150-9F24-669D59CC1DE2}.Release|x64.Build.0 = Release|x64
		{EA987FE4-68E7-4150-9F24-669D59CC1DE2}.Release|x86.ActiveCfg = Release|Win32
		{EA987FE4-68E7-4150-9F24-669D59CC1DE2}.Release|x86.Build.0 = Release|Win32
		{3A22FBB1-C982-4C2A-BDF1-3943535EBAC1}.Debug|x64.ActiveCfg = Debug|x64
		{3A22FBB1-C982-4C2A-BDF1-3943535EBAC1}.Debug|x64.Build.0 = Debug|x64
		{3A22FBB1-C982-4C2A-BDF1-3943535EBAC1}.Debug|x86.ActiveCfg = Debug|Win32
		{3A22FBB1-C982-4C2A-BDF1-3943535EBAC1}.Debug|x86.Build.0 = Debug|Win32
		{3A22FBB1-C982-4C2A-BDF1-3943535EBAC1}.Release|x64.ActiveCfg = Release|x64
		{3A22FBB1-C982-4C2A-BDF1-3943535EBAC1}.Release|x64.Build.0 = Release|x64
		{3A22FBB1-C982-4C2A-BDF1-3943535EBAC1}.Release|x86.ActiveCfg = Release|Win32
		{3A22FBB1-C982-4C2A-BDF1-3943535EBAC1}.Release|x86.Build.0 = Release|Win32
		{2680EBB2-EAA5-4A48-8C01-537448B6898D}.Debug|x64.ActiveCfg = Debug|x64
		{2680EBB2-EAA5-4A48-8C01-537448B6898D}.Debug|x64.Build.0 = Debug|x64
		{2680EBB2-EAA5-4A48-8C01-537448B6898D}.Debug|x86.ActiveCfg = Debug|Win32
		{2680EBB2-EAA5-4A48-8C01-537448B6898D}.Debug|x86.Build.0 = Debug|Win32
		{2680EBB2-EAA5-4A48-8C01-537448B6898D}.Release|x64.ActiveCfg = Release|x64
		{2680EBB2-EAA5-4A48-8C01-537448B6898D}.Release|x64.Build.0 = Release|x64
		{2680EBB2-EAA5-4A48-8C01-537448B6898D}.Release|x86.ActiveCfg = Release|Win32
		{2680EBB2-EAA5-4A48-8C01-537448B6898D}.Release|x86.Build.0 = Release|Win32
		{E3FB2394-F769-4D51-A282-CD4118AAB568}.Debug|x64.ActiveCfg = Debug|x64
		{E3FB2394-F769-4D51-A282-CD4118AAB568}.Debug|x64.Build.0 = Debug|x64
		{E3FB2394-F769-4D51-A282-CD4118AAB568}.Debug|x86.ActiveCfg = Debug|Win32
		{E3FB2394-F769-4D51-A282-CD4118AAB568}.Debug|x86.Build.0 = Debug|Win32
		{E3FB2394-F769-4D51-A282-CD4118AAB568}.Release|x64.ActiveCfg = Release|x64
		{E3FB2394-F769-4D51-A282-CD4118AAB568}.Release|x64.Build.0 = Release|x64
		{E3FB2394-F769-4D51-A282-CD4118AAB568}.Release|x86.ActiveCfg = Release|Win32
		{E3FB2394-F769-4D51-A282-CD4118AAB568}.Release|x86.Build.0 = Release|Win32
		{91744D0E-F654-415B-9956-AF0494A0ED96}.Debug|x64.ActiveCfg = Debug|x64
		{91744D0E-F654-415B-9956-AF0494A0ED96}.Debug|x64.Build.0 = Debug|x64
		{91744D0E-F654-415B-9956-AF0494A0ED96}.Debug|x86.ActiveCfg = Debug|Win32
		{91744D0E-F654-415B-9956-AF0494A0ED96}.Debug|x86.Build.0 = Debug|Win32
		{91744D0E-F654-415B-9956-AF0494A0ED96}.Release|x64.ActiveCfg = Release|x64
		{91744D0E-F654-415B-9956-AF0494A0ED96}.Release|x64.Build.0 = Release|x64
		{91744D0E-F654-415B-9956-AF0494A0ED96}.Release|x86.ActiveCfg = Release|Win32
		{91744D0E-F654-415B-9956-AF0494A0ED96}.Release|x86.Build.0 = Release|Win32
	EndGlobalSection
	GlobalSection(SolutionProperties) = preSolution
		HideSolutionNode = FALSE
	EndGlobalSection
	GlobalSection(NestedProjects) = preSolution
		{A4EA59E0-C163-40B3-9A37-BA65DA04B5AB} = {7741F09D-E859-412C-A94D-5F25017E6F20}
		{65DD8C37-23F9-4CEB-BDF0-79110555E0BA} = {7741F09D-E859-412C-A94D-5F25017E6F20}
		{3C7350E1-10C1-402E-A4BB-B779499DB630} = {7741F09D-E859-412C-A94D-5F25017E6F20}
		{2D850863-8D32-4A29-B234-CB2EF053F0A7} = {7741F09D-E859-412C-A94D-5F25017E6F20}
		{A64639B4-A979-4B32-8F42-BB7430439B77} = {7741F09D-E859-412C-A94D-5F25017E6F20}
		{00CF2709-66E7-4421-9CB2-53763EAF3669} = {7741F09D-E859-412C-A94D-5F25017E6F20}
		{EA987FE4-68E7-4150-9F24-669D59CC1DE2} = {7741F09D-E859-412C-A94D-5F25017E6F20}
		{3A22FBB1-C982-4C2A-BDF1-3943535EBAC1} = {7741F09D-E859-412C-A94D-5F25017E6F20}
		{2680EBB2-EAA5-4A48-8C01-537448B6898D} = {3A3C5124-CCC3-42AD-A2B5-CBBD8BDD7CBB}
		{E3FB2394-F769-4D51-A282-CD4118AAB568} = {3A3C5124-CCC3-42AD-A2B5-CBBD8BDD7CBB}
		{91744D0E-F654-415B-9956-AF0494A0ED96} = {3A3C5124-CCC3-42AD-A2B5-CBBD8BDD7CBB}
	EndGlobalSection
EndGlobal
