// !$*UTF8*$!
{
	archiveVersion = 1;
	classes = {
	};
	objectVersion = 46;
	objects = {

/* Begin PBXBuildFile section */
		2C07D514203192E1005E7D14 /* libavcodec.57.dylib in Frameworks */ = {isa = PBXBuildFile; fileRef = 2C0F368920062258001CB2DF /* libavcodec.57.dylib */; };
		2C07D515203192E1005E7D14 /* libavdevice.57.dylib in Frameworks */ = {isa = PBXBuildFile; fileRef = 2C0F369C20062C1F001CB2DF /* libavdevice.57.dylib */; };
		2C07D516203192E1005E7D14 /* libavfilter.6.dylib in Frameworks */ = {isa = PBXBuildFile; fileRef = 2C0F369D20062C1F001CB2DF /* libavfilter.6.dylib */; };
		2C07D517203192E1005E7D14 /* libavformat.57.dylib in Frameworks */ = {isa = PBXBuildFile; fileRef = 2C0F368A20062258001CB2DF /* libavformat.57.dylib */; };
		2C07D518203192E1005E7D14 /* libavutil.55.dylib in Frameworks */ = {isa = PBXBuildFile; fileRef = 2C0F368C20062258001CB2DF /* libavutil.55.dylib */; };
		2C07D519203192E1005E7D14 /* libpostproc.54.dylib in Frameworks */ = {isa = PBXBuildFile; fileRef = 2C0F369E20062C1F001CB2DF /* libpostproc.54.dylib */; };
		2C07D51A203192E1005E7D14 /* libswresample.2.dylib in Frameworks */ = {isa = PBXBuildFile; fileRef = 2C0F368820062258001CB2DF /* libswresample.2.dylib */; };
		2C07D51B203192E1005E7D14 /* libswscale.4.dylib in Frameworks */ = {isa = PBXBuildFile; fileRef = 2C0F368B20062258001CB2DF /* libswscale.4.dylib */; };
		2C0F36972006226B001CB2DF /* w_media_core.cpp in Sources */ = {isa = PBXBuildFile; fileRef = 2C0F36922006226B001CB2DF /* w_media_core.cpp */; };
		2C0F36982006226B001CB2DF /* w_media_core_export.h in Headers */ = {isa = PBXBuildFile; fileRef = 2C0F36932006226B001CB2DF /* w_media_core_export.h */; };
		2C0F36992006226B001CB2DF /* w_media_core.h in Headers */ = {isa = PBXBuildFile; fileRef = 2C0F36942006226B001CB2DF /* w_media_core.h */; };
		2C0F369A2006226B001CB2DF /* w_media_core_pch.h in Headers */ = {isa = PBXBuildFile; fileRef = 2C0F36952006226B001CB2DF /* w_media_core_pch.h */; };
		2C0F369B2006226B001CB2DF /* w_media_core_pch.cpp in Sources */ = {isa = PBXBuildFile; fileRef = 2C0F36962006226B001CB2DF /* w_media_core_pch.cpp */; };
		2C4CCB2F1EB1045E00E0A422 /* libwolf.system.osx.dylib in Frameworks */ = {isa = PBXBuildFile; fileRef = 2C4CCB2E1EB1045E00E0A422 /* libwolf.system.osx.dylib */; };
/* End PBXBuildFile section */

/* Begin PBXFileReference section */
		2C0F368820062258001CB2DF /* libswresample.2.dylib */ = {isa = PBXFileReference; lastKnownFileType = "compiled.mach-o.dylib"; name = libswresample.2.dylib; path = ../../../dependencies/ffmpeg/bin/osx/libswresample.2.dylib; sourceTree = "<group>"; };
		2C0F368920062258001CB2DF /* libavcodec.57.dylib */ = {isa = PBXFileReference; lastKnownFileType = "compiled.mach-o.dylib"; name = libavcodec.57.dylib; path = ../../../dependencies/ffmpeg/bin/osx/libavcodec.57.dylib; sourceTree = "<group>"; };
		2C0F368A20062258001CB2DF /* libavformat.57.dylib */ = {isa = PBXFileReference; lastKnownFileType = "compiled.mach-o.dylib"; name = libavformat.57.dylib; path = ../../../dependencies/ffmpeg/bin/osx/libavformat.57.dylib; sourceTree = "<group>"; };
		2C0F368B20062258001CB2DF /* libswscale.4.dylib */ = {isa = PBXFileReference; lastKnownFileType = "compiled.mach-o.dylib"; name = libswscale.4.dylib; path = ../../../dependencies/ffmpeg/bin/osx/libswscale.4.dylib; sourceTree = "<group>"; };
		2C0F368C20062258001CB2DF /* libavutil.55.dylib */ = {isa = PBXFileReference; lastKnownFileType = "compiled.mach-o.dylib"; name = libavutil.55.dylib; path = ../../../dependencies/ffmpeg/bin/osx/libavutil.55.dylib; sourceTree = "<group>"; };
		2C0F36922006226B001CB2DF /* w_media_core.cpp */ = {isa = PBXFileReference; fileEncoding = 4; lastKnownFileType = sourcecode.cpp.cpp; name = w_media_core.cpp; path = ../../../src/wolf.media_core/w_media_core.cpp; sourceTree = "<group>"; };
		2C0F36932006226B001CB2DF /* w_media_core_export.h */ = {isa = PBXFileReference; fileEncoding = 4; lastKnownFileType = sourcecode.c.h; name = w_media_core_export.h; path = ../../../src/wolf.media_core/w_media_core_export.h; sourceTree = "<group>"; };
		2C0F36942006226B001CB2DF /* w_media_core.h */ = {isa = PBXFileReference; fileEncoding = 4; lastKnownFileType = sourcecode.c.h; name = w_media_core.h; path = ../../../src/wolf.media_core/w_media_core.h; sourceTree = "<group>"; };
		2C0F36952006226B001CB2DF /* w_media_core_pch.h */ = {isa = PBXFileReference; fileEncoding = 4; lastKnownFileType = sourcecode.c.h; name = w_media_core_pch.h; path = ../../../src/wolf.media_core/w_media_core_pch.h; sourceTree = "<group>"; };
		2C0F36962006226B001CB2DF /* w_media_core_pch.cpp */ = {isa = PBXFileReference; fileEncoding = 4; lastKnownFileType = sourcecode.cpp.cpp; name = w_media_core_pch.cpp; path = ../../../src/wolf.media_core/w_media_core_pch.cpp; sourceTree = "<group>"; };
		2C0F369C20062C1F001CB2DF /* libavdevice.57.dylib */ = {isa = PBXFileReference; lastKnownFileType = "compiled.mach-o.dylib"; name = libavdevice.57.dylib; path = ../../../dependencies/ffmpeg/bin/osx/libavdevice.57.dylib; sourceTree = "<group>"; };
		2C0F369D20062C1F001CB2DF /* libavfilter.6.dylib */ = {isa = PBXFileReference; lastKnownFileType = "compiled.mach-o.dylib"; name = libavfilter.6.dylib; path = ../../../dependencies/ffmpeg/bin/osx/libavfilter.6.dylib; sourceTree = "<group>"; };
		2C0F369E20062C1F001CB2DF /* libpostproc.54.dylib */ = {isa = PBXFileReference; lastKnownFileType = "compiled.mach-o.dylib"; name = libpostproc.54.dylib; path = ../../../dependencies/ffmpeg/bin/osx/libpostproc.54.dylib; sourceTree = "<group>"; };
		2C4CCB2E1EB1045E00E0A422 /* libwolf.system.osx.dylib */ = {isa = PBXFileReference; lastKnownFileType = "compiled.mach-o.dylib"; name = libwolf.system.osx.dylib; path = ../../../../bin/osx/Build/Products/Debug/libwolf.system.osx.dylib; sourceTree = "<group>"; };
		2CD617231E59DA3E006FC5DC /* libwolf.media_core.osx.dylib */ = {isa = PBXFileReference; explicitFileType = "compiled.mach-o.dylib"; includeInIndex = 0; path = libwolf.media_core.osx.dylib; sourceTree = BUILT_PRODUCTS_DIR; };
/* End PBXFileReference section */

/* Begin PBXFrameworksBuildPhase section */
		2CD617201E59DA3E006FC5DC /* Frameworks */ = {
			isa = PBXFrameworksBuildPhase;
			buildActionMask = 2147483647;
			files = (
				2C07D514203192E1005E7D14 /* libavcodec.57.dylib in Frameworks */,
				2C07D515203192E1005E7D14 /* libavdevice.57.dylib in Frameworks */,
				2C07D516203192E1005E7D14 /* libavfilter.6.dylib in Frameworks */,
				2C07D517203192E1005E7D14 /* libavformat.57.dylib in Frameworks */,
				2C07D518203192E1005E7D14 /* libavutil.55.dylib in Frameworks */,
				2C07D519203192E1005E7D14 /* libpostproc.54.dylib in Frameworks */,
				2C07D51A203192E1005E7D14 /* libswresample.2.dylib in Frameworks */,
				2C07D51B203192E1005E7D14 /* libswscale.4.dylib in Frameworks */,
				2C4CCB2F1EB1045E00E0A422 /* libwolf.system.osx.dylib in Frameworks */,
			);
			runOnlyForDeploymentPostprocessing = 0;
		};
/* End PBXFrameworksBuildPhase section */

/* Begin PBXGroup section */
		2CD6171A1E59DA3E006FC5DC = {
			isa = PBXGroup;
			children = (
				2C0F36932006226B001CB2DF /* w_media_core_export.h */,
				2C0F36962006226B001CB2DF /* w_media_core_pch.cpp */,
				2C0F36952006226B001CB2DF /* w_media_core_pch.h */,
				2C0F36922006226B001CB2DF /* w_media_core.cpp */,
				2C0F36942006226B001CB2DF /* w_media_core.h */,
				2CD617241E59DA3E006FC5DC /* Products */,
				2CFA170D1E674C850041A83F /* Frameworks */,
			);
			sourceTree = "<group>";
		};
		2CD617241E59DA3E006FC5DC /* Products */ = {
			isa = PBXGroup;
			children = (
				2CD617231E59DA3E006FC5DC /* libwolf.media_core.osx.dylib */,
			);
			name = Products;
			sourceTree = "<group>";
		};
		2CFA170D1E674C850041A83F /* Frameworks */ = {
			isa = PBXGroup;
			children = (
				2C0F369C20062C1F001CB2DF /* libavdevice.57.dylib */,
				2C0F369D20062C1F001CB2DF /* libavfilter.6.dylib */,
				2C0F369E20062C1F001CB2DF /* libpostproc.54.dylib */,
				2C0F368920062258001CB2DF /* libavcodec.57.dylib */,
				2C0F368A20062258001CB2DF /* libavformat.57.dylib */,
				2C0F368C20062258001CB2DF /* libavutil.55.dylib */,
				2C0F368820062258001CB2DF /* libswresample.2.dylib */,
				2C0F368B20062258001CB2DF /* libswscale.4.dylib */,
				2C4CCB2E1EB1045E00E0A422 /* libwolf.system.osx.dylib */,
			);
			name = Frameworks;
			sourceTree = "<group>";
		};
/* End PBXGroup section */

/* Begin PBXHeadersBuildPhase section */
		2CD617211E59DA3E006FC5DC /* Headers */ = {
			isa = PBXHeadersBuildPhase;
			buildActionMask = 2147483647;
			files = (
				2C0F369A2006226B001CB2DF /* w_media_core_pch.h in Headers */,
				2C0F36992006226B001CB2DF /* w_media_core.h in Headers */,
				2C0F36982006226B001CB2DF /* w_media_core_export.h in Headers */,
			);
			runOnlyForDeploymentPostprocessing = 0;
		};
/* End PBXHeadersBuildPhase section */

/* Begin PBXNativeTarget section */
		2CD617221E59DA3E006FC5DC /* wolf.media_core.osx */ = {
			isa = PBXNativeTarget;
			buildConfigurationList = 2CD6172E1E59DA3E006FC5DC /* Build configuration list for PBXNativeTarget "wolf.media_core.osx" */;
			buildPhases = (
				2CD6171F1E59DA3E006FC5DC /* Sources */,
				2CD617201E59DA3E006FC5DC /* Frameworks */,
				2CD617211E59DA3E006FC5DC /* Headers */,
			);
			buildRules = (
			);
			dependencies = (
			);
			name = wolf.media_core.osx;
			productName = wolf.media_core;
			productReference = 2CD617231E59DA3E006FC5DC /* libwolf.media_core.osx.dylib */;
			productType = "com.apple.product-type.library.dynamic";
		};
/* End PBXNativeTarget section */

/* Begin PBXProject section */
		2CD6171B1E59DA3E006FC5DC /* Project object */ = {
			isa = PBXProject;
			attributes = {
				LastUpgradeCheck = 0900;
				ORGANIZATIONNAME = WolfSource.io;
				TargetAttributes = {
					2CD617221E59DA3E006FC5DC = {
						CreatedOnToolsVersion = 8.2.1;
						DevelopmentTeam = J2WEUYPJ98;
						ProvisioningStyle = Automatic;
					};
				};
			};
			buildConfigurationList = 2CD6171E1E59DA3E006FC5DC /* Build configuration list for PBXProject "wolf.media_core.osx" */;
			compatibilityVersion = "Xcode 3.2";
			developmentRegion = English;
			hasScannedForEncodings = 0;
			knownRegions = (
				en,
			);
			mainGroup = 2CD6171A1E59DA3E006FC5DC;
			productRefGroup = 2CD617241E59DA3E006FC5DC /* Products */;
			projectDirPath = "";
			projectRoot = "";
			targets = (
				2CD617221E59DA3E006FC5DC /* wolf.media_core.osx */,
			);
		};
/* End PBXProject section */

/* Begin PBXSourcesBuildPhase section */
		2CD6171F1E59DA3E006FC5DC /* Sources */ = {
			isa = PBXSourcesBuildPhase;
			buildActionMask = 2147483647;
			files = (
				2C0F36972006226B001CB2DF /* w_media_core.cpp in Sources */,
				2C0F369B2006226B001CB2DF /* w_media_core_pch.cpp in Sources */,
			);
			runOnlyForDeploymentPostprocessing = 0;
		};
/* End PBXSourcesBuildPhase section */

/* Begin XCBuildConfiguration section */
		2CD6172C1E59DA3E006FC5DC /* Debug */ = {
			isa = XCBuildConfiguration;
			buildSettings = {
				ALWAYS_SEARCH_USER_PATHS = NO;
				CLANG_ANALYZER_NONNULL = YES;
				CLANG_CXX_LANGUAGE_STANDARD = "c++14";
				CLANG_CXX_LIBRARY = "libc++";
				CLANG_ENABLE_MODULES = YES;
				CLANG_ENABLE_OBJC_ARC = YES;
				CLANG_WARN_BLOCK_CAPTURE_AUTORELEASING = YES;
				CLANG_WARN_BOOL_CONVERSION = YES;
				CLANG_WARN_COMMA = YES;
				CLANG_WARN_CONSTANT_CONVERSION = YES;
				CLANG_WARN_DIRECT_OBJC_ISA_USAGE = YES_ERROR;
				CLANG_WARN_DOCUMENTATION_COMMENTS = YES;
				CLANG_WARN_EMPTY_BODY = YES;
				CLANG_WARN_ENUM_CONVERSION = YES;
				CLANG_WARN_INFINITE_RECURSION = YES;
				CLANG_WARN_INT_CONVERSION = YES;
				CLANG_WARN_NON_LITERAL_NULL_CONVERSION = YES;
				CLANG_WARN_OBJC_LITERAL_CONVERSION = YES;
				CLANG_WARN_OBJC_ROOT_CLASS = YES_ERROR;
				CLANG_WARN_RANGE_LOOP_ANALYSIS = YES;
				CLANG_WARN_STRICT_PROTOTYPES = YES;
				CLANG_WARN_SUSPICIOUS_MOVE = YES;
				CLANG_WARN_UNREACHABLE_CODE = YES;
				CLANG_WARN__DUPLICATE_METHOD_MATCH = YES;
				CODE_SIGN_IDENTITY = "-";
				COPY_PHASE_STRIP = NO;
				DEBUG_INFORMATION_FORMAT = dwarf;
				ENABLE_STRICT_OBJC_MSGSEND = YES;
				ENABLE_TESTABILITY = YES;
				GCC_C_LANGUAGE_STANDARD = gnu11;
				GCC_DYNAMIC_NO_PIC = NO;
				GCC_NO_COMMON_BLOCKS = YES;
				GCC_OPTIMIZATION_LEVEL = 0;
				GCC_PREPROCESSOR_DEFINITIONS = (
					"$(inherited)",
					"DEBUG=1",
					"MSGPACK_USE_CPP03=1",
					"MSGPACK_DISABLE_LEGACY_NIL=1",
				);
				GCC_WARN_64_TO_32_BIT_CONVERSION = YES;
				GCC_WARN_ABOUT_RETURN_TYPE = YES_ERROR;
				GCC_WARN_UNDECLARED_SELECTOR = YES;
				GCC_WARN_UNINITIALIZED_AUTOS = YES_AGGRESSIVE;
				GCC_WARN_UNUSED_FUNCTION = YES;
				GCC_WARN_UNUSED_VARIABLE = YES;
				HEADER_SEARCH_PATHS = "";
				MACOSX_DEPLOYMENT_TARGET = 10.13;
				MTL_ENABLE_DEBUG_INFO = YES;
				ONLY_ACTIVE_ARCH = YES;
				SDKROOT = macosx;
			};
			name = Debug;
		};
		2CD6172D1E59DA3E006FC5DC /* Release */ = {
			isa = XCBuildConfiguration;
			buildSettings = {
				ALWAYS_SEARCH_USER_PATHS = NO;
				CLANG_ANALYZER_NONNULL = YES;
				CLANG_CXX_LANGUAGE_STANDARD = "c++14";
				CLANG_CXX_LIBRARY = "libc++";
				CLANG_ENABLE_MODULES = YES;
				CLANG_ENABLE_OBJC_ARC = YES;
				CLANG_WARN_BLOCK_CAPTURE_AUTORELEASING = YES;
				CLANG_WARN_BOOL_CONVERSION = YES;
				CLANG_WARN_COMMA = YES;
				CLANG_WARN_CONSTANT_CONVERSION = YES;
				CLANG_WARN_DIRECT_OBJC_ISA_USAGE = YES_ERROR;
				CLANG_WARN_DOCUMENTATION_COMMENTS = YES;
				CLANG_WARN_EMPTY_BODY = YES;
				CLANG_WARN_ENUM_CONVERSION = YES;
				CLANG_WARN_INFINITE_RECURSION = YES;
				CLANG_WARN_INT_CONVERSION = YES;
				CLANG_WARN_NON_LITERAL_NULL_CONVERSION = YES;
				CLANG_WARN_OBJC_LITERAL_CONVERSION = YES;
				CLANG_WARN_OBJC_ROOT_CLASS = YES_ERROR;
				CLANG_WARN_RANGE_LOOP_ANALYSIS = YES;
				CLANG_WARN_STRICT_PROTOTYPES = YES;
				CLANG_WARN_SUSPICIOUS_MOVE = YES;
				CLANG_WARN_UNREACHABLE_CODE = YES;
				CLANG_WARN__DUPLICATE_METHOD_MATCH = YES;
				CODE_SIGN_IDENTITY = "-";
				COPY_PHASE_STRIP = NO;
				DEBUG_INFORMATION_FORMAT = "dwarf-with-dsym";
				ENABLE_NS_ASSERTIONS = NO;
				ENABLE_STRICT_OBJC_MSGSEND = YES;
				GCC_C_LANGUAGE_STANDARD = gnu11;
				GCC_NO_COMMON_BLOCKS = YES;
				"GCC_PREPROCESSOR_DEFINITIONS[arch=*]" = "";
				GCC_WARN_64_TO_32_BIT_CONVERSION = YES;
				GCC_WARN_ABOUT_RETURN_TYPE = YES_ERROR;
				GCC_WARN_UNDECLARED_SELECTOR = YES;
				GCC_WARN_UNINITIALIZED_AUTOS = YES_AGGRESSIVE;
				GCC_WARN_UNUSED_FUNCTION = YES;
				GCC_WARN_UNUSED_VARIABLE = YES;
				HEADER_SEARCH_PATHS = "";
				MACOSX_DEPLOYMENT_TARGET = 10.13;
				MTL_ENABLE_DEBUG_INFO = NO;
				SDKROOT = macosx;
			};
			name = Release;
		};
		2CD6172F1E59DA3E006FC5DC /* Debug */ = {
			isa = XCBuildConfiguration;
			buildSettings = {
				CLANG_CXX_LANGUAGE_STANDARD = "c++14";
				DEVELOPMENT_TEAM = J2WEUYPJ98;
				DYLIB_COMPATIBILITY_VERSION = 1;
				DYLIB_CURRENT_VERSION = 1;
				EXECUTABLE_PREFIX = lib;
				FRAMEWORK_SEARCH_PATHS = "";
				"FRAMEWORK_SEARCH_PATHS[arch=*]" = "$(SRCROOT)/../../../dependencies/ffmpeg/bin/osx/";
				GCC_ENABLE_CPP_EXCEPTIONS = YES;
				GCC_ENABLE_CPP_RTTI = YES;
				GCC_PRECOMPILE_PREFIX_HEADER = YES;
				GCC_PREFIX_HEADER = "$(SRCROOT)/../../../src/wolf.media_core/w_media_core_pch.h";
				GCC_PREPROCESSOR_DEFINITIONS = (
					"$(inherited)",
					"DEBUG=1",
					__720p__,
					__WOLF_MEDIA_CORE__,
				);
				GCC_SYMBOLS_PRIVATE_EXTERN = YES;
				HEADER_SEARCH_PATHS = "";
				"HEADER_SEARCH_PATHS[arch=*]" = (
					"$(SRCROOT)/../../../src/wolf.system",
					"$(SRCROOT)/../../../src/wolf.media_core",
					"$(SRCROOT)/../../../dependencies/ffmpeg/include/",
				);
				LIBRARY_SEARCH_PATHS = "";
				"LIBRARY_SEARCH_PATHS[arch=*]" = "$(SRCROOT)/../../../dependencies/ffmpeg/bin/osx/";
				PRODUCT_NAME = "$(TARGET_NAME)";
				"VALID_ARCHS[sdk=*]" = x86_64;
			};
			name = Debug;
		};
		2CD617301E59DA3E006FC5DC /* Release */ = {
			isa = XCBuildConfiguration;
			buildSettings = {
				CLANG_CXX_LANGUAGE_STANDARD = "c++14";
				DEVELOPMENT_TEAM = J2WEUYPJ98;
				DYLIB_COMPATIBILITY_VERSION = 1;
				DYLIB_CURRENT_VERSION = 1;
				EXECUTABLE_PREFIX = lib;
				FRAMEWORK_SEARCH_PATHS = "";
				GCC_ENABLE_CPP_EXCEPTIONS = YES;
				GCC_ENABLE_CPP_RTTI = YES;
				GCC_PRECOMPILE_PREFIX_HEADER = YES;
				GCC_PREFIX_HEADER = "$(SRCROOT)/../../../src/wolf.media_core/w_media_core_pch.h";
				GCC_PREPROCESSOR_DEFINITIONS = (
					__720p__,
					__WOLF_MEDIA_CORE__,
				);
				"GCC_PREPROCESSOR_DEFINITIONS[arch=*]" = "";
				GCC_SYMBOLS_PRIVATE_EXTERN = YES;
				HEADER_SEARCH_PATHS = "";
				LIBRARY_SEARCH_PATHS = "";
				PRODUCT_NAME = "$(TARGET_NAME)";
				"VALID_ARCHS[sdk=*]" = x86_64;
			};
			name = Release;
		};
/* End XCBuildConfiguration section */

/* Begin XCConfigurationList section */
		2CD6171E1E59DA3E006FC5DC /* Build configuration list for PBXProject "wolf.media_core.osx" */ = {
			isa = XCConfigurationList;
			buildConfigurations = (
				2CD6172C1E59DA3E006FC5DC /* Debug */,
				2CD6172D1E59DA3E006FC5DC /* Release */,
			);
			defaultConfigurationIsVisible = 0;
			defaultConfigurationName = Release;
		};
		2CD6172E1E59DA3E006FC5DC /* Build configuration list for PBXNativeTarget "wolf.media_core.osx" */ = {
			isa = XCConfigurationList;
			buildConfigurations = (
				2CD6172F1E59DA3E006FC5DC /* Debug */,
				2CD617301E59DA3E006FC5DC /* Release */,
			);
			defaultConfigurationIsVisible = 0;
			defaultConfigurationName = Release;
		};
/* End XCConfigurationList section */
	};
	rootObject = 2CD6171B1E59DA3E006FC5DC /* Project object */;
}
