// !$*UTF8*$!
{
	archiveVersion = 1;
	classes = {
	};
	objectVersion = 46;
	objects = {

/* Begin PBXBuildFile section */
		2C7079991EACE6F2003784A2 /* libwolf.system.osx.dylib in Frameworks */ = {isa = PBXBuildFile; fileRef = 2C4CD32E1E8A8DBB0090EE0A /* libwolf.system.osx.dylib */; };
		2C860FA41E5F1E80000E71B5 /* libc++.tbd in Frameworks */ = {isa = PBXBuildFile; fileRef = 2C860FA31E5F1E80000E71B5 /* libc++.tbd */; };
		2CB0F67C20E2AA21007C4553 /* w_embree_pch.cpp in Sources */ = {isa = PBXBuildFile; fileRef = 2CB0F67A20E2AA21007C4553 /* w_embree_pch.cpp */; };
		2CB0F67D20E2AA21007C4553 /* w_embree_pch.h in Headers */ = {isa = PBXBuildFile; fileRef = 2CB0F67B20E2AA21007C4553 /* w_embree_pch.h */; };
		2CB0F68020E2AC75007C4553 /* w_embree_export.h in Headers */ = {isa = PBXBuildFile; fileRef = 2CB0F67E20E2AC74007C4553 /* w_embree_export.h */; };
		2CB0F68120E2AC75007C4553 /* w_graphic_device_manager.h in Headers */ = {isa = PBXBuildFile; fileRef = 2CB0F67F20E2AC74007C4553 /* w_graphic_device_manager.h */; };
		2CB0F68320E3AD0D007C4553 /* w_graphic_device_manager.cpp in Sources */ = {isa = PBXBuildFile; fileRef = 2CB0F68220E3AD0D007C4553 /* w_graphic_device_manager.cpp */; };
		2CB0F68920E3D54B007C4553 /* libembree3.3.2.0.dylib in Frameworks */ = {isa = PBXBuildFile; fileRef = 2CB0F68820E3D54B007C4553 /* libembree3.3.2.0.dylib */; };
		2CB0F6B420E4030A007C4553 /* w_scene.cpp in Sources */ = {isa = PBXBuildFile; fileRef = 2CB0F6B220E4030A007C4553 /* w_scene.cpp */; };
		2CB0F6B520E4030A007C4553 /* w_scene.h in Headers */ = {isa = PBXBuildFile; fileRef = 2CB0F6B320E4030A007C4553 /* w_scene.h */; };
		2CBBBB5720E7EC370083887F /* libtbb_debug.dylib in Frameworks */ = {isa = PBXBuildFile; fileRef = 2CBBBB5620E7EC370083887F /* libtbb_debug.dylib */; };
		2CBBBBFD20E7F2530083887F /* vec3ba.h in Headers */ = {isa = PBXBuildFile; fileRef = 2CBBBBE720E7F2510083887F /* vec3ba.h */; };
		2CBBBBFE20E7F2530083887F /* vec3ia.h in Headers */ = {isa = PBXBuildFile; fileRef = 2CBBBBE820E7F2510083887F /* vec3ia.h */; };
		2CBBBBFF20E7F2530083887F /* linearspace3.h in Headers */ = {isa = PBXBuildFile; fileRef = 2CBBBBE920E7F2510083887F /* linearspace3.h */; };
		2CBBBC0020E7F2530083887F /* vec3fa.h in Headers */ = {isa = PBXBuildFile; fileRef = 2CBBBBEA20E7F2510083887F /* vec3fa.h */; };
		2CBBBC0120E7F2530083887F /* col3.h in Headers */ = {isa = PBXBuildFile; fileRef = 2CBBBBEB20E7F2510083887F /* col3.h */; };
		2CBBBC0220E7F2530083887F /* quaternion.h in Headers */ = {isa = PBXBuildFile; fileRef = 2CBBBBEC20E7F2510083887F /* quaternion.h */; };
		2CBBBC0320E7F2530083887F /* vec2.h in Headers */ = {isa = PBXBuildFile; fileRef = 2CBBBBED20E7F2510083887F /* vec2.h */; };
		2CBBBC0420E7F2530083887F /* color.h in Headers */ = {isa = PBXBuildFile; fileRef = 2CBBBBEE20E7F2510083887F /* color.h */; };
		2CBBBC0520E7F2530083887F /* linearspace2.h in Headers */ = {isa = PBXBuildFile; fileRef = 2CBBBBEF20E7F2510083887F /* linearspace2.h */; };
		2CBBBC0620E7F2530083887F /* lbbox.h in Headers */ = {isa = PBXBuildFile; fileRef = 2CBBBBF020E7F2520083887F /* lbbox.h */; };
		2CBBBC0720E7F2530083887F /* vec3.h in Headers */ = {isa = PBXBuildFile; fileRef = 2CBBBBF120E7F2520083887F /* vec3.h */; };
		2CBBBC0820E7F2530083887F /* affinespace.h in Headers */ = {isa = PBXBuildFile; fileRef = 2CBBBBF220E7F2520083887F /* affinespace.h */; };
		2CBBBC0920E7F2530083887F /* vec2fa.h in Headers */ = {isa = PBXBuildFile; fileRef = 2CBBBBF320E7F2520083887F /* vec2fa.h */; };
		2CBBBC0A20E7F2530083887F /* col4.h in Headers */ = {isa = PBXBuildFile; fileRef = 2CBBBBF420E7F2520083887F /* col4.h */; };
		2CBBBC0B20E7F2530083887F /* constants.h in Headers */ = {isa = PBXBuildFile; fileRef = 2CBBBBF520E7F2520083887F /* constants.h */; };
		2CBBBC0C20E7F2530083887F /* math.h in Headers */ = {isa = PBXBuildFile; fileRef = 2CBBBBF620E7F2520083887F /* math.h */; };
		2CBBBC0D20E7F2530083887F /* obbox.h in Headers */ = {isa = PBXBuildFile; fileRef = 2CBBBBF720E7F2520083887F /* obbox.h */; };
		2CBBBC0E20E7F2530083887F /* constants.cpp in Sources */ = {isa = PBXBuildFile; fileRef = 2CBBBBF820E7F2520083887F /* constants.cpp */; };
		2CBBBC0F20E7F2530083887F /* bbox.h in Headers */ = {isa = PBXBuildFile; fileRef = 2CBBBBF920E7F2520083887F /* bbox.h */; };
		2CBBBC1020E7F2530083887F /* interval.h in Headers */ = {isa = PBXBuildFile; fileRef = 2CBBBBFA20E7F2520083887F /* interval.h */; };
		2CBBBC1120E7F2530083887F /* range.h in Headers */ = {isa = PBXBuildFile; fileRef = 2CBBBBFB20E7F2520083887F /* range.h */; };
		2CBBBC1220E7F2530083887F /* vec4.h in Headers */ = {isa = PBXBuildFile; fileRef = 2CBBBBFC20E7F2520083887F /* vec4.h */; };
/* End PBXBuildFile section */

/* Begin PBXFileReference section */
		2C4CD32E1E8A8DBB0090EE0A /* libwolf.system.osx.dylib */ = {isa = PBXFileReference; lastKnownFileType = "compiled.mach-o.dylib"; name = libwolf.system.osx.dylib; path = ../../../../bin/osx/Build/Products/Debug/libwolf.system.osx.dylib; sourceTree = "<group>"; };
		2C69E9A91E5EC2CB00F15C44 /* libwolf.embree.osx.dylib */ = {isa = PBXFileReference; explicitFileType = "compiled.mach-o.dylib"; includeInIndex = 0; path = libwolf.embree.osx.dylib; sourceTree = BUILT_PRODUCTS_DIR; };
		2C766E6B20B343C4000C66F4 /* libassimp.4.1.0.dylib */ = {isa = PBXFileReference; lastKnownFileType = "compiled.mach-o.dylib"; name = libassimp.4.1.0.dylib; path = ../../../dependencies/assimp/lib/osx/debug/libassimp.4.1.0.dylib; sourceTree = "<group>"; };
		2C860FA31E5F1E80000E71B5 /* libc++.tbd */ = {isa = PBXFileReference; lastKnownFileType = "sourcecode.text-based-dylib-definition"; name = "libc++.tbd"; path = "usr/lib/libc++.tbd"; sourceTree = SDKROOT; };
		2C860FA71E5F1E8C000E71B5 /* QuartzCore.framework */ = {isa = PBXFileReference; lastKnownFileType = wrapper.framework; name = QuartzCore.framework; path = System/Library/Frameworks/QuartzCore.framework; sourceTree = SDKROOT; };
		2CB0F67A20E2AA21007C4553 /* w_embree_pch.cpp */ = {isa = PBXFileReference; fileEncoding = 4; lastKnownFileType = sourcecode.cpp.cpp; name = w_embree_pch.cpp; path = ../../../src/wolf.render/embree/w_embree_pch.cpp; sourceTree = "<group>"; };
		2CB0F67B20E2AA21007C4553 /* w_embree_pch.h */ = {isa = PBXFileReference; fileEncoding = 4; lastKnownFileType = sourcecode.c.h; name = w_embree_pch.h; path = ../../../src/wolf.render/embree/w_embree_pch.h; sourceTree = "<group>"; };
		2CB0F67E20E2AC74007C4553 /* w_embree_export.h */ = {isa = PBXFileReference; fileEncoding = 4; lastKnownFileType = sourcecode.c.h; name = w_embree_export.h; path = ../../../src/wolf.render/embree/w_embree_export.h; sourceTree = "<group>"; };
		2CB0F67F20E2AC74007C4553 /* w_graphic_device_manager.h */ = {isa = PBXFileReference; fileEncoding = 4; lastKnownFileType = sourcecode.c.h; name = w_graphic_device_manager.h; path = ../../../src/wolf.render/embree/w_graphic_device_manager.h; sourceTree = "<group>"; };
		2CB0F68220E3AD0D007C4553 /* w_graphic_device_manager.cpp */ = {isa = PBXFileReference; fileEncoding = 4; lastKnownFileType = sourcecode.cpp.cpp; name = w_graphic_device_manager.cpp; path = ../../../src/wolf.render/embree/w_graphic_device_manager.cpp; sourceTree = "<group>"; };
		2CB0F68820E3D54B007C4553 /* libembree3.3.2.0.dylib */ = {isa = PBXFileReference; lastKnownFileType = "compiled.mach-o.dylib"; name = libembree3.3.2.0.dylib; path = ../../../dependencies/embree/lib/osx/debug/libembree3.3.2.0.dylib; sourceTree = "<group>"; };
		2CB0F6B220E4030A007C4553 /* w_scene.cpp */ = {isa = PBXFileReference; fileEncoding = 4; lastKnownFileType = sourcecode.cpp.cpp; name = w_scene.cpp; path = ../../../src/wolf.render/embree/w_scene.cpp; sourceTree = "<group>"; };
		2CB0F6B320E4030A007C4553 /* w_scene.h */ = {isa = PBXFileReference; fileEncoding = 4; lastKnownFileType = sourcecode.c.h; name = w_scene.h; path = ../../../src/wolf.render/embree/w_scene.h; sourceTree = "<group>"; };
		2CBBBB5620E7EC370083887F /* libtbb_debug.dylib */ = {isa = PBXFileReference; lastKnownFileType = "compiled.mach-o.dylib"; name = libtbb_debug.dylib; path = ../../../dependencies/tbb/oss/osx/lib/libtbb_debug.dylib; sourceTree = "<group>"; };
		2CBBBBE720E7F2510083887F /* vec3ba.h */ = {isa = PBXFileReference; fileEncoding = 4; lastKnownFileType = sourcecode.c.h; name = vec3ba.h; path = ../../../src/wolf.render/embree/common/math/vec3ba.h; sourceTree = "<group>"; };
		2CBBBBE820E7F2510083887F /* vec3ia.h */ = {isa = PBXFileReference; fileEncoding = 4; lastKnownFileType = sourcecode.c.h; name = vec3ia.h; path = ../../../src/wolf.render/embree/common/math/vec3ia.h; sourceTree = "<group>"; };
		2CBBBBE920E7F2510083887F /* linearspace3.h */ = {isa = PBXFileReference; fileEncoding = 4; lastKnownFileType = sourcecode.c.h; name = linearspace3.h; path = ../../../src/wolf.render/embree/common/math/linearspace3.h; sourceTree = "<group>"; };
		2CBBBBEA20E7F2510083887F /* vec3fa.h */ = {isa = PBXFileReference; fileEncoding = 4; lastKnownFileType = sourcecode.c.h; name = vec3fa.h; path = ../../../src/wolf.render/embree/common/math/vec3fa.h; sourceTree = "<group>"; };
		2CBBBBEB20E7F2510083887F /* col3.h */ = {isa = PBXFileReference; fileEncoding = 4; lastKnownFileType = sourcecode.c.h; name = col3.h; path = ../../../src/wolf.render/embree/common/math/col3.h; sourceTree = "<group>"; };
		2CBBBBEC20E7F2510083887F /* quaternion.h */ = {isa = PBXFileReference; fileEncoding = 4; lastKnownFileType = sourcecode.c.h; name = quaternion.h; path = ../../../src/wolf.render/embree/common/math/quaternion.h; sourceTree = "<group>"; };
		2CBBBBED20E7F2510083887F /* vec2.h */ = {isa = PBXFileReference; fileEncoding = 4; lastKnownFileType = sourcecode.c.h; name = vec2.h; path = ../../../src/wolf.render/embree/common/math/vec2.h; sourceTree = "<group>"; };
		2CBBBBEE20E7F2510083887F /* color.h */ = {isa = PBXFileReference; fileEncoding = 4; lastKnownFileType = sourcecode.c.h; name = color.h; path = ../../../src/wolf.render/embree/common/math/color.h; sourceTree = "<group>"; };
		2CBBBBEF20E7F2510083887F /* linearspace2.h */ = {isa = PBXFileReference; fileEncoding = 4; lastKnownFileType = sourcecode.c.h; name = linearspace2.h; path = ../../../src/wolf.render/embree/common/math/linearspace2.h; sourceTree = "<group>"; };
		2CBBBBF020E7F2520083887F /* lbbox.h */ = {isa = PBXFileReference; fileEncoding = 4; lastKnownFileType = sourcecode.c.h; name = lbbox.h; path = ../../../src/wolf.render/embree/common/math/lbbox.h; sourceTree = "<group>"; };
		2CBBBBF120E7F2520083887F /* vec3.h */ = {isa = PBXFileReference; fileEncoding = 4; lastKnownFileType = sourcecode.c.h; name = vec3.h; path = ../../../src/wolf.render/embree/common/math/vec3.h; sourceTree = "<group>"; };
		2CBBBBF220E7F2520083887F /* affinespace.h */ = {isa = PBXFileReference; fileEncoding = 4; lastKnownFileType = sourcecode.c.h; name = affinespace.h; path = ../../../src/wolf.render/embree/common/math/affinespace.h; sourceTree = "<group>"; };
		2CBBBBF320E7F2520083887F /* vec2fa.h */ = {isa = PBXFileReference; fileEncoding = 4; lastKnownFileType = sourcecode.c.h; name = vec2fa.h; path = ../../../src/wolf.render/embree/common/math/vec2fa.h; sourceTree = "<group>"; };
		2CBBBBF420E7F2520083887F /* col4.h */ = {isa = PBXFileReference; fileEncoding = 4; lastKnownFileType = sourcecode.c.h; name = col4.h; path = ../../../src/wolf.render/embree/common/math/col4.h; sourceTree = "<group>"; };
		2CBBBBF520E7F2520083887F /* constants.h */ = {isa = PBXFileReference; fileEncoding = 4; lastKnownFileType = sourcecode.c.h; name = constants.h; path = ../../../src/wolf.render/embree/common/math/constants.h; sourceTree = "<group>"; };
		2CBBBBF620E7F2520083887F /* math.h */ = {isa = PBXFileReference; fileEncoding = 4; lastKnownFileType = sourcecode.c.h; name = math.h; path = ../../../src/wolf.render/embree/common/math/math.h; sourceTree = "<group>"; };
		2CBBBBF720E7F2520083887F /* obbox.h */ = {isa = PBXFileReference; fileEncoding = 4; lastKnownFileType = sourcecode.c.h; name = obbox.h; path = ../../../src/wolf.render/embree/common/math/obbox.h; sourceTree = "<group>"; };
		2CBBBBF820E7F2520083887F /* constants.cpp */ = {isa = PBXFileReference; fileEncoding = 4; lastKnownFileType = sourcecode.cpp.cpp; name = constants.cpp; path = ../../../src/wolf.render/embree/common/math/constants.cpp; sourceTree = "<group>"; };
		2CBBBBF920E7F2520083887F /* bbox.h */ = {isa = PBXFileReference; fileEncoding = 4; lastKnownFileType = sourcecode.c.h; name = bbox.h; path = ../../../src/wolf.render/embree/common/math/bbox.h; sourceTree = "<group>"; };
		2CBBBBFA20E7F2520083887F /* interval.h */ = {isa = PBXFileReference; fileEncoding = 4; lastKnownFileType = sourcecode.c.h; name = interval.h; path = ../../../src/wolf.render/embree/common/math/interval.h; sourceTree = "<group>"; };
		2CBBBBFB20E7F2520083887F /* range.h */ = {isa = PBXFileReference; fileEncoding = 4; lastKnownFileType = sourcecode.c.h; name = range.h; path = ../../../src/wolf.render/embree/common/math/range.h; sourceTree = "<group>"; };
		2CBBBBFC20E7F2520083887F /* vec4.h */ = {isa = PBXFileReference; fileEncoding = 4; lastKnownFileType = sourcecode.c.h; name = vec4.h; path = ../../../src/wolf.render/embree/common/math/vec4.h; sourceTree = "<group>"; };
		2CCE632C1FD5E6EF00EC0BB5 /* IOSurface.framework */ = {isa = PBXFileReference; lastKnownFileType = wrapper.framework; name = IOSurface.framework; path = System/Library/Frameworks/IOSurface.framework; sourceTree = SDKROOT; };
/* End PBXFileReference section */

/* Begin PBXFrameworksBuildPhase section */
		2C69E9A61E5EC2CB00F15C44 /* Frameworks */ = {
			isa = PBXFrameworksBuildPhase;
			buildActionMask = 2147483647;
			files = (
				2CBBBB5720E7EC370083887F /* libtbb_debug.dylib in Frameworks */,
				2CB0F68920E3D54B007C4553 /* libembree3.3.2.0.dylib in Frameworks */,
				2C7079991EACE6F2003784A2 /* libwolf.system.osx.dylib in Frameworks */,
				2C860FA41E5F1E80000E71B5 /* libc++.tbd in Frameworks */,
			);
			runOnlyForDeploymentPostprocessing = 0;
		};
/* End PBXFrameworksBuildPhase section */

/* Begin PBXGroup section */
		2C69E9A01E5EC2CB00F15C44 = {
			isa = PBXGroup;
			children = (
				2CBBBBE620E7F2380083887F /* math */,
				2CB0F6B220E4030A007C4553 /* w_scene.cpp */,
				2CB0F6B320E4030A007C4553 /* w_scene.h */,
				2CB0F67E20E2AC74007C4553 /* w_embree_export.h */,
				2CB0F68220E3AD0D007C4553 /* w_graphic_device_manager.cpp */,
				2CB0F67F20E2AC74007C4553 /* w_graphic_device_manager.h */,
				2CB0F67A20E2AA21007C4553 /* w_embree_pch.cpp */,
				2CB0F67B20E2AA21007C4553 /* w_embree_pch.h */,
				2C69E9AA1E5EC2CB00F15C44 /* Products */,
				2C860FA01E5F1E5B000E71B5 /* Frameworks */,
			);
			sourceTree = "<group>";
		};
		2C69E9AA1E5EC2CB00F15C44 /* Products */ = {
			isa = PBXGroup;
			children = (
				2C69E9A91E5EC2CB00F15C44 /* libwolf.embree.osx.dylib */,
			);
			name = Products;
			sourceTree = "<group>";
		};
		2C860FA01E5F1E5B000E71B5 /* Frameworks */ = {
			isa = PBXGroup;
			children = (
				2CBBBB5620E7EC370083887F /* libtbb_debug.dylib */,
				2CB0F68820E3D54B007C4553 /* libembree3.3.2.0.dylib */,
				2C766E6B20B343C4000C66F4 /* libassimp.4.1.0.dylib */,
				2CCE632C1FD5E6EF00EC0BB5 /* IOSurface.framework */,
				2C4CD32E1E8A8DBB0090EE0A /* libwolf.system.osx.dylib */,
				2C860FA71E5F1E8C000E71B5 /* QuartzCore.framework */,
				2C860FA31E5F1E80000E71B5 /* libc++.tbd */,
			);
			name = Frameworks;
			sourceTree = "<group>";
		};
		2CBBBBE620E7F2380083887F /* math */ = {
			isa = PBXGroup;
			children = (
				2CBBBBF220E7F2520083887F /* affinespace.h */,
				2CBBBBF920E7F2520083887F /* bbox.h */,
				2CBBBBEB20E7F2510083887F /* col3.h */,
				2CBBBBF420E7F2520083887F /* col4.h */,
				2CBBBBEE20E7F2510083887F /* color.h */,
				2CBBBBF820E7F2520083887F /* constants.cpp */,
				2CBBBBF520E7F2520083887F /* constants.h */,
				2CBBBBFA20E7F2520083887F /* interval.h */,
				2CBBBBF020E7F2520083887F /* lbbox.h */,
				2CBBBBEF20E7F2510083887F /* linearspace2.h */,
				2CBBBBE920E7F2510083887F /* linearspace3.h */,
				2CBBBBF620E7F2520083887F /* math.h */,
				2CBBBBF720E7F2520083887F /* obbox.h */,
				2CBBBBEC20E7F2510083887F /* quaternion.h */,
				2CBBBBFB20E7F2520083887F /* range.h */,
				2CBBBBED20E7F2510083887F /* vec2.h */,
				2CBBBBF320E7F2520083887F /* vec2fa.h */,
				2CBBBBF120E7F2520083887F /* vec3.h */,
				2CBBBBE720E7F2510083887F /* vec3ba.h */,
				2CBBBBEA20E7F2510083887F /* vec3fa.h */,
				2CBBBBE820E7F2510083887F /* vec3ia.h */,
				2CBBBBFC20E7F2520083887F /* vec4.h */,
			);
			name = math;
			sourceTree = "<group>";
		};
/* End PBXGroup section */

/* Begin PBXHeadersBuildPhase section */
		2C69E9A71E5EC2CB00F15C44 /* Headers */ = {
			isa = PBXHeadersBuildPhase;
			buildActionMask = 2147483647;
			files = (
				2CBBBC0420E7F2530083887F /* color.h in Headers */,
				2CB0F68020E2AC75007C4553 /* w_embree_export.h in Headers */,
				2CBBBBFF20E7F2530083887F /* linearspace3.h in Headers */,
				2CBBBC0120E7F2530083887F /* col3.h in Headers */,
				2CBBBC0620E7F2530083887F /* lbbox.h in Headers */,
				2CB0F68120E2AC75007C4553 /* w_graphic_device_manager.h in Headers */,
				2CBBBC0D20E7F2530083887F /* obbox.h in Headers */,
				2CBBBC0220E7F2530083887F /* quaternion.h in Headers */,
				2CB0F67D20E2AA21007C4553 /* w_embree_pch.h in Headers */,
				2CBBBC0B20E7F2530083887F /* constants.h in Headers */,
				2CBBBC0820E7F2530083887F /* affinespace.h in Headers */,
				2CBBBC0C20E7F2530083887F /* math.h in Headers */,
				2CBBBC0320E7F2530083887F /* vec2.h in Headers */,
				2CB0F6B520E4030A007C4553 /* w_scene.h in Headers */,
				2CBBBC0720E7F2530083887F /* vec3.h in Headers */,
				2CBBBBFD20E7F2530083887F /* vec3ba.h in Headers */,
				2CBBBC0520E7F2530083887F /* linearspace2.h in Headers */,
				2CBBBC0F20E7F2530083887F /* bbox.h in Headers */,
				2CBBBC1120E7F2530083887F /* range.h in Headers */,
				2CBBBC0920E7F2530083887F /* vec2fa.h in Headers */,
				2CBBBC1220E7F2530083887F /* vec4.h in Headers */,
				2CBBBC0020E7F2530083887F /* vec3fa.h in Headers */,
				2CBBBC0A20E7F2530083887F /* col4.h in Headers */,
				2CBBBC1020E7F2530083887F /* interval.h in Headers */,
				2CBBBBFE20E7F2530083887F /* vec3ia.h in Headers */,
			);
			runOnlyForDeploymentPostprocessing = 0;
		};
/* End PBXHeadersBuildPhase section */

/* Begin PBXNativeTarget section */
		2C69E9A81E5EC2CB00F15C44 /* wolf.embree.osx */ = {
			isa = PBXNativeTarget;
			buildConfigurationList = 2C69E9B41E5EC2CB00F15C44 /* Build configuration list for PBXNativeTarget "wolf.embree.osx" */;
			buildPhases = (
				2C69E9A51E5EC2CB00F15C44 /* Sources */,
				2C69E9A61E5EC2CB00F15C44 /* Frameworks */,
				2C69E9A71E5EC2CB00F15C44 /* Headers */,
			);
			buildRules = (
			);
			dependencies = (
			);
			name = wolf.embree.osx;
			productName = wolf.embree;
			productReference = 2C69E9A91E5EC2CB00F15C44 /* libwolf.embree.osx.dylib */;
			productType = "com.apple.product-type.library.dynamic";
		};
/* End PBXNativeTarget section */

/* Begin PBXProject section */
		2C69E9A11E5EC2CB00F15C44 /* Project object */ = {
			isa = PBXProject;
			attributes = {
				LastUpgradeCheck = 0900;
				ORGANIZATIONNAME = WolfSource.io;
				TargetAttributes = {
					2C69E9A81E5EC2CB00F15C44 = {
						CreatedOnToolsVersion = 8.2.1;
						DevelopmentTeam = J2WEUYPJ98;
						ProvisioningStyle = Automatic;
					};
				};
			};
			buildConfigurationList = 2C69E9A41E5EC2CB00F15C44 /* Build configuration list for PBXProject "wolf.embree.osx" */;
			compatibilityVersion = "Xcode 3.2";
			developmentRegion = English;
			hasScannedForEncodings = 0;
			knownRegions = (
				en,
			);
			mainGroup = 2C69E9A01E5EC2CB00F15C44;
			productRefGroup = 2C69E9AA1E5EC2CB00F15C44 /* Products */;
			projectDirPath = "";
			projectRoot = "";
			targets = (
				2C69E9A81E5EC2CB00F15C44 /* wolf.embree.osx */,
			);
		};
/* End PBXProject section */

/* Begin PBXSourcesBuildPhase section */
		2C69E9A51E5EC2CB00F15C44 /* Sources */ = {
			isa = PBXSourcesBuildPhase;
			buildActionMask = 2147483647;
			files = (
				2CB0F68320E3AD0D007C4553 /* w_graphic_device_manager.cpp in Sources */,
				2CB0F67C20E2AA21007C4553 /* w_embree_pch.cpp in Sources */,
				2CB0F6B420E4030A007C4553 /* w_scene.cpp in Sources */,
				2CBBBC0E20E7F2530083887F /* constants.cpp in Sources */,
			);
			runOnlyForDeploymentPostprocessing = 0;
		};
/* End PBXSourcesBuildPhase section */

/* Begin XCBuildConfiguration section */
		2C69E9B21E5EC2CB00F15C44 /* Debug */ = {
			isa = XCBuildConfiguration;
			buildSettings = {
				ALWAYS_SEARCH_USER_PATHS = NO;
				CLANG_ANALYZER_NONNULL = YES;
				CLANG_CXX_LANGUAGE_STANDARD = "c++14";
				CLANG_CXX_LIBRARY = "libc++";
				CLANG_ENABLE_MODULES = YES;
				CLANG_ENABLE_OBJC_ARC = YES;
				CLANG_WARN_BLOCK_CAPTURE_AUTORELEASING = YES;
				CLANG_WARN_BOOL_CONVERSION = YES;
				CLANG_WARN_COMMA = YES;
				CLANG_WARN_CONSTANT_CONVERSION = YES;
				CLANG_WARN_DIRECT_OBJC_ISA_USAGE = YES_ERROR;
				CLANG_WARN_DOCUMENTATION_COMMENTS = YES;
				CLANG_WARN_EMPTY_BODY = YES;
				CLANG_WARN_ENUM_CONVERSION = YES;
				CLANG_WARN_INFINITE_RECURSION = YES;
				CLANG_WARN_INT_CONVERSION = YES;
				CLANG_WARN_NON_LITERAL_NULL_CONVERSION = YES;
				CLANG_WARN_OBJC_LITERAL_CONVERSION = YES;
				CLANG_WARN_OBJC_ROOT_CLASS = YES_ERROR;
				CLANG_WARN_RANGE_LOOP_ANALYSIS = YES;
				CLANG_WARN_STRICT_PROTOTYPES = YES;
				CLANG_WARN_SUSPICIOUS_MOVE = YES;
				CLANG_WARN_UNREACHABLE_CODE = YES;
				CLANG_WARN__DUPLICATE_METHOD_MATCH = YES;
				CLANG_X86_VECTOR_INSTRUCTIONS = default;
				CODE_SIGN_IDENTITY = "-";
				COPY_PHASE_STRIP = NO;
				DEBUG_INFORMATION_FORMAT = dwarf;
				ENABLE_STRICT_OBJC_MSGSEND = YES;
				ENABLE_TESTABILITY = YES;
				FRAMEWORK_SEARCH_PATHS = "";
				GCC_C_LANGUAGE_STANDARD = gnu99;
				GCC_DYNAMIC_NO_PIC = NO;
				GCC_NO_COMMON_BLOCKS = YES;
				GCC_OPTIMIZATION_LEVEL = 0;
				GCC_PRECOMPILE_PREFIX_HEADER = YES;
				GCC_PREPROCESSOR_DEFINITIONS = "";
				GCC_WARN_64_TO_32_BIT_CONVERSION = YES;
				GCC_WARN_ABOUT_RETURN_TYPE = YES_ERROR;
				GCC_WARN_UNDECLARED_SELECTOR = YES;
				GCC_WARN_UNINITIALIZED_AUTOS = YES_AGGRESSIVE;
				GCC_WARN_UNUSED_FUNCTION = YES;
				GCC_WARN_UNUSED_VARIABLE = YES;
				HEADER_SEARCH_PATHS = "";
				"HEADER_SEARCH_PATHS[arch=*]" = "";
				MACOSX_DEPLOYMENT_TARGET = 10.13;
				MTL_ENABLE_DEBUG_INFO = YES;
				ONLY_ACTIVE_ARCH = YES;
				SDKROOT = macosx;
				"VALID_ARCHS[sdk=*]" = "";
			};
			name = Debug;
		};
		2C69E9B31E5EC2CB00F15C44 /* Release */ = {
			isa = XCBuildConfiguration;
			buildSettings = {
				ALWAYS_SEARCH_USER_PATHS = NO;
				CLANG_ANALYZER_NONNULL = YES;
				CLANG_CXX_LANGUAGE_STANDARD = "c++14";
				CLANG_CXX_LIBRARY = "libc++";
				CLANG_ENABLE_MODULES = YES;
				CLANG_ENABLE_OBJC_ARC = YES;
				CLANG_WARN_BLOCK_CAPTURE_AUTORELEASING = YES;
				CLANG_WARN_BOOL_CONVERSION = YES;
				CLANG_WARN_COMMA = YES;
				CLANG_WARN_CONSTANT_CONVERSION = YES;
				CLANG_WARN_DIRECT_OBJC_ISA_USAGE = YES_ERROR;
				CLANG_WARN_DOCUMENTATION_COMMENTS = YES;
				CLANG_WARN_EMPTY_BODY = YES;
				CLANG_WARN_ENUM_CONVERSION = YES;
				CLANG_WARN_INFINITE_RECURSION = YES;
				CLANG_WARN_INT_CONVERSION = YES;
				CLANG_WARN_NON_LITERAL_NULL_CONVERSION = YES;
				CLANG_WARN_OBJC_LITERAL_CONVERSION = YES;
				CLANG_WARN_OBJC_ROOT_CLASS = YES_ERROR;
				CLANG_WARN_RANGE_LOOP_ANALYSIS = YES;
				CLANG_WARN_STRICT_PROTOTYPES = YES;
				CLANG_WARN_SUSPICIOUS_MOVE = YES;
				CLANG_WARN_UNREACHABLE_CODE = YES;
				CLANG_WARN__DUPLICATE_METHOD_MATCH = YES;
				CLANG_X86_VECTOR_INSTRUCTIONS = default;
				CODE_SIGN_IDENTITY = "-";
				COPY_PHASE_STRIP = NO;
				DEBUG_INFORMATION_FORMAT = "dwarf-with-dsym";
				ENABLE_NS_ASSERTIONS = NO;
				ENABLE_STRICT_OBJC_MSGSEND = YES;
				FRAMEWORK_SEARCH_PATHS = "";
				GCC_C_LANGUAGE_STANDARD = gnu99;
				GCC_NO_COMMON_BLOCKS = YES;
				GCC_PRECOMPILE_PREFIX_HEADER = YES;
				GCC_PREPROCESSOR_DEFINITIONS = "";
				GCC_WARN_64_TO_32_BIT_CONVERSION = YES;
				GCC_WARN_ABOUT_RETURN_TYPE = YES_ERROR;
				GCC_WARN_UNDECLARED_SELECTOR = YES;
				GCC_WARN_UNINITIALIZED_AUTOS = YES_AGGRESSIVE;
				GCC_WARN_UNUSED_FUNCTION = YES;
				GCC_WARN_UNUSED_VARIABLE = YES;
				HEADER_SEARCH_PATHS = "";
				MACOSX_DEPLOYMENT_TARGET = 10.13;
				MTL_ENABLE_DEBUG_INFO = NO;
				ONLY_ACTIVE_ARCH = NO;
				SDKROOT = macosx;
				"VALID_ARCHS[sdk=*]" = "";
			};
			name = Release;
		};
		2C69E9B51E5EC2CB00F15C44 /* Debug */ = {
			isa = XCBuildConfiguration;
			buildSettings = {
				CLANG_CXX_LANGUAGE_STANDARD = "c++17";
				DEVELOPMENT_TEAM = J2WEUYPJ98;
				DYLIB_COMPATIBILITY_VERSION = 1;
				DYLIB_CURRENT_VERSION = 1;
				EXECUTABLE_PREFIX = lib;
				FRAMEWORK_SEARCH_PATHS = "";
				"FRAMEWORK_SEARCH_PATHS[arch=*]" = (
					"$(SRCROOT)/../../../dependencies/embree/lib/osx/",
					"$(SRCROOT)/../../../dependencies/tbb/oss/osx/lib/",
				);
				GCC_C_LANGUAGE_STANDARD = c11;
				GCC_ENABLE_CPP_EXCEPTIONS = YES;
				GCC_ENABLE_CPP_RTTI = YES;
				GCC_PRECOMPILE_PREFIX_HEADER = YES;
				GCC_PREFIX_HEADER = "$(SRCROOT)/../../../src/wolf.render/embree/w_embree_pch.h";
				GCC_PREPROCESSOR_DEFINITIONS = "";
				"GCC_PREPROCESSOR_DEFINITIONS[arch=*]" = (
					DEBUG,
					TASKING_TBB,
					EMBREE_TARGET_SSE2,
					EMBREE_TARGET_SSE42,
					EMBREE_TARGET_AVX,
					EMBREE_TARGET_AVX2,
					EMBREE_TARGET_AVX512KNL,
					EMBREE_TARGET_AVX512SKX,
				);
				GCC_SYMBOLS_PRIVATE_EXTERN = YES;
				HEADER_SEARCH_PATHS = "";
				"HEADER_SEARCH_PATHS[arch=*]" = (
					"$(SRCROOT)/../../../src/wolf.system",
					"$(SRCROOT)/../../../src/wolf.render/embree/",
					"$(SRCROOT)/../../../dependencies/embree/include/",
					"$(SRCROOT)/../../../dependencies/tbb/oss/osx/include/",
				);
				LIBRARY_SEARCH_PATHS = "";
				"LIBRARY_SEARCH_PATHS[arch=*]" = "$(SRCROOT)/../../../dependencies/embree/lib/osx/";
				"OTHER_CPLUSPLUSFLAGS[arch=*]" = (
					"-msse2",
					"-Wall",
					"-Wformat",
					"-Wformat-security",
				);
				PRODUCT_NAME = "$(TARGET_NAME)";
				VALID_ARCHS = "";
				"VALID_ARCHS[sdk=*]" = x86_64;
			};
			name = Debug;
		};
		2C69E9B61E5EC2CB00F15C44 /* Release */ = {
			isa = XCBuildConfiguration;
			buildSettings = {
				CLANG_CXX_LANGUAGE_STANDARD = "c++17";
				DEVELOPMENT_TEAM = J2WEUYPJ98;
				DYLIB_COMPATIBILITY_VERSION = 1;
				DYLIB_CURRENT_VERSION = 1;
				EXECUTABLE_PREFIX = lib;
				FRAMEWORK_SEARCH_PATHS = "";
				GCC_C_LANGUAGE_STANDARD = c11;
				GCC_ENABLE_CPP_EXCEPTIONS = YES;
				GCC_ENABLE_CPP_RTTI = YES;
				GCC_PRECOMPILE_PREFIX_HEADER = YES;
				GCC_PREFIX_HEADER = "$(SRCROOT)/../../../src/wolf.render/embree/w_embree_pch.h";
				GCC_SYMBOLS_PRIVATE_EXTERN = YES;
				LIBRARY_SEARCH_PATHS = "";
				PRODUCT_NAME = "$(TARGET_NAME)";
				VALID_ARCHS = "";
				"VALID_ARCHS[sdk=*]" = x86_64;
			};
			name = Release;
		};
/* End XCBuildConfiguration section */

/* Begin XCConfigurationList section */
		2C69E9A41E5EC2CB00F15C44 /* Build configuration list for PBXProject "wolf.embree.osx" */ = {
			isa = XCConfigurationList;
			buildConfigurations = (
				2C69E9B21E5EC2CB00F15C44 /* Debug */,
				2C69E9B31E5EC2CB00F15C44 /* Release */,
			);
			defaultConfigurationIsVisible = 0;
			defaultConfigurationName = Release;
		};
		2C69E9B41E5EC2CB00F15C44 /* Build configuration list for PBXNativeTarget "wolf.embree.osx" */ = {
			isa = XCConfigurationList;
			buildConfigurations = (
				2C69E9B51E5EC2CB00F15C44 /* Debug */,
				2C69E9B61E5EC2CB00F15C44 /* Release */,
			);
			defaultConfigurationIsVisible = 0;
			defaultConfigurationName = Release;
		};
/* End XCConfigurationList section */
	};
	rootObject = 2C69E9A11E5EC2CB00F15C44 /* Project object */;
}
