<?xml version="1.0" encoding="utf-8"?>
<Project ToolsVersion="4.0" xmlns="http://schemas.microsoft.com/developer/msbuild/2003">
  <ItemGroup>
    <Filter Include="Resource Files">
      <UniqueIdentifier>{67DA6AB6-F800-4c08-8B7A-83BB121AAD01}</UniqueIdentifier>
      <Extensions>rc;ico;cur;bmp;dlg;rc2;rct;bin;rgs;gif;jpg;jpeg;jpe;resx;tiff;tif;png;wav;mfcribbon-ms</Extensions>
    </Filter>
    <Filter Include="shaders">
      <UniqueIdentifier>{effdb7a3-c836-4e0e-aa5e-485af4a8ab72}</UniqueIdentifier>
    </Filter>
    <Filter Include="shaders\gui">
      <UniqueIdentifier>{951fe933-87f4-4529-b223-775d510d5f70}</UniqueIdentifier>
    </Filter>
    <Filter Include="w_framework">
      <UniqueIdentifier>{f53fe882-469b-4202-a9b0-add0b77d56a8}</UniqueIdentifier>
    </Filter>
    <Filter Include="w_framework\w_debug">
      <UniqueIdentifier>{77e3be9c-418c-4259-a177-dec9b5d6844e}</UniqueIdentifier>
    </Filter>
    <Filter Include="w_framework\w_camera">
      <UniqueIdentifier>{3ccb46cb-533f-44e5-930e-e9024a8fdcf1}</UniqueIdentifier>
    </Filter>
    <Filter Include="w_graphics">
      <UniqueIdentifier>{16ac938f-7009-4ee5-a027-3ebd522cdbe1}</UniqueIdentifier>
    </Filter>
    <Filter Include="w_graphics\w_textures">
      <UniqueIdentifier>{4846ba11-5474-4bcb-9271-1c965de0eb70}</UniqueIdentifier>
    </Filter>
    <Filter Include="w_graphics\w_shaders">
      <UniqueIdentifier>{78c90e42-0e97-40d0-af73-66168f69ffcf}</UniqueIdentifier>
    </Filter>
    <Filter Include="w_graphics\w_geometries">
      <UniqueIdentifier>{fa6dbba9-be5d-4b0b-b216-a7c6da65b9b7}</UniqueIdentifier>
    </Filter>
    <Filter Include="w_graphics\w_fonts">
      <UniqueIdentifier>{9c72c19e-cc7f-4800-947e-332ac4fe0127}</UniqueIdentifier>
    </Filter>
    <Filter Include="w_graphics\w_direct2D">
      <UniqueIdentifier>{db578035-fd0d-4ec8-abff-66cf77180a88}</UniqueIdentifier>
    </Filter>
    <Filter Include="w_gui">
      <UniqueIdentifier>{b3c9772f-fd99-4425-9326-a9e7f84c5ccf}</UniqueIdentifier>
    </Filter>
    <Filter Include="w_gui\w_user_controls">
      <UniqueIdentifier>{c954fed6-2966-4d98-9dab-7a26891def4a}</UniqueIdentifier>
    </Filter>
    <Filter Include="w_renderable">
      <UniqueIdentifier>{c7d6681d-b91d-4165-9413-246cce29fcb3}</UniqueIdentifier>
    </Filter>
  </ItemGroup>
  <ItemGroup>
    <ClCompile Include="..\..\..\..\src\wolf.render\wolf.directX\dllmain.cpp" />
    <ClCompile Include="..\..\..\..\src\wolf.render\wolf.directX\w_directx_pch.cpp" />
    <ClCompile Include="..\..\..\..\src\wolf.render\wolf.directX\w_game.cpp" />
    <ClCompile Include="..\..\..\..\src\wolf.render\wolf.directX\w_graphics_device_manager.cpp" />
    <ClCompile Include="..\..\..\..\src\wolf.render\wolf.directX\w_framework\w_camera\w_first_person_camera.cpp">
      <Filter>w_framework\w_camera</Filter>
    </ClCompile>
    <ClCompile Include="..\..\..\..\src\wolf.render\wolf.directX\w_gui\w_user_controls\w_button.cpp">
      <Filter>w_gui\w_user_controls</Filter>
    </ClCompile>
    <ClCompile Include="..\..\..\..\src\wolf.render\wolf.directX\w_gui\w_user_controls\w_check_box.cpp">
      <Filter>w_gui\w_user_controls</Filter>
    </ClCompile>
    <ClCompile Include="..\..\..\..\src\wolf.render\wolf.directX\w_gui\w_user_controls\w_color_quad.cpp">
      <Filter>w_gui\w_user_controls</Filter>
    </ClCompile>
    <ClCompile Include="..\..\..\..\src\wolf.render\wolf.directX\w_gui\w_user_controls\w_combo_box.cpp">
      <Filter>w_gui\w_user_controls</Filter>
    </ClCompile>
    <ClCompile Include="..\..\..\..\src\wolf.render\wolf.directX\w_gui\w_user_controls\w_control.cpp">
      <Filter>w_gui\w_user_controls</Filter>
    </ClCompile>
    <ClCompile Include="..\..\..\..\src\wolf.render\wolf.directX\w_gui\w_user_controls\w_element.cpp">
      <Filter>w_gui\w_user_controls</Filter>
    </ClCompile>
    <ClCompile Include="..\..\..\..\src\wolf.render\wolf.directX\w_graphics\w_direct2D\w_ellipse.cpp">
      <Filter>w_gui\w_user_controls</Filter>
    </ClCompile>
    <ClCompile Include="..\..\..\..\src\wolf.render\wolf.directX\w_gui\w_user_controls\w_ellipse_shape.cpp">
      <Filter>w_gui\w_user_controls</Filter>
    </ClCompile>
    <ClCompile Include="..\..\..\..\src\wolf.render\wolf.directX\w_gui\w_gui.cpp">
      <Filter>w_gui</Filter>
    </ClCompile>
    <ClCompile Include="..\..\..\..\src\wolf.render\wolf.directX\w_gui\w_user_controls\w_image.cpp">
      <Filter>w_gui\w_user_controls</Filter>
    </ClCompile>
    <ClCompile Include="..\..\..\..\src\wolf.render\wolf.directX\w_gui\w_user_controls\w_label.cpp">
      <Filter>w_gui\w_user_controls</Filter>
    </ClCompile>
    <ClCompile Include="..\..\..\..\src\wolf.render\wolf.directX\w_gui\w_user_controls\w_line_shape.cpp">
      <Filter>w_gui\w_user_controls</Filter>
    </ClCompile>
    <ClCompile Include="..\..\..\..\src\wolf.render\wolf.directX\w_gui\w_user_controls\w_list_box.cpp">
      <Filter>w_gui\w_user_controls</Filter>
    </ClCompile>
    <ClCompile Include="..\..\..\..\src\wolf.render\wolf.directX\w_gui\w_user_controls\w_list_widget.cpp">
      <Filter>w_gui\w_user_controls</Filter>
    </ClCompile>
    <ClCompile Include="..\..\..\..\src\wolf.render\wolf.directX\w_gui\w_user_controls\w_radio_button.cpp">
      <Filter>w_gui\w_user_controls</Filter>
    </ClCompile>
    <ClCompile Include="..\..\..\..\src\wolf.render\wolf.directX\w_gui\w_user_controls\w_rounded_rectangle_shape.cpp">
      <Filter>w_gui\w_user_controls</Filter>
    </ClCompile>
    <ClCompile Include="..\..\..\..\src\wolf.render\wolf.directX\w_gui\w_user_controls\w_scroll_bar.cpp">
      <Filter>w_gui\w_user_controls</Filter>
    </ClCompile>
    <ClCompile Include="..\..\..\..\src\wolf.render\wolf.directX\w_gui\w_user_controls\w_tree_list.cpp">
      <Filter>w_gui\w_user_controls</Filter>
    </ClCompile>
    <ClCompile Include="..\..\..\..\src\wolf.render\wolf.directX\w_gui\w_user_controls\w_tab.cpp">
      <Filter>w_gui\w_user_controls</Filter>
    </ClCompile>
    <ClCompile Include="..\..\..\..\src\wolf.render\wolf.directX\w_gui\w_user_controls\w_slider.cpp">
      <Filter>w_gui\w_user_controls</Filter>
    </ClCompile>
    <ClCompile Include="..\..\..\..\src\wolf.render\wolf.directX\w_gui\w_user_controls\w_widget.cpp">
      <Filter>w_gui\w_user_controls</Filter>
    </ClCompile>
    <ClCompile Include="..\..\..\..\src\wolf.render\wolf.directX\w_gui\w_widgets_resource_manager.cpp">
      <Filter>w_gui</Filter>
    </ClCompile>
    <ClCompile Include="..\..\..\..\src\wolf.render\wolf.directX\w_framework\w_monitor.cpp">
      <Filter>w_framework</Filter>
    </ClCompile>
    <ClCompile Include="..\..\..\..\src\wolf.render\wolf.directX\w_graphics\w_fonts\w_sprite_font.cpp">
      <Filter>w_graphics\w_fonts</Filter>
    </ClCompile>
    <ClCompile Include="..\..\..\..\src\wolf.render\wolf.directX\w_graphics\w_geometries\w_mesh.cpp">
      <Filter>w_graphics\w_geometries</Filter>
    </ClCompile>
    <ClCompile Include="..\..\..\..\src\wolf.render\wolf.directX\w_graphics\w_shaders\w_shader.cpp">
      <Filter>w_graphics\w_shaders</Filter>
    </ClCompile>
    <ClCompile Include="..\..\..\..\src\wolf.render\wolf.directX\w_graphics\w_textures\DDSTextureLoader.cpp">
      <Filter>w_graphics\w_textures</Filter>
    </ClCompile>
    <ClCompile Include="..\..\..\..\src\wolf.render\wolf.directX\w_graphics\w_textures\ScreenGrab.cpp">
      <Filter>w_graphics\w_textures</Filter>
    </ClCompile>
    <ClCompile Include="..\..\..\..\src\wolf.render\wolf.directX\w_graphics\w_textures\w_render_target_2D.cpp">
      <Filter>w_graphics\w_textures</Filter>
    </ClCompile>
    <ClCompile Include="..\..\..\..\src\wolf.render\wolf.directX\w_graphics\w_textures\w_texture_2D.cpp">
      <Filter>w_graphics\w_textures</Filter>
    </ClCompile>
    <ClCompile Include="..\..\..\..\src\wolf.render\wolf.directX\w_graphics\w_sprite_batch.cpp">
      <Filter>w_graphics</Filter>
    </ClCompile>
    <ClCompile Include="..\..\..\..\src\wolf.render\wolf.directX\w_graphics\w_direct2D\w_geometry.cpp">
      <Filter>w_graphics\w_direct2D</Filter>
    </ClCompile>
    <ClCompile Include="..\..\..\..\src\wolf.render\wolf.directX\w_graphics\w_direct2D\w_line.cpp">
      <Filter>w_graphics\w_direct2D</Filter>
    </ClCompile>
    <ClCompile Include="..\..\..\..\src\wolf.render\wolf.directX\w_graphics\w_direct2D\w_rectangle.cpp">
      <Filter>w_graphics\w_direct2D</Filter>
    </ClCompile>
    <ClCompile Include="..\..\..\..\src\wolf.render\wolf.directX\w_renderable\w_renderable_model.cpp">
      <Filter>w_renderable</Filter>
    </ClCompile>
    <ClCompile Include="..\..\..\..\src\wolf.render\wolf.directX\w_renderable\w_renderable_scene.cpp">
      <Filter>w_renderable</Filter>
    </ClCompile>
  </ItemGroup>
  <ItemGroup>
    <ClInclude Include="..\..\..\..\src\wolf.render\wolf.directX\w_directX_dll.h" />
    <ClInclude Include="..\..\..\..\src\wolf.render\wolf.directX\w_directX_math_helper.h" />
    <ClInclude Include="..\..\..\..\src\wolf.render\wolf.directX\w_directX_pch.h" />
    <ClInclude Include="..\..\..\..\src\wolf.render\wolf.directX\w_game.h" />
    <ClInclude Include="..\..\..\..\src\wolf.render\wolf.directX\w_graphics_device_manager.h" />
    <ClInclude Include="..\..\..\..\src\wolf.render\wolf.directX\w_framework\w_camera\w_first_person_camera.h">
      <Filter>w_framework\w_camera</Filter>
    </ClInclude>
    <ClInclude Include="..\..\..\..\src\wolf.render\wolf.directX\w_graphics\w_direct2D\Isprite_batch_drawable.h">
      <Filter>w_graphics\w_direct2D</Filter>
    </ClInclude>
    <ClInclude Include="..\..\..\..\src\wolf.render\wolf.directX\w_gui\w_user_controls\w_button.h">
      <Filter>w_gui\w_user_controls</Filter>
    </ClInclude>
    <ClInclude Include="..\..\..\..\src\wolf.render\wolf.directX\w_gui\w_user_controls\w_check_box.h">
      <Filter>w_gui\w_user_controls</Filter>
    </ClInclude>
    <ClInclude Include="..\..\..\..\src\wolf.render\wolf.directX\w_gui\w_user_controls\w_color_quad.h">
      <Filter>w_gui\w_user_controls</Filter>
    </ClInclude>
    <ClInclude Include="..\..\..\..\src\wolf.render\wolf.directX\w_gui\w_user_controls\w_combo_box.h">
      <Filter>w_gui\w_user_controls</Filter>
    </ClInclude>
    <ClInclude Include="..\..\..\..\src\wolf.render\wolf.directX\w_gui\w_user_controls\w_control.h">
      <Filter>w_gui\w_user_controls</Filter>
    </ClInclude>
    <ClInclude Include="..\..\..\..\src\wolf.render\wolf.directX\w_gui\w_user_controls\w_element.h">
      <Filter>w_gui\w_user_controls</Filter>
    </ClInclude>
    <ClInclude Include="..\..\..\..\src\wolf.render\wolf.directX\w_graphics\w_direct2D\w_ellipse.h">
      <Filter>w_gui\w_user_controls</Filter>
    </ClInclude>
    <ClInclude Include="..\..\..\..\src\wolf.render\wolf.directX\w_gui\w_user_controls\w_ellipse_shape.h">
      <Filter>w_gui\w_user_controls</Filter>
    </ClInclude>
    <ClInclude Include="..\..\..\..\src\wolf.render\wolf.directX\w_gui\w_gui.h">
      <Filter>w_gui</Filter>
    </ClInclude>
    <ClInclude Include="..\..\..\..\src\wolf.render\wolf.directX\w_gui\w_user_controls\w_image.h">
      <Filter>w_gui\w_user_controls</Filter>
    </ClInclude>
    <ClInclude Include="..\..\..\..\src\wolf.render\wolf.directX\w_gui\w_user_controls\w_label.h">
      <Filter>w_gui\w_user_controls</Filter>
    </ClInclude>
    <ClInclude Include="..\..\..\..\src\wolf.render\wolf.directX\w_gui\w_user_controls\w_line_shape.h">
      <Filter>w_gui\w_user_controls</Filter>
    </ClInclude>
    <ClInclude Include="..\..\..\..\src\wolf.render\wolf.directX\w_gui\w_user_controls\w_list_box.h">
      <Filter>w_gui\w_user_controls</Filter>
    </ClInclude>
    <ClInclude Include="..\..\..\..\src\wolf.render\wolf.directX\w_gui\w_user_controls\w_list_widget.h">
      <Filter>w_gui\w_user_controls</Filter>
    </ClInclude>
    <ClInclude Include="..\..\..\..\src\wolf.render\wolf.directX\w_gui\w_user_controls\w_radio_button.h">
      <Filter>w_gui\w_user_controls</Filter>
    </ClInclude>
    <ClInclude Include="..\..\..\..\src\wolf.render\wolf.directX\w_gui\w_user_controls\w_rounded_rectangle_shape.h">
      <Filter>w_gui\w_user_controls</Filter>
    </ClInclude>
    <ClInclude Include="..\..\..\..\src\wolf.render\wolf.directX\w_gui\w_user_controls\w_scroll_bar.h">
      <Filter>w_gui\w_user_controls</Filter>
    </ClInclude>
    <ClInclude Include="..\..\..\..\src\wolf.render\wolf.directX\w_gui\w_user_controls\w_tree_list.h">
      <Filter>w_gui\w_user_controls</Filter>
    </ClInclude>
    <ClInclude Include="..\..\..\..\src\wolf.render\wolf.directX\w_gui\w_user_controls\w_tab.h">
      <Filter>w_gui\w_user_controls</Filter>
    </ClInclude>
    <ClInclude Include="..\..\..\..\src\wolf.render\wolf.directX\w_gui\w_user_controls\w_slider.h">
      <Filter>w_gui\w_user_controls</Filter>
    </ClInclude>
    <ClInclude Include="..\..\..\..\src\wolf.render\wolf.directX\w_gui\w_user_controls\w_widget.h">
      <Filter>w_gui\w_user_controls</Filter>
    </ClInclude>
    <ClInclude Include="..\..\..\..\src\wolf.render\wolf.directX\w_gui\w_widgets_resource_manager.h">
      <Filter>w_gui</Filter>
    </ClInclude>
    <ClInclude Include="..\..\..\..\src\wolf.render\wolf.directX\w_gui\w_texture_node.h">
      <Filter>w_gui</Filter>
    </ClInclude>
    <ClInclude Include="..\..\..\..\src\wolf.render\wolf.directX\w_gui\w_gui_state.h">
      <Filter>w_gui</Filter>
    </ClInclude>
    <ClInclude Include="..\..\..\..\src\wolf.render\wolf.directX\w_framework\w_monitor.h">
      <Filter>w_framework</Filter>
    </ClInclude>
    <ClInclude Include="..\..\..\..\src\wolf.render\wolf.directX\w_graphics\w_fonts\w_sprite_font.h">
      <Filter>w_graphics\w_fonts</Filter>
    </ClInclude>
    <ClInclude Include="..\..\..\..\src\wolf.render\wolf.directX\w_graphics\w_geometries\w_mesh.h">
      <Filter>w_graphics\w_geometries</Filter>
    </ClInclude>
    <ClInclude Include="..\..\..\..\src\wolf.render\wolf.directX\w_graphics\w_geometries\w_quad.h">
      <Filter>w_graphics\w_geometries</Filter>
    </ClInclude>
    <ClInclude Include="..\..\..\..\src\wolf.render\wolf.directX\w_graphics\w_shaders\w_constant_buffer.h">
      <Filter>w_graphics\w_shaders</Filter>
    </ClInclude>
    <ClInclude Include="..\..\..\..\src\wolf.render\wolf.directX\w_graphics\w_shaders\w_shader.h">
      <Filter>w_graphics\w_shaders</Filter>
    </ClInclude>
    <ClInclude Include="..\..\..\..\src\wolf.render\wolf.directX\w_graphics\w_textures\dds.h">
      <Filter>w_graphics\w_textures</Filter>
    </ClInclude>
    <ClInclude Include="..\..\..\..\src\wolf.render\wolf.directX\w_graphics\w_textures\DDSTextureLoader.h">
      <Filter>w_graphics\w_textures</Filter>
    </ClInclude>
    <ClInclude Include="..\..\..\..\src\wolf.render\wolf.directX\w_graphics\w_textures\ScreenGrab.h">
      <Filter>w_graphics\w_textures</Filter>
    </ClInclude>
    <ClInclude Include="..\..\..\..\src\wolf.render\wolf.directX\w_graphics\w_textures\stb_image.h">
      <Filter>w_graphics\w_textures</Filter>
    </ClInclude>
    <ClInclude Include="..\..\..\..\src\wolf.render\wolf.directX\w_graphics\w_textures\w_render_target_2D.h">
      <Filter>w_graphics\w_textures</Filter>
    </ClInclude>
    <ClInclude Include="..\..\..\..\src\wolf.render\wolf.directX\w_graphics\w_textures\w_texture_2D.h">
      <Filter>w_graphics\w_textures</Filter>
    </ClInclude>
    <ClInclude Include="..\..\..\..\src\wolf.render\wolf.directX\w_graphics\w_sprite_batch.h">
      <Filter>w_graphics</Filter>
    </ClInclude>
    <ClInclude Include="..\..\..\..\src\wolf.render\wolf.directX\w_graphics\w_direct2D\w_geometry.h">
      <Filter>w_graphics\w_direct2D</Filter>
    </ClInclude>
    <ClInclude Include="..\..\..\..\src\wolf.render\wolf.directX\w_graphics\w_direct2D\w_geometry_sink_callback_data.h">
      <Filter>w_graphics\w_direct2D</Filter>
    </ClInclude>
    <ClInclude Include="..\..\..\..\src\wolf.render\wolf.directX\w_graphics\w_direct2D\w_line.h">
      <Filter>w_graphics\w_direct2D</Filter>
    </ClInclude>
    <ClInclude Include="..\..\..\..\src\wolf.render\wolf.directX\w_graphics\w_direct2D\w_rectangle.h">
      <Filter>w_graphics\w_direct2D</Filter>
    </ClInclude>
    <ClInclude Include="..\..\..\..\src\wolf.render\wolf.directX\w_renderable\w_renderable_model.h">
      <Filter>w_renderable</Filter>
    </ClInclude>
    <ClInclude Include="..\..\..\..\src\wolf.render\wolf.directX\w_renderable\w_renderable_scene.h">
      <Filter>w_renderable</Filter>
    </ClInclude>
  </ItemGroup>
  <ItemGroup>
    <FxCompile Include="..\..\..\..\src\wolf.render\wolf.directX\shaders\gui\gui_ps.hlsl">
      <Filter>shaders\gui</Filter>
    </FxCompile>
    <FxCompile Include="..\..\..\..\src\wolf.render\wolf.directX\shaders\gui\gui_ps_no_texture.hlsl">
      <Filter>shaders\gui</Filter>
    </FxCompile>
    <FxCompile Include="..\..\..\..\src\wolf.render\wolf.directX\shaders\gui\gui_vs.hlsl">
      <Filter>shaders\gui</Filter>
    </FxCompile>
    <FxCompile Include="..\..\..\..\src\wolf.render\wolf.directX\shaders\model_ps.hlsl">
      <Filter>shaders</Filter>
    </FxCompile>
    <FxCompile Include="..\..\..\..\src\wolf.render\wolf.directX\shaders\quad_color_ps.hlsl">
      <Filter>shaders</Filter>
    </FxCompile>
    <FxCompile Include="..\..\..\..\src\wolf.render\wolf.directX\shaders\quad_texture_ps.hlsl">
      <Filter>shaders</Filter>
    </FxCompile>
    <FxCompile Include="..\..\..\..\src\wolf.render\wolf.directX\shaders\quad_two_textures_ps.hlsl">
      <Filter>shaders</Filter>
    </FxCompile>
    <FxCompile Include="..\..\..\..\src\wolf.render\wolf.directX\shaders\quad_vs.hlsl">
      <Filter>shaders</Filter>
    </FxCompile>
    <FxCompile Include="..\..\..\..\src\wolf.render\wolf.directX\shaders\static_model_vs.hlsl">
      <Filter>shaders</Filter>
    </FxCompile>
  </ItemGroup>
  <ItemGroup>
    <None Include="..\..\..\..\src\wolf.render\wolf.directX\shaders\gui\parameters.hlsli">
      <Filter>shaders\gui</Filter>
    </None>
    <None Include="..\..\..\..\src\wolf.render\wolf.directX\shaders\model_commons.hlsli">
      <Filter>shaders</Filter>
    </None>
    <None Include="..\..\..\..\src\wolf.render\wolf.directX\shaders\parameters.hlsli">
      <Filter>shaders</Filter>
    </None>
  </ItemGroup>
</Project>