// !$*UTF8*$!
{
	archiveVersion = 1;
	classes = {
	};
	objectVersion = 46;
	objects = {

/* Begin PBXBuildFile section */
		2C4CD3211E8A73470090EE0A /* w_game.cpp in Sources */ = {isa = PBXBuildFile; fileRef = 2C4CD3191E8A73470090EE0A /* w_game.cpp */; };
		2C4CD3221E8A73470090EE0A /* w_game.h in Headers */ = {isa = PBXBuildFile; fileRef = 2C4CD31A1E8A73470090EE0A /* w_game.h */; };
		2C4CD3231E8A73470090EE0A /* w_graphics_device_manager.cpp in Sources */ = {isa = PBXBuildFile; fileRef = 2C4CD31B1E8A73470090EE0A /* w_graphics_device_manager.cpp */; };
		2C4CD3241E8A73470090EE0A /* w_graphics_device_manager.h in Headers */ = {isa = PBXBuildFile; fileRef = 2C4CD31C1E8A73470090EE0A /* w_graphics_device_manager.h */; };
		2C4CD3251E8A73470090EE0A /* w_obj_c_wrapper.mm in Sources */ = {isa = PBXBuildFile; fileRef = 2C4CD31D1E8A73470090EE0A /* w_obj_c_wrapper.mm */; };
		2C4CD3261E8A73470090EE0A /* w_render_export.h in Headers */ = {isa = PBXBuildFile; fileRef = 2C4CD31E1E8A73470090EE0A /* w_render_export.h */; };
		2C4CD3271E8A73470090EE0A /* w_render_pch.cpp in Sources */ = {isa = PBXBuildFile; fileRef = 2C4CD31F1E8A73470090EE0A /* w_render_pch.cpp */; };
		2C4CD3281E8A73470090EE0A /* w_render_pch.h in Headers */ = {isa = PBXBuildFile; fileRef = 2C4CD3201E8A73470090EE0A /* w_render_pch.h */; };
/* End PBXBuildFile section */

/* Begin PBXFileReference section */
		2C4CD2FF1E8A72B60090EE0A /* libwolf.vulkan.iOS.a */ = {isa = PBXFileReference; explicitFileType = archive.ar; includeInIndex = 0; path = libwolf.vulkan.iOS.a; sourceTree = BUILT_PRODUCTS_DIR; };
		2C4CD3191E8A73470090EE0A /* w_game.cpp */ = {isa = PBXFileReference; fileEncoding = 4; lastKnownFileType = sourcecode.cpp.cpp; name = w_game.cpp; path = ../../../src/wolf.render/w_game.cpp; sourceTree = "<group>"; };
		2C4CD31A1E8A73470090EE0A /* w_game.h */ = {isa = PBXFileReference; fileEncoding = 4; lastKnownFileType = sourcecode.c.h; name = w_game.h; path = ../../../src/wolf.render/w_game.h; sourceTree = "<group>"; };
		2C4CD31B1E8A73470090EE0A /* w_graphics_device_manager.cpp */ = {isa = PBXFileReference; fileEncoding = 4; lastKnownFileType = sourcecode.cpp.cpp; name = w_graphics_device_manager.cpp; path = ../../../src/wolf.render/w_graphics_device_manager.cpp; sourceTree = "<group>"; };
		2C4CD31C1E8A73470090EE0A /* w_graphics_device_manager.h */ = {isa = PBXFileReference; fileEncoding = 4; lastKnownFileType = sourcecode.c.h; name = w_graphics_device_manager.h; path = ../../../src/wolf.render/w_graphics_device_manager.h; sourceTree = "<group>"; };
		2C4CD31D1E8A73470090EE0A /* w_obj_c_wrapper.mm */ = {isa = PBXFileReference; fileEncoding = 4; lastKnownFileType = sourcecode.cpp.objcpp; name = w_obj_c_wrapper.mm; path = ../../../src/wolf.render/w_obj_c_wrapper.mm; sourceTree = "<group>"; };
		2C4CD31E1E8A73470090EE0A /* w_render_export.h */ = {isa = PBXFileReference; fileEncoding = 4; lastKnownFileType = sourcecode.c.h; name = w_render_export.h; path = ../../../src/wolf.render/w_render_export.h; sourceTree = "<group>"; };
		2C4CD31F1E8A73470090EE0A /* w_render_pch.cpp */ = {isa = PBXFileReference; fileEncoding = 4; lastKnownFileType = sourcecode.cpp.cpp; name = w_render_pch.cpp; path = ../../../src/wolf.render/w_render_pch.cpp; sourceTree = "<group>"; };
		2C4CD3201E8A73470090EE0A /* w_render_pch.h */ = {isa = PBXFileReference; fileEncoding = 4; lastKnownFileType = sourcecode.c.h; name = w_render_pch.h; path = ../../../src/wolf.render/w_render_pch.h; sourceTree = "<group>"; };
/* End PBXFileReference section */

/* Begin PBXFrameworksBuildPhase section */
		2C4CD2FC1E8A72B60090EE0A /* Frameworks */ = {
			isa = PBXFrameworksBuildPhase;
			buildActionMask = 2147483647;
			files = (
			);
			runOnlyForDeploymentPostprocessing = 0;
		};
/* End PBXFrameworksBuildPhase section */

/* Begin PBXGroup section */
		2C4CD2F61E8A72B60090EE0A = {
			isa = PBXGroup;
			children = (
				2C4CD3191E8A73470090EE0A /* w_game.cpp */,
				2C4CD31A1E8A73470090EE0A /* w_game.h */,
				2C4CD31B1E8A73470090EE0A /* w_graphics_device_manager.cpp */,
				2C4CD31C1E8A73470090EE0A /* w_graphics_device_manager.h */,
				2C4CD31D1E8A73470090EE0A /* w_obj_c_wrapper.mm */,
				2C4CD31E1E8A73470090EE0A /* w_render_export.h */,
				2C4CD31F1E8A73470090EE0A /* w_render_pch.cpp */,
				2C4CD3201E8A73470090EE0A /* w_render_pch.h */,
				2C4CD3001E8A72B60090EE0A /* Products */,
			);
			sourceTree = "<group>";
		};
		2C4CD3001E8A72B60090EE0A /* Products */ = {
			isa = PBXGroup;
			children = (
				2C4CD2FF1E8A72B60090EE0A /* libwolf.vulkan.iOS.a */,
			);
			name = Products;
			sourceTree = "<group>";
		};
/* End PBXGroup section */

/* Begin PBXHeadersBuildPhase section */
		2C4CD2FD1E8A72B60090EE0A /* Headers */ = {
			isa = PBXHeadersBuildPhase;
			buildActionMask = 2147483647;
			files = (
				2C4CD3281E8A73470090EE0A /* w_render_pch.h in Headers */,
				2C4CD3221E8A73470090EE0A /* w_game.h in Headers */,
				2C4CD3261E8A73470090EE0A /* w_render_export.h in Headers */,
				2C4CD3241E8A73470090EE0A /* w_graphics_device_manager.h in Headers */,
			);
			runOnlyForDeploymentPostprocessing = 0;
		};
/* End PBXHeadersBuildPhase section */

/* Begin PBXNativeTarget section */
		2C4CD2FE1E8A72B60090EE0A /* wolf.vulkan.iOS */ = {
			isa = PBXNativeTarget;
			buildConfigurationList = 2C4CD30A1E8A72B60090EE0A /* Build configuration list for PBXNativeTarget "wolf.vulkan.iOS" */;
			buildPhases = (
				2C4CD2FB1E8A72B60090EE0A /* Sources */,
				2C4CD2FC1E8A72B60090EE0A /* Frameworks */,
				2C4CD2FD1E8A72B60090EE0A /* Headers */,
			);
			buildRules = (
			);
			dependencies = (
			);
			name = wolf.vulkan.iOS;
			productName = wolf.vulkan.iOS;
			productReference = 2C4CD2FF1E8A72B60090EE0A /* libwolf.vulkan.iOS.a */;
			productType = "com.apple.product-type.library.static";
		};
/* End PBXNativeTarget section */

/* Begin PBXProject section */
		2C4CD2F71E8A72B60090EE0A /* Project object */ = {
			isa = PBXProject;
			attributes = {
				LastUpgradeCheck = 0830;
				ORGANIZATIONNAME = WolfSource.io;
				TargetAttributes = {
					2C4CD2FE1E8A72B60090EE0A = {
						CreatedOnToolsVersion = 8.3;
						DevelopmentTeam = J2WEUYPJ98;
						ProvisioningStyle = Automatic;
					};
				};
			};
			buildConfigurationList = 2C4CD2FA1E8A72B60090EE0A /* Build configuration list for PBXProject "wolf.vulkan.iOS" */;
			compatibilityVersion = "Xcode 3.2";
			developmentRegion = English;
			hasScannedForEncodings = 0;
			knownRegions = (
				en,
			);
			mainGroup = 2C4CD2F61E8A72B60090EE0A;
			productRefGroup = 2C4CD3001E8A72B60090EE0A /* Products */;
			projectDirPath = "";
			projectRoot = "";
			targets = (
				2C4CD2FE1E8A72B60090EE0A /* wolf.vulkan.iOS */,
			);
		};
/* End PBXProject section */

/* Begin PBXSourcesBuildPhase section */
		2C4CD2FB1E8A72B60090EE0A /* Sources */ = {
			isa = PBXSourcesBuildPhase;
			buildActionMask = 2147483647;
			files = (
				2C4CD3251E8A73470090EE0A /* w_obj_c_wrapper.mm in Sources */,
				2C4CD3271E8A73470090EE0A /* w_render_pch.cpp in Sources */,
				2C4CD3231E8A73470090EE0A /* w_graphics_device_manager.cpp in Sources */,
				2C4CD3211E8A73470090EE0A /* w_game.cpp in Sources */,
			);
			runOnlyForDeploymentPostprocessing = 0;
		};
/* End PBXSourcesBuildPhase section */

/* Begin XCBuildConfiguration section */
		2C4CD3081E8A72B60090EE0A /* Debug */ = {
			isa = XCBuildConfiguration;
			buildSettings = {
				ALWAYS_SEARCH_USER_PATHS = NO;
				CLANG_ANALYZER_NONNULL = YES;
				CLANG_ANALYZER_NUMBER_OBJECT_CONVERSION = YES_AGGRESSIVE;
				CLANG_CXX_LANGUAGE_STANDARD = "gnu++0x";
				CLANG_CXX_LIBRARY = "libc++";
				CLANG_ENABLE_MODULES = YES;
				CLANG_ENABLE_OBJC_ARC = YES;
				CLANG_WARN_BOOL_CONVERSION = YES;
				CLANG_WARN_CONSTANT_CONVERSION = YES;
				CLANG_WARN_DIRECT_OBJC_ISA_USAGE = YES_ERROR;
				CLANG_WARN_DOCUMENTATION_COMMENTS = YES;
				CLANG_WARN_EMPTY_BODY = YES;
				CLANG_WARN_ENUM_CONVERSION = YES;
				CLANG_WARN_INFINITE_RECURSION = YES;
				CLANG_WARN_INT_CONVERSION = YES;
				CLANG_WARN_OBJC_ROOT_CLASS = YES_ERROR;
				CLANG_WARN_SUSPICIOUS_MOVE = YES;
				CLANG_WARN_UNREACHABLE_CODE = YES;
				CLANG_WARN__DUPLICATE_METHOD_MATCH = YES;
				CODE_SIGN_IDENTITY = "-";
				COPY_PHASE_STRIP = NO;
				DEBUG_INFORMATION_FORMAT = dwarf;
				ENABLE_STRICT_OBJC_MSGSEND = YES;
				ENABLE_TESTABILITY = YES;
				FRAMEWORK_SEARCH_PATHS = "$(SRCROOT)/../../../dependencies/vulkan/Mac/Molten/MoltenVK/iOS";
				GCC_C_LANGUAGE_STANDARD = gnu99;
				GCC_DYNAMIC_NO_PIC = NO;
				GCC_NO_COMMON_BLOCKS = YES;
				GCC_OPTIMIZATION_LEVEL = 0;
				GCC_PRECOMPILE_PREFIX_HEADER = YES;
				GCC_PREFIX_HEADER = "$(SRCROOT)/../../../src/wolf.render/w_render_pch.h";
				GCC_PREPROCESSOR_DEFINITIONS = (
					"$(inherited)",
					"DEBUG=1",
					"__VULKAN__=1",
					"__iOS__=1",
				);
				GCC_WARN_64_TO_32_BIT_CONVERSION = YES;
				GCC_WARN_ABOUT_RETURN_TYPE = YES_ERROR;
				GCC_WARN_UNDECLARED_SELECTOR = YES;
				GCC_WARN_UNINITIALIZED_AUTOS = YES_AGGRESSIVE;
				GCC_WARN_UNUSED_FUNCTION = YES;
				GCC_WARN_UNUSED_VARIABLE = YES;
				HEADER_SEARCH_PATHS = (
					"$(SRCROOT)/../../../dependencies/vulkan/Mac/Molten/MoltenVK/include",
					"$(SRCROOT)/../../../src/wolf.system",
					"$(SRCROOT)/../../../dependencies/glm/",
					"$(SRCROOT)/../../../dependencies/rapidxml/",
				);
				MACOSX_DEPLOYMENT_TARGET = 10.12;
				MTL_ENABLE_DEBUG_INFO = YES;
				ONLY_ACTIVE_ARCH = YES;
				SDKROOT = iphoneos;
			};
			name = Debug;
		};
		2C4CD3091E8A72B60090EE0A /* Release */ = {
			isa = XCBuildConfiguration;
			buildSettings = {
				ALWAYS_SEARCH_USER_PATHS = NO;
				CLANG_ANALYZER_NONNULL = YES;
				CLANG_ANALYZER_NUMBER_OBJECT_CONVERSION = YES_AGGRESSIVE;
				CLANG_CXX_LANGUAGE_STANDARD = "gnu++0x";
				CLANG_CXX_LIBRARY = "libc++";
				CLANG_ENABLE_MODULES = YES;
				CLANG_ENABLE_OBJC_ARC = YES;
				CLANG_WARN_BOOL_CONVERSION = YES;
				CLANG_WARN_CONSTANT_CONVERSION = YES;
				CLANG_WARN_DIRECT_OBJC_ISA_USAGE = YES_ERROR;
				CLANG_WARN_DOCUMENTATION_COMMENTS = YES;
				CLANG_WARN_EMPTY_BODY = YES;
				CLANG_WARN_ENUM_CONVERSION = YES;
				CLANG_WARN_INFINITE_RECURSION = YES;
				CLANG_WARN_INT_CONVERSION = YES;
				CLANG_WARN_OBJC_ROOT_CLASS = YES_ERROR;
				CLANG_WARN_SUSPICIOUS_MOVE = YES;
				CLANG_WARN_UNREACHABLE_CODE = YES;
				CLANG_WARN__DUPLICATE_METHOD_MATCH = YES;
				CODE_SIGN_IDENTITY = "-";
				COPY_PHASE_STRIP = NO;
				DEBUG_INFORMATION_FORMAT = "dwarf-with-dsym";
				ENABLE_NS_ASSERTIONS = NO;
				ENABLE_STRICT_OBJC_MSGSEND = YES;
				FRAMEWORK_SEARCH_PATHS = "$(SRCROOT)/../../../dependencies/vulkan/Mac/Molten/MoltenVK/iOS";
				GCC_C_LANGUAGE_STANDARD = gnu99;
				GCC_NO_COMMON_BLOCKS = YES;
				GCC_PRECOMPILE_PREFIX_HEADER = YES;
				GCC_PREFIX_HEADER = "$(SRCROOT)/../../../src/wolf.render/w_render_pch.h";
				GCC_PREPROCESSOR_DEFINITIONS = (
					"__VULKAN__=1",
					"__iOS__=1",
				);
				GCC_WARN_64_TO_32_BIT_CONVERSION = YES;
				GCC_WARN_ABOUT_RETURN_TYPE = YES_ERROR;
				GCC_WARN_UNDECLARED_SELECTOR = YES;
				GCC_WARN_UNINITIALIZED_AUTOS = YES_AGGRESSIVE;
				GCC_WARN_UNUSED_FUNCTION = YES;
				GCC_WARN_UNUSED_VARIABLE = YES;
				HEADER_SEARCH_PATHS = (
					"$(SRCROOT)/../../../dependencies/vulkan/Mac/Molten/MoltenVK/include",
					"$(SRCROOT)/../../../src/wolf.system",
					"$(SRCROOT)/../../../dependencies/glm/",
					"$(SRCROOT)/../../../dependencies/rapidxml/",
				);
				MACOSX_DEPLOYMENT_TARGET = 10.12;
				MTL_ENABLE_DEBUG_INFO = NO;
				SDKROOT = iphoneos;
			};
			name = Release;
		};
		2C4CD30B1E8A72B60090EE0A /* Debug */ = {
			isa = XCBuildConfiguration;
			buildSettings = {
				DEVELOPMENT_TEAM = J2WEUYPJ98;
				EXECUTABLE_PREFIX = lib;
				GCC_ENABLE_CPP_EXCEPTIONS = YES;
				GCC_ENABLE_CPP_RTTI = YES;
				GCC_PRECOMPILE_PREFIX_HEADER = YES;
				PRODUCT_NAME = "$(TARGET_NAME)";
			};
			name = Debug;
		};
		2C4CD30C1E8A72B60090EE0A /* Release */ = {
			isa = XCBuildConfiguration;
			buildSettings = {
				DEVELOPMENT_TEAM = J2WEUYPJ98;
				EXECUTABLE_PREFIX = lib;
				GCC_ENABLE_CPP_EXCEPTIONS = YES;
				GCC_ENABLE_CPP_RTTI = YES;
				GCC_PRECOMPILE_PREFIX_HEADER = YES;
				PRODUCT_NAME = "$(TARGET_NAME)";
			};
			name = Release;
		};
/* End XCBuildConfiguration section */

/* Begin XCConfigurationList section */
		2C4CD2FA1E8A72B60090EE0A /* Build configuration list for PBXProject "wolf.vulkan.iOS" */ = {
			isa = XCConfigurationList;
			buildConfigurations = (
				2C4CD3081E8A72B60090EE0A /* Debug */,
				2C4CD3091E8A72B60090EE0A /* Release */,
			);
			defaultConfigurationIsVisible = 0;
			defaultConfigurationName = Release;
		};
		2C4CD30A1E8A72B60090EE0A /* Build configuration list for PBXNativeTarget "wolf.vulkan.iOS" */ = {
			isa = XCConfigurationList;
			buildConfigurations = (
				2C4CD30B1E8A72B60090EE0A /* Debug */,
				2C4CD30C1E8A72B60090EE0A /* Release */,
			);
			defaultConfigurationIsVisible = 0;
			defaultConfigurationName = Release;
		};
/* End XCConfigurationList section */
	};
	rootObject = 2C4CD2F71E8A72B60090EE0A /* Project object */;
}
